// !$*UTF8*$!
{
	archiveVersion = 1;
	classes = {
	};
	objectVersion = 45;
	objects = {

/* Begin PBXBuildFile section */
		1D3623260D0F684500981E51 /* MixareAppDelegate.m in Sources */ = {isa = PBXBuildFile; fileRef = 1D3623250D0F684500981E51 /* MixareAppDelegate.m */; };
		1D60589B0D05DD56006BFB54 /* main.m in Sources */ = {isa = PBXBuildFile; fileRef = 29B97316FDCFA39411CA2CEA /* main.m */; };
		1D60589F0D05DD5A006BFB54 /* Foundation.framework in Frameworks */ = {isa = PBXBuildFile; fileRef = 1D30AB110D05D00D00671497 /* Foundation.framework */; };
		1DF5F4E00D08C38300B7A737 /* UIKit.framework in Frameworks */ = {isa = PBXBuildFile; fileRef = 1DF5F4DF0D08C38300B7A737 /* UIKit.framework */; };
		2840D7CE1179279E00D7F93C /* FirstView.xib in Resources */ = {isa = PBXBuildFile; fileRef = 2840D7CD1179279E00D7F93C /* FirstView.xib */; };
		288765080DF74369002DB57D /* CoreGraphics.framework in Frameworks */ = {isa = PBXBuildFile; fileRef = 288765070DF74369002DB57D /* CoreGraphics.framework */; };
		28AD73880D9D96C1002E5188 /* MainWindow.xib in Resources */ = {isa = PBXBuildFile; fileRef = 28AD73870D9D96C1002E5188 /* MainWindow.xib */; };
		3601BFD31275D10F00B01A06 /* Marker.m in Sources */ = {isa = PBXBuildFile; fileRef = 3601BFD21275D10F00B01A06 /* Marker.m */; };
		360E7EDA1283FB930061C67C /* ListViewController.m in Sources */ = {isa = PBXBuildFile; fileRef = 360E7ED91283FB930061C67C /* ListViewController.m */; };
		361F4594127AAC8500F6C521 /* MarkerObject.m in Sources */ = {isa = PBXBuildFile; fileRef = 361F4593127AAC8500F6C521 /* MarkerObject.m */; };
		36214718127FD11D00E2C4CE /* NSObject+SBJSON.m in Sources */ = {isa = PBXBuildFile; fileRef = 3621470F127FD11D00E2C4CE /* NSObject+SBJSON.m */; };
		36214719127FD11D00E2C4CE /* NSString+SBJSON.m in Sources */ = {isa = PBXBuildFile; fileRef = 36214711127FD11D00E2C4CE /* NSString+SBJSON.m */; };
		3621471A127FD11D00E2C4CE /* SBJsonBase.m in Sources */ = {isa = PBXBuildFile; fileRef = 36214713127FD11D00E2C4CE /* SBJsonBase.m */; };
		3621471B127FD11D00E2C4CE /* SBJsonParser.m in Sources */ = {isa = PBXBuildFile; fileRef = 36214715127FD11D00E2C4CE /* SBJsonParser.m */; };
		3621471C127FD11D00E2C4CE /* SBJsonWriter.m in Sources */ = {isa = PBXBuildFile; fileRef = 36214717127FD11D00E2C4CE /* SBJsonWriter.m */; };
		3621471F127FF0C200E2C4CE /* twitter_logo.png in Resources */ = {isa = PBXBuildFile; fileRef = 3621471D127FF0C200E2C4CE /* twitter_logo.png */; };
		36214720127FF0C200E2C4CE /* wikipedia_logo.png in Resources */ = {isa = PBXBuildFile; fileRef = 3621471E127FF0C200E2C4CE /* wikipedia_logo.png */; };
		36214723127FF0EC00E2C4CE /* SourceViewController.m in Sources */ = {isa = PBXBuildFile; fileRef = 36214722127FF0EB00E2C4CE /* SourceViewController.m */; };
		3626B93B12840B1600B52201 /* SourceCell.xib in Resources */ = {isa = PBXBuildFile; fileRef = 3626B93A12840B1600B52201 /* SourceCell.xib */; };
		3626B93E12840F7800B52201 /* SourceTableCell.m in Sources */ = {isa = PBXBuildFile; fileRef = 3626B93D12840F7800B52201 /* SourceTableCell.m */; };
		3626B9401284170100B52201 /* buzz_logo.png in Resources */ = {isa = PBXBuildFile; fileRef = 3626B93F1284170100B52201 /* buzz_logo.png */; };
		363F69DF1275B8E500D7B002 /* CamViewController.m in Sources */ = {isa = PBXBuildFile; fileRef = 363F69DE1275B8E200D7B002 /* CamViewController.m */; };
		36521013128015C0009F5862 /* MapViewController.m in Sources */ = {isa = PBXBuildFile; fileRef = 36521012128015C0009F5862 /* MapViewController.m */; };
		366C8CF11271721F0082CB57 /* MixVector.m in Sources */ = {isa = PBXBuildFile; fileRef = 366C8CF01271721F0082CB57 /* MixVector.m */; };
		366C8CF4127173C70082CB57 /* Matrix.m in Sources */ = {isa = PBXBuildFile; fileRef = 366C8CF3127173C70082CB57 /* Matrix.m */; };
		366C8CF7127173CE0082CB57 /* Camera.m in Sources */ = {isa = PBXBuildFile; fileRef = 366C8CF6127173CE0082CB57 /* Camera.m */; };
		367ADBAE1280598900324124 /* CoreMotion.framework in Frameworks */ = {isa = PBXBuildFile; fileRef = 367ADBAD1280598900324124 /* CoreMotion.framework */; };
		36803991127583E300D62D31 /* Circle.m in Sources */ = {isa = PBXBuildFile; fileRef = 36803990127583E300D62D31 /* Circle.m */; };
		3685BA2C1275653F005FF922 /* CoreLocation.framework in Frameworks */ = {isa = PBXBuildFile; fileRef = 3685BA2B1275653F005FF922 /* CoreLocation.framework */; };
		3685BA2E12756566005FF922 /* MapKit.framework in Frameworks */ = {isa = PBXBuildFile; fileRef = 3685BA2D12756566005FF922 /* MapKit.framework */; };
		36862F251276D75D005E03AE /* MixUtils.m in Sources */ = {isa = PBXBuildFile; fileRef = 36862F241276D75D005E03AE /* MixUtils.m */; };
		36A83E61125B0AB200D0D53D /* 103-map.png in Resources */ = {isa = PBXBuildFile; fileRef = 36A83E60125B0AB200D0D53D /* 103-map.png */; };
		36A83E63125B0AC500D0D53D /* 86-camera.png in Resources */ = {isa = PBXBuildFile; fileRef = 36A83E62125B0AC500D0D53D /* 86-camera.png */; };
		36A83E67125B0E9700D0D53D /* source.png in Resources */ = {isa = PBXBuildFile; fileRef = 36A83E66125B0E9700D0D53D /* source.png */; };
		36E89ACF125E254700F154C9 /* icon_datasource.png in Resources */ = {isa = PBXBuildFile; fileRef = 36E89AC9125E254700F154C9 /* icon_datasource.png */; };
		36E89AD0125E254700F154C9 /* icon_edit.png in Resources */ = {isa = PBXBuildFile; fileRef = 36E89ACA125E254700F154C9 /* icon_edit.png */; };
		36E89AD1125E254700F154C9 /* icon_map.png in Resources */ = {isa = PBXBuildFile; fileRef = 36E89ACB125E254700F154C9 /* icon_map.png */; };
		36E89AD2125E254700F154C9 /* icon_white.png in Resources */ = {isa = PBXBuildFile; fileRef = 36E89ACC125E254700F154C9 /* icon_white.png */; };
		36E89AD3125E254700F154C9 /* icon_white1.png in Resources */ = {isa = PBXBuildFile; fileRef = 36E89ACD125E254700F154C9 /* icon_white1.png */; };
		36E89AD4125E254700F154C9 /* logo.png in Resources */ = {isa = PBXBuildFile; fileRef = 36E89ACE125E254700F154C9 /* logo.png */; };
		36EDFEB21276161F009375A0 /* ScreenLine.m in Sources */ = {isa = PBXBuildFile; fileRef = 36EDFEB11276161F009375A0 /* ScreenLine.m */; };
		36FBD05512705F2900705201 /* PhysicalPlace.m in Sources */ = {isa = PBXBuildFile; fileRef = 36FBD05412705F2900705201 /* PhysicalPlace.m */; };
		36FBD05812705F3900705201 /* DataHandler.m in Sources */ = {isa = PBXBuildFile; fileRef = 36FBD05712705F3900705201 /* DataHandler.m */; };
		36FBD05B12705F4000705201 /* XMLHandler.m in Sources */ = {isa = PBXBuildFile; fileRef = 36FBD05A12705F4000705201 /* XMLHandler.m */; };
		36FBD05E12705F4D00705201 /* JsonHandler.m in Sources */ = {isa = PBXBuildFile; fileRef = 36FBD05D12705F4D00705201 /* JsonHandler.m */; };
/* End PBXBuildFile section */

/* Begin PBXFileReference section */
		1D30AB110D05D00D00671497 /* Foundation.framework */ = {isa = PBXFileReference; lastKnownFileType = wrapper.framework; name = Foundation.framework; path = System/Library/Frameworks/Foundation.framework; sourceTree = SDKROOT; };
		1D3623240D0F684500981E51 /* MixareAppDelegate.h */ = {isa = PBXFileReference; fileEncoding = 4; lastKnownFileType = sourcecode.c.h; path = MixareAppDelegate.h; sourceTree = "<group>"; };
		1D3623250D0F684500981E51 /* MixareAppDelegate.m */ = {isa = PBXFileReference; fileEncoding = 4; lastKnownFileType = sourcecode.c.objc; path = MixareAppDelegate.m; sourceTree = "<group>"; };
		1D6058910D05DD3D006BFB54 /* Mixare.app */ = {isa = PBXFileReference; explicitFileType = wrapper.application; includeInIndex = 0; path = Mixare.app; sourceTree = BUILT_PRODUCTS_DIR; };
		1DF5F4DF0D08C38300B7A737 /* UIKit.framework */ = {isa = PBXFileReference; lastKnownFileType = wrapper.framework; name = UIKit.framework; path = System/Library/Frameworks/UIKit.framework; sourceTree = SDKROOT; };
		2840D7CD1179279E00D7F93C /* FirstView.xib */ = {isa = PBXFileReference; lastKnownFileType = file.xib; path = FirstView.xib; sourceTree = "<group>"; };
		288765070DF74369002DB57D /* CoreGraphics.framework */ = {isa = PBXFileReference; lastKnownFileType = wrapper.framework; name = CoreGraphics.framework; path = System/Library/Frameworks/CoreGraphics.framework; sourceTree = SDKROOT; };
		28A0AB4B0D9B1048005BE974 /* Mixare_Prefix.pch */ = {isa = PBXFileReference; fileEncoding = 4; lastKnownFileType = sourcecode.c.h; path = Mixare_Prefix.pch; sourceTree = "<group>"; };
		28AD73870D9D96C1002E5188 /* MainWindow.xib */ = {isa = PBXFileReference; lastKnownFileType = file.xib; path = MainWindow.xib; sourceTree = "<group>"; };
		29B97316FDCFA39411CA2CEA /* main.m */ = {isa = PBXFileReference; fileEncoding = 4; lastKnownFileType = sourcecode.c.objc; path = main.m; sourceTree = "<group>"; };
		3601BFD11275D10F00B01A06 /* Marker.h */ = {isa = PBXFileReference; fileEncoding = 4; lastKnownFileType = sourcecode.c.h; path = Marker.h; sourceTree = "<group>"; };
		3601BFD21275D10F00B01A06 /* Marker.m */ = {isa = PBXFileReference; fileEncoding = 4; lastKnownFileType = sourcecode.c.objc; path = Marker.m; sourceTree = "<group>"; };
		360E7ED81283FB930061C67C /* ListViewController.h */ = {isa = PBXFileReference; fileEncoding = 4; lastKnownFileType = sourcecode.c.h; path = ListViewController.h; sourceTree = "<group>"; };
		360E7ED91283FB930061C67C /* ListViewController.m */ = {isa = PBXFileReference; fileEncoding = 4; lastKnownFileType = sourcecode.c.objc; path = ListViewController.m; sourceTree = "<group>"; };
		361F4592127AAC8500F6C521 /* MarkerObject.h */ = {isa = PBXFileReference; fileEncoding = 4; lastKnownFileType = sourcecode.c.h; path = MarkerObject.h; sourceTree = "<group>"; };
		361F4593127AAC8500F6C521 /* MarkerObject.m */ = {isa = PBXFileReference; fileEncoding = 4; lastKnownFileType = sourcecode.c.objc; path = MarkerObject.m; sourceTree = "<group>"; };
		3621470D127FD11D00E2C4CE /* JSON.h */ = {isa = PBXFileReference; fileEncoding = 4; lastKnownFileType = sourcecode.c.h; path = JSON.h; sourceTree = "<group>"; };
		3621470E127FD11D00E2C4CE /* NSObject+SBJSON.h */ = {isa = PBXFileReference; fileEncoding = 4; lastKnownFileType = sourcecode.c.h; path = "NSObject+SBJSON.h"; sourceTree = "<group>"; };
		3621470F127FD11D00E2C4CE /* NSObject+SBJSON.m */ = {isa = PBXFileReference; fileEncoding = 4; lastKnownFileType = sourcecode.c.objc; path = "NSObject+SBJSON.m"; sourceTree = "<group>"; };
		36214710127FD11D00E2C4CE /* NSString+SBJSON.h */ = {isa = PBXFileReference; fileEncoding = 4; lastKnownFileType = sourcecode.c.h; path = "NSString+SBJSON.h"; sourceTree = "<group>"; };
		36214711127FD11D00E2C4CE /* NSString+SBJSON.m */ = {isa = PBXFileReference; fileEncoding = 4; lastKnownFileType = sourcecode.c.objc; path = "NSString+SBJSON.m"; sourceTree = "<group>"; };
		36214712127FD11D00E2C4CE /* SBJsonBase.h */ = {isa = PBXFileReference; fileEncoding = 4; lastKnownFileType = sourcecode.c.h; path = SBJsonBase.h; sourceTree = "<group>"; };
		36214713127FD11D00E2C4CE /* SBJsonBase.m */ = {isa = PBXFileReference; fileEncoding = 4; lastKnownFileType = sourcecode.c.objc; path = SBJsonBase.m; sourceTree = "<group>"; };
		36214714127FD11D00E2C4CE /* SBJsonParser.h */ = {isa = PBXFileReference; fileEncoding = 4; lastKnownFileType = sourcecode.c.h; path = SBJsonParser.h; sourceTree = "<group>"; };
		36214715127FD11D00E2C4CE /* SBJsonParser.m */ = {isa = PBXFileReference; fileEncoding = 4; lastKnownFileType = sourcecode.c.objc; path = SBJsonParser.m; sourceTree = "<group>"; };
		36214716127FD11D00E2C4CE /* SBJsonWriter.h */ = {isa = PBXFileReference; fileEncoding = 4; lastKnownFileType = sourcecode.c.h; path = SBJsonWriter.h; sourceTree = "<group>"; };
		36214717127FD11D00E2C4CE /* SBJsonWriter.m */ = {isa = PBXFileReference; fileEncoding = 4; lastKnownFileType = sourcecode.c.objc; path = SBJsonWriter.m; sourceTree = "<group>"; };
		3621471D127FF0C200E2C4CE /* twitter_logo.png */ = {isa = PBXFileReference; lastKnownFileType = image.png; path = twitter_logo.png; sourceTree = "<group>"; };
		3621471E127FF0C200E2C4CE /* wikipedia_logo.png */ = {isa = PBXFileReference; lastKnownFileType = image.png; path = wikipedia_logo.png; sourceTree = "<group>"; };
		36214721127FF0EB00E2C4CE /* SourceViewController.h */ = {isa = PBXFileReference; fileEncoding = 4; lastKnownFileType = sourcecode.c.h; path = SourceViewController.h; sourceTree = "<group>"; };
		36214722127FF0EB00E2C4CE /* SourceViewController.m */ = {isa = PBXFileReference; fileEncoding = 4; lastKnownFileType = sourcecode.c.objc; path = SourceViewController.m; sourceTree = "<group>"; };
		3626B93A12840B1600B52201 /* SourceCell.xib */ = {isa = PBXFileReference; fileEncoding = 4; lastKnownFileType = file.xib; path = SourceCell.xib; sourceTree = "<group>"; };
		3626B93C12840F7800B52201 /* SourceTableCell.h */ = {isa = PBXFileReference; fileEncoding = 4; lastKnownFileType = sourcecode.c.h; path = SourceTableCell.h; sourceTree = "<group>"; };
		3626B93D12840F7800B52201 /* SourceTableCell.m */ = {isa = PBXFileReference; fileEncoding = 4; lastKnownFileType = sourcecode.c.objc; path = SourceTableCell.m; sourceTree = "<group>"; };
		3626B93F1284170100B52201 /* buzz_logo.png */ = {isa = PBXFileReference; lastKnownFileType = image.png; path = buzz_logo.png; sourceTree = "<group>"; };
		363F69DD1275B8E100D7B002 /* CamViewController.h */ = {isa = PBXFileReference; fileEncoding = 4; lastKnownFileType = sourcecode.c.h; path = CamViewController.h; sourceTree = "<group>"; };
		363F69DE1275B8E200D7B002 /* CamViewController.m */ = {isa = PBXFileReference; fileEncoding = 4; lastKnownFileType = sourcecode.c.objc; path = CamViewController.m; sourceTree = "<group>"; };
		36521011128015C0009F5862 /* MapViewController.h */ = {isa = PBXFileReference; fileEncoding = 4; lastKnownFileType = sourcecode.c.h; path = MapViewController.h; sourceTree = "<group>"; };
		36521012128015C0009F5862 /* MapViewController.m */ = {isa = PBXFileReference; fileEncoding = 4; lastKnownFileType = sourcecode.c.objc; path = MapViewController.m; sourceTree = "<group>"; };
		366C8CEF1271721F0082CB57 /* MixVector.h */ = {isa = PBXFileReference; fileEncoding = 4; lastKnownFileType = sourcecode.c.h; path = MixVector.h; sourceTree = "<group>"; };
		366C8CF01271721F0082CB57 /* MixVector.m */ = {isa = PBXFileReference; fileEncoding = 4; lastKnownFileType = sourcecode.c.objc; path = MixVector.m; sourceTree = "<group>"; };
		366C8CF2127173C70082CB57 /* Matrix.h */ = {isa = PBXFileReference; fileEncoding = 4; lastKnownFileType = sourcecode.c.h; path = Matrix.h; sourceTree = "<group>"; };
		366C8CF3127173C70082CB57 /* Matrix.m */ = {isa = PBXFileReference; fileEncoding = 4; lastKnownFileType = sourcecode.c.objc; path = Matrix.m; sourceTree = "<group>"; };
		366C8CF5127173CE0082CB57 /* Camera.h */ = {isa = PBXFileReference; fileEncoding = 4; lastKnownFileType = sourcecode.c.h; path = Camera.h; sourceTree = "<group>"; };
		366C8CF6127173CE0082CB57 /* Camera.m */ = {isa = PBXFileReference; fileEncoding = 4; lastKnownFileType = sourcecode.c.objc; path = Camera.m; sourceTree = "<group>"; };
		367ADBAD1280598900324124 /* CoreMotion.framework */ = {isa = PBXFileReference; lastKnownFileType = wrapper.framework; name = CoreMotion.framework; path = Xcode4/Platforms/iPhoneOS.platform/Developer/SDKs/iPhoneOS4.1.sdk/System/Library/Frameworks/CoreMotion.framework; sourceTree = SDKROOT; };
		3680398F127583E200D62D31 /* Circle.h */ = {isa = PBXFileReference; fileEncoding = 4; lastKnownFileType = sourcecode.c.h; path = Circle.h; sourceTree = "<group>"; };
		36803990127583E300D62D31 /* Circle.m */ = {isa = PBXFileReference; fileEncoding = 4; lastKnownFileType = sourcecode.c.objc; path = Circle.m; sourceTree = "<group>"; };
		3685BA2B1275653F005FF922 /* CoreLocation.framework */ = {isa = PBXFileReference; lastKnownFileType = wrapper.framework; name = CoreLocation.framework; path = System/Library/Frameworks/CoreLocation.framework; sourceTree = SDKROOT; };
		3685BA2D12756566005FF922 /* MapKit.framework */ = {isa = PBXFileReference; lastKnownFileType = wrapper.framework; name = MapKit.framework; path = System/Library/Frameworks/MapKit.framework; sourceTree = SDKROOT; };
		36862F231276D75D005E03AE /* MixUtils.h */ = {isa = PBXFileReference; fileEncoding = 4; lastKnownFileType = sourcecode.c.h; path = MixUtils.h; sourceTree = "<group>"; };
		36862F241276D75D005E03AE /* MixUtils.m */ = {isa = PBXFileReference; fileEncoding = 4; lastKnownFileType = sourcecode.c.objc; path = MixUtils.m; sourceTree = "<group>"; };
		36A83E60125B0AB200D0D53D /* 103-map.png */ = {isa = PBXFileReference; lastKnownFileType = image.png; path = "103-map.png"; sourceTree = "<group>"; };
		36A83E62125B0AC500D0D53D /* 86-camera.png */ = {isa = PBXFileReference; lastKnownFileType = image.png; path = "86-camera.png"; sourceTree = "<group>"; };
		36A83E66125B0E9700D0D53D /* source.png */ = {isa = PBXFileReference; lastKnownFileType = image.png; path = source.png; sourceTree = "<group>"; };
		36E89AC9125E254700F154C9 /* icon_datasource.png */ = {isa = PBXFileReference; lastKnownFileType = image.png; path = icon_datasource.png; sourceTree = "<group>"; };
		36E89ACA125E254700F154C9 /* icon_edit.png */ = {isa = PBXFileReference; lastKnownFileType = image.png; path = icon_edit.png; sourceTree = "<group>"; };
		36E89ACB125E254700F154C9 /* icon_map.png */ = {isa = PBXFileReference; lastKnownFileType = image.png; path = icon_map.png; sourceTree = "<group>"; };
		36E89ACC125E254700F154C9 /* icon_white.png */ = {isa = PBXFileReference; lastKnownFileType = image.png; path = icon_white.png; sourceTree = "<group>"; };
		36E89ACD125E254700F154C9 /* icon_white1.png */ = {isa = PBXFileReference; lastKnownFileType = image.png; path = icon_white1.png; sourceTree = "<group>"; };
		36E89ACE125E254700F154C9 /* logo.png */ = {isa = PBXFileReference; lastKnownFileType = image.png; path = logo.png; sourceTree = "<group>"; };
		36EDFEB01276161F009375A0 /* ScreenLine.h */ = {isa = PBXFileReference; fileEncoding = 4; lastKnownFileType = sourcecode.c.h; path = ScreenLine.h; sourceTree = "<group>"; };
		36EDFEB11276161F009375A0 /* ScreenLine.m */ = {isa = PBXFileReference; fileEncoding = 4; lastKnownFileType = sourcecode.c.objc; path = ScreenLine.m; sourceTree = "<group>"; };
		36FBD05312705F2900705201 /* PhysicalPlace.h */ = {isa = PBXFileReference; fileEncoding = 4; lastKnownFileType = sourcecode.c.h; path = PhysicalPlace.h; sourceTree = "<group>"; };
		36FBD05412705F2900705201 /* PhysicalPlace.m */ = {isa = PBXFileReference; fileEncoding = 4; lastKnownFileType = sourcecode.c.objc; path = PhysicalPlace.m; sourceTree = "<group>"; };
		36FBD05612705F3900705201 /* DataHandler.h */ = {isa = PBXFileReference; fileEncoding = 4; lastKnownFileType = sourcecode.c.h; path = DataHandler.h; sourceTree = "<group>"; };
		36FBD05712705F3900705201 /* DataHandler.m */ = {isa = PBXFileReference; fileEncoding = 4; lastKnownFileType = sourcecode.c.objc; path = DataHandler.m; sourceTree = "<group>"; };
		36FBD05912705F4000705201 /* XMLHandler.h */ = {isa = PBXFileReference; fileEncoding = 4; lastKnownFileType = sourcecode.c.h; path = XMLHandler.h; sourceTree = "<group>"; };
		36FBD05A12705F4000705201 /* XMLHandler.m */ = {isa = PBXFileReference; fileEncoding = 4; lastKnownFileType = sourcecode.c.objc; path = XMLHandler.m; sourceTree = "<group>"; };
		36FBD05C12705F4D00705201 /* JsonHandler.h */ = {isa = PBXFileReference; fileEncoding = 4; lastKnownFileType = sourcecode.c.h; path = JsonHandler.h; sourceTree = "<group>"; };
		36FBD05D12705F4D00705201 /* JsonHandler.m */ = {isa = PBXFileReference; fileEncoding = 4; lastKnownFileType = sourcecode.c.objc; path = JsonHandler.m; sourceTree = "<group>"; };
		8D1107310486CEB800E47090 /* Mixare-Info.plist */ = {isa = PBXFileReference; fileEncoding = 4; lastKnownFileType = text.plist.xml; path = "Mixare-Info.plist"; plistStructureDefinitionIdentifier = "com.apple.xcode.plist.structure-definition.iphone.info-plist"; sourceTree = "<group>"; };
/* End PBXFileReference section */

/* Begin PBXFrameworksBuildPhase section */
		1D60588F0D05DD3D006BFB54 /* Frameworks */ = {
			isa = PBXFrameworksBuildPhase;
			buildActionMask = 2147483647;
			files = (
				367ADBAE1280598900324124 /* CoreMotion.framework in Frameworks */,
				3685BA2E12756566005FF922 /* MapKit.framework in Frameworks */,
				3685BA2C1275653F005FF922 /* CoreLocation.framework in Frameworks */,
				1D60589F0D05DD5A006BFB54 /* Foundation.framework in Frameworks */,
				1DF5F4E00D08C38300B7A737 /* UIKit.framework in Frameworks */,
				288765080DF74369002DB57D /* CoreGraphics.framework in Frameworks */,
			);
			runOnlyForDeploymentPostprocessing = 0;
		};
/* End PBXFrameworksBuildPhase section */

/* Begin PBXGroup section */
		080E96DDFE201D6D7F000001 /* Classes */ = {
			isa = PBXGroup;
			children = (
				36862F231276D75D005E03AE /* MixUtils.h */,
				36862F241276D75D005E03AE /* MixUtils.m */,
				366C8CEE127172030082CB57 /* render */,
				366FD7EE127041BE00EAC466 /* reality */,
				366FD7ED127041A500EAC466 /* gui */,
				366FD7EC1270419C00EAC466 /* data */,
			);
			path = Classes;
			sourceTree = "<group>";
		};
		19C28FACFE9D520D11CA2CBB /* Products */ = {
			isa = PBXGroup;
			children = (
				1D6058910D05DD3D006BFB54 /* Mixare.app */,
			);
			name = Products;
			sourceTree = "<group>";
		};
		29B97314FDCFA39411CA2CEA /* Mixare */ = {
			isa = PBXGroup;
			children = (
				080E96DDFE201D6D7F000001 /* Classes */,
				29B97315FDCFA39411CA2CEA /* Other Sources */,
				29B97317FDCFA39411CA2CEA /* Resources */,
				29B97323FDCFA39411CA2CEA /* Frameworks */,
				19C28FACFE9D520D11CA2CBB /* Products */,
			);
			name = Mixare;
			sourceTree = "<group>";
		};
		29B97315FDCFA39411CA2CEA /* Other Sources */ = {
			isa = PBXGroup;
			children = (
				36A83E5F125B0A4300D0D53D /* img */,
				28A0AB4B0D9B1048005BE974 /* Mixare_Prefix.pch */,
				29B97316FDCFA39411CA2CEA /* main.m */,
			);
			name = "Other Sources";
			sourceTree = "<group>";
		};
		29B97317FDCFA39411CA2CEA /* Resources */ = {
			isa = PBXGroup;
			children = (
				2840D7CD1179279E00D7F93C /* FirstView.xib */,
				3626B93A12840B1600B52201 /* SourceCell.xib */,
				28AD73870D9D96C1002E5188 /* MainWindow.xib */,
				8D1107310486CEB800E47090 /* Mixare-Info.plist */,
			);
			name = Resources;
			sourceTree = "<group>";
		};
		29B97323FDCFA39411CA2CEA /* Frameworks */ = {
			isa = PBXGroup;
			children = (
				367ADBAD1280598900324124 /* CoreMotion.framework */,
				3685BA2D12756566005FF922 /* MapKit.framework */,
				3685BA2B1275653F005FF922 /* CoreLocation.framework */,
				1DF5F4DF0D08C38300B7A737 /* UIKit.framework */,
				1D30AB110D05D00D00671497 /* Foundation.framework */,
				288765070DF74369002DB57D /* CoreGraphics.framework */,
			);
			name = Frameworks;
			sourceTree = "<group>";
		};
		3621470C127FD0DC00E2C4CE /* JSON_Framework */ = {
			isa = PBXGroup;
			children = (
				3621470D127FD11D00E2C4CE /* JSON.h */,
				3621470E127FD11D00E2C4CE /* NSObject+SBJSON.h */,
				3621470F127FD11D00E2C4CE /* NSObject+SBJSON.m */,
				36214710127FD11D00E2C4CE /* NSString+SBJSON.h */,
				36214711127FD11D00E2C4CE /* NSString+SBJSON.m */,
				36214712127FD11D00E2C4CE /* SBJsonBase.h */,
				36214713127FD11D00E2C4CE /* SBJsonBase.m */,
				36214714127FD11D00E2C4CE /* SBJsonParser.h */,
				36214715127FD11D00E2C4CE /* SBJsonParser.m */,
				36214716127FD11D00E2C4CE /* SBJsonWriter.h */,
				36214717127FD11D00E2C4CE /* SBJsonWriter.m */,
			);
			name = JSON_Framework;
			sourceTree = "<group>";
		};
		366C8CEE127172030082CB57 /* render */ = {
			isa = PBXGroup;
			children = (
				366C8CF5127173CE0082CB57 /* Camera.h */,
				366C8CF6127173CE0082CB57 /* Camera.m */,
				366C8CF2127173C70082CB57 /* Matrix.h */,
				366C8CF3127173C70082CB57 /* Matrix.m */,
				366C8CEF1271721F0082CB57 /* MixVector.h */,
				366C8CF01271721F0082CB57 /* MixVector.m */,
			);
			name = render;
			sourceTree = "<group>";
		};
		366FD7EC1270419C00EAC466 /* data */ = {
			isa = PBXGroup;
			children = (
				3621470C127FD0DC00E2C4CE /* JSON_Framework */,
				36FBD05912705F4000705201 /* XMLHandler.h */,
				36FBD05A12705F4000705201 /* XMLHandler.m */,
				36FBD05C12705F4D00705201 /* JsonHandler.h */,
				36FBD05D12705F4D00705201 /* JsonHandler.m */,
				36FBD05612705F3900705201 /* DataHandler.h */,
				36FBD05712705F3900705201 /* DataHandler.m */,
			);
			name = data;
			sourceTree = "<group>";
		};
		366FD7ED127041A500EAC466 /* gui */ = {
			isa = PBXGroup;
			children = (
				3626B93C12840F7800B52201 /* SourceTableCell.h */,
				3626B93D12840F7800B52201 /* SourceTableCell.m */,
				360E7ED81283FB930061C67C /* ListViewController.h */,
				360E7ED91283FB930061C67C /* ListViewController.m */,
				36214721127FF0EB00E2C4CE /* SourceViewController.h */,
				36214722127FF0EB00E2C4CE /* SourceViewController.m */,
				36EDFEB01276161F009375A0 /* ScreenLine.h */,
				36EDFEB11276161F009375A0 /* ScreenLine.m */,
				3680398F127583E200D62D31 /* Circle.h */,
				36803990127583E300D62D31 /* Circle.m */,
				3601BFD11275D10F00B01A06 /* Marker.h */,
				3601BFD21275D10F00B01A06 /* Marker.m */,
				361F4592127AAC8500F6C521 /* MarkerObject.h */,
				361F4593127AAC8500F6C521 /* MarkerObject.m */,
				363F69DD1275B8E100D7B002 /* CamViewController.h */,
				363F69DE1275B8E200D7B002 /* CamViewController.m */,
				1D3623240D0F684500981E51 /* MixareAppDelegate.h */,
				1D3623250D0F684500981E51 /* MixareAppDelegate.m */,
				36521011128015C0009F5862 /* MapViewController.h */,
				36521012128015C0009F5862 /* MapViewController.m */,
			);
			name = gui;
			sourceTree = "<group>";
		};
		366FD7EE127041BE00EAC466 /* reality */ = {
			isa = PBXGroup;
			children = (
				36FBD05312705F2900705201 /* PhysicalPlace.h */,
				36FBD05412705F2900705201 /* PhysicalPlace.m */,
			);
			name = reality;
			sourceTree = "<group>";
		};
		36A83E5F125B0A4300D0D53D /* img */ = {
			isa = PBXGroup;
			children = (
				3626B93F1284170100B52201 /* buzz_logo.png */,
				3621471D127FF0C200E2C4CE /* twitter_logo.png */,
				3621471E127FF0C200E2C4CE /* wikipedia_logo.png */,
				36E89AC8125E254700F154C9 /* icons */,
				36A83E62125B0AC500D0D53D /* 86-camera.png */,
				36A83E66125B0E9700D0D53D /* source.png */,
				36A83E60125B0AB200D0D53D /* 103-map.png */,
			);
			name = img;
			sourceTree = "<group>";
		};
		36E89AC8125E254700F154C9 /* icons */ = {
			isa = PBXGroup;
			children = (
				36E89AC9125E254700F154C9 /* icon_datasource.png */,
				36E89ACA125E254700F154C9 /* icon_edit.png */,
				36E89ACB125E254700F154C9 /* icon_map.png */,
				36E89ACC125E254700F154C9 /* icon_white.png */,
				36E89ACD125E254700F154C9 /* icon_white1.png */,
				36E89ACE125E254700F154C9 /* logo.png */,
			);
			path = icons;
			sourceTree = "<group>";
		};
/* End PBXGroup section */

/* Begin PBXNativeTarget section */
		1D6058900D05DD3D006BFB54 /* Mixare */ = {
			isa = PBXNativeTarget;
			buildConfigurationList = 1D6058960D05DD3E006BFB54 /* Build configuration list for PBXNativeTarget "Mixare" */;
			buildPhases = (
				1D60588D0D05DD3D006BFB54 /* Resources */,
				1D60588E0D05DD3D006BFB54 /* Sources */,
				1D60588F0D05DD3D006BFB54 /* Frameworks */,
			);
			buildRules = (
			);
			dependencies = (
			);
			name = Mixare;
			productName = Mixare;
			productReference = 1D6058910D05DD3D006BFB54 /* Mixare.app */;
			productType = "com.apple.product-type.application";
		};
/* End PBXNativeTarget section */

/* Begin PBXProject section */
		29B97313FDCFA39411CA2CEA /* Project object */ = {
			isa = PBXProject;
			buildConfigurationList = C01FCF4E08A954540054247B /* Build configuration list for PBXProject "Mixare" */;
			compatibilityVersion = "Xcode 3.1";
			developmentRegion = English;
			hasScannedForEncodings = 1;
			knownRegions = (
				English,
				Japanese,
				French,
				German,
			);
			mainGroup = 29B97314FDCFA39411CA2CEA /* Mixare */;
			projectDirPath = "";
			projectRoot = "";
			targets = (
				1D6058900D05DD3D006BFB54 /* Mixare */,
			);
		};
/* End PBXProject section */

/* Begin PBXResourcesBuildPhase section */
		1D60588D0D05DD3D006BFB54 /* Resources */ = {
			isa = PBXResourcesBuildPhase;
			buildActionMask = 2147483647;
			files = (
				28AD73880D9D96C1002E5188 /* MainWindow.xib in Resources */,
				2840D7CE1179279E00D7F93C /* FirstView.xib in Resources */,
				36A83E61125B0AB200D0D53D /* 103-map.png in Resources */,
				36A83E63125B0AC500D0D53D /* 86-camera.png in Resources */,
				36A83E67125B0E9700D0D53D /* source.png in Resources */,
				36E89ACF125E254700F154C9 /* icon_datasource.png in Resources */,
				36E89AD0125E254700F154C9 /* icon_edit.png in Resources */,
				36E89AD1125E254700F154C9 /* icon_map.png in Resources */,
				36E89AD2125E254700F154C9 /* icon_white.png in Resources */,
				36E89AD3125E254700F154C9 /* icon_white1.png in Resources */,
				36E89AD4125E254700F154C9 /* logo.png in Resources */,
				3621471F127FF0C200E2C4CE /* twitter_logo.png in Resources */,
				36214720127FF0C200E2C4CE /* wikipedia_logo.png in Resources */,
				3626B93B12840B1600B52201 /* SourceCell.xib in Resources */,
				3626B9401284170100B52201 /* buzz_logo.png in Resources */,
			);
			runOnlyForDeploymentPostprocessing = 0;
		};
/* End PBXResourcesBuildPhase section */

/* Begin PBXSourcesBuildPhase section */
		1D60588E0D05DD3D006BFB54 /* Sources */ = {
			isa = PBXSourcesBuildPhase;
			buildActionMask = 2147483647;
			files = (
				1D60589B0D05DD56006BFB54 /* main.m in Sources */,
				1D3623260D0F684500981E51 /* MixareAppDelegate.m in Sources */,
				36FBD05512705F2900705201 /* PhysicalPlace.m in Sources */,
				36FBD05812705F3900705201 /* DataHandler.m in Sources */,
				36FBD05B12705F4000705201 /* XMLHandler.m in Sources */,
				36FBD05E12705F4D00705201 /* JsonHandler.m in Sources */,
				366C8CF11271721F0082CB57 /* MixVector.m in Sources */,
				366C8CF4127173C70082CB57 /* Matrix.m in Sources */,
				366C8CF7127173CE0082CB57 /* Camera.m in Sources */,
				36803991127583E300D62D31 /* Circle.m in Sources */,
				363F69DF1275B8E500D7B002 /* CamViewController.m in Sources */,
				3601BFD31275D10F00B01A06 /* Marker.m in Sources */,
				36EDFEB21276161F009375A0 /* ScreenLine.m in Sources */,
				36862F251276D75D005E03AE /* MixUtils.m in Sources */,
				361F4594127AAC8500F6C521 /* MarkerObject.m in Sources */,
				36214718127FD11D00E2C4CE /* NSObject+SBJSON.m in Sources */,
				36214719127FD11D00E2C4CE /* NSString+SBJSON.m in Sources */,
				3621471A127FD11D00E2C4CE /* SBJsonBase.m in Sources */,
				3621471B127FD11D00E2C4CE /* SBJsonParser.m in Sources */,
				3621471C127FD11D00E2C4CE /* SBJsonWriter.m in Sources */,
				36214723127FF0EC00E2C4CE /* SourceViewController.m in Sources */,
				36521013128015C0009F5862 /* MapViewController.m in Sources */,
				360E7EDA1283FB930061C67C /* ListViewController.m in Sources */,
				3626B93E12840F7800B52201 /* SourceTableCell.m in Sources */,
			);
			runOnlyForDeploymentPostprocessing = 0;
		};
/* End PBXSourcesBuildPhase section */

/* Begin XCBuildConfiguration section */
		1D6058940D05DD3E006BFB54 /* Debug */ = {
			isa = XCBuildConfiguration;
			buildSettings = {
				ALWAYS_SEARCH_USER_PATHS = NO;
				COPY_PHASE_STRIP = NO;
				GCC_DYNAMIC_NO_PIC = NO;
				GCC_OPTIMIZATION_LEVEL = 0;
				GCC_PRECOMPILE_PREFIX_HEADER = YES;
				GCC_PREFIX_HEADER = Mixare_Prefix.pch;
				INFOPLIST_FILE = "Mixare-Info.plist";
				PRODUCT_NAME = Mixare;
			};
			name = Debug;
		};
		1D6058950D05DD3E006BFB54 /* Release */ = {
			isa = XCBuildConfiguration;
			buildSettings = {
				ALWAYS_SEARCH_USER_PATHS = NO;
				COPY_PHASE_STRIP = YES;
				GCC_PRECOMPILE_PREFIX_HEADER = YES;
				GCC_PREFIX_HEADER = Mixare_Prefix.pch;
				INFOPLIST_FILE = "Mixare-Info.plist";
				PRODUCT_NAME = Mixare;
				VALIDATE_PRODUCT = YES;
			};
			name = Release;
		};
		C01FCF4F08A954540054247B /* Debug */ = {
			isa = XCBuildConfiguration;
			buildSettings = {
				ARCHS = "$(ARCHS_STANDARD_32_BIT)";
				"CODE_SIGN_IDENTITY[sdk=iphoneos*]" = "iPhone Developer";
				GCC_C_LANGUAGE_STANDARD = c99;
				GCC_WARN_ABOUT_RETURN_TYPE = YES;
				GCC_WARN_UNUSED_VARIABLE = YES;
				IPHONEOS_DEPLOYMENT_TARGET = 3.2;
				PREBINDING = NO;
				SDKROOT = iphoneos4.1;
			};
			name = Debug;
		};
		C01FCF5008A954540054247B /* Release */ = {
			isa = XCBuildConfiguration;
			buildSettings = {
				ARCHS = "$(ARCHS_STANDARD_32_BIT)";
				"CODE_SIGN_IDENTITY[sdk=iphoneos*]" = "iPhone Developer";
				GCC_C_LANGUAGE_STANDARD = c99;
				GCC_WARN_ABOUT_RETURN_TYPE = YES;
				GCC_WARN_UNUSED_VARIABLE = YES;
				IPHONEOS_DEPLOYMENT_TARGET = 3.2;
				OTHER_CFLAGS = "-DNS_BLOCK_ASSERTIONS=1";
				PREBINDING = NO;
				SDKROOT = iphoneos4.1;
			};
			name = Release;
		};
/* End XCBuildConfiguration section */

/* Begin XCConfigurationList section */
		1D6058960D05DD3E006BFB54 /* Build configuration list for PBXNativeTarget "Mixare" */ = {
			isa = XCConfigurationList;
			buildConfigurations = (
				1D6058940D05DD3E006BFB54 /* Debug */,
				1D6058950D05DD3E006BFB54 /* Release */,
			);
			defaultConfigurationIsVisible = 0;
			defaultConfigurationName = Release;
		};
		C01FCF4E08A954540054247B /* Build configuration list for PBXProject "Mixare" */ = {
			isa = XCConfigurationList;
			buildConfigurations = (
				C01FCF4F08A954540054247B /* Debug */,
				C01FCF5008A954540054247B /* Release */,
			);
			defaultConfigurationIsVisible = 0;
			defaultConfigurationName = Release;
		};
/* End XCConfigurationList section */
	};
	rootObject = 29B97313FDCFA39411CA2CEA /* Project object */;
}
