// !$*UTF8*$!
{
	archiveVersion = 1;
	classes = {
	};
	objectVersion = 46;
	objects = {

/* Begin PBXBuildFile section */
		1D60589B0D05DD56006BFB54 /* main.m in Sources */ = {isa = PBXBuildFile; fileRef = 29B97316FDCFA39411CA2CEA /* main.m */; };
		1D60589F0D05DD5A006BFB54 /* Foundation.framework in Frameworks */ = {isa = PBXBuildFile; fileRef = 1D30AB110D05D00D00671497 /* Foundation.framework */; };
		1DF5F4E00D08C38300B7A737 /* UIKit.framework in Frameworks */ = {isa = PBXBuildFile; fileRef = 1DF5F4DF0D08C38300B7A737 /* UIKit.framework */; };
		288765080DF74369002DB57D /* CoreGraphics.framework in Frameworks */ = {isa = PBXBuildFile; fileRef = 288765070DF74369002DB57D /* CoreGraphics.framework */; };
		3602A50312B9FE0F00B92585 /* icon_datasource.png in Resources */ = {isa = PBXBuildFile; fileRef = 3602A50212B9FE0F00B92585 /* icon_datasource.png */; };
		3626B93B12840B1600B52201 /* SourceCell.xib in Resources */ = {isa = PBXBuildFile; fileRef = 3626B93A12840B1600B52201 /* SourceCell.xib */; };
		3655C9AD12B0CB1E00AE6540 /* Default.png in Resources */ = {isa = PBXBuildFile; fileRef = 3655C9AC12B0CB1E00AE6540 /* Default.png */; };
		3655C9AF12B0CB2700AE6540 /* Default@2x.png in Resources */ = {isa = PBXBuildFile; fileRef = 3655C9AE12B0CB2700AE6540 /* Default@2x.png */; };
		365B605B12B9F7230014850C /* PhysicalPlace.m in Sources */ = {isa = PBXBuildFile; fileRef = 365B605812B9F7230014850C /* PhysicalPlace.m */; };
		365B605C12B9F7230014850C /* PoiItem.m in Sources */ = {isa = PBXBuildFile; fileRef = 365B605A12B9F7230014850C /* PoiItem.m */; };
		365B607212B9F7740014850C /* DataHandler.m in Sources */ = {isa = PBXBuildFile; fileRef = 365B605F12B9F7740014850C /* DataHandler.m */; };
		365B607312B9F7740014850C /* DataSource.m in Sources */ = {isa = PBXBuildFile; fileRef = 365B606112B9F7740014850C /* DataSource.m */; };
		365B607412B9F7740014850C /* NSObject+SBJSON.m in Sources */ = {isa = PBXBuildFile; fileRef = 365B606512B9F7740014850C /* NSObject+SBJSON.m */; };
		365B607512B9F7740014850C /* NSString+SBJSON.m in Sources */ = {isa = PBXBuildFile; fileRef = 365B606712B9F7740014850C /* NSString+SBJSON.m */; };
		365B607612B9F7740014850C /* SBJsonBase.m in Sources */ = {isa = PBXBuildFile; fileRef = 365B606912B9F7740014850C /* SBJsonBase.m */; };
		365B607712B9F7740014850C /* SBJsonParser.m in Sources */ = {isa = PBXBuildFile; fileRef = 365B606B12B9F7740014850C /* SBJsonParser.m */; };
		365B607812B9F7740014850C /* SBJsonWriter.m in Sources */ = {isa = PBXBuildFile; fileRef = 365B606D12B9F7740014850C /* SBJsonWriter.m */; };
		365B607912B9F7740014850C /* JsonHandler.m in Sources */ = {isa = PBXBuildFile; fileRef = 365B606F12B9F7740014850C /* JsonHandler.m */; };
		365B607A12B9F7740014850C /* XMLHandler.m in Sources */ = {isa = PBXBuildFile; fileRef = 365B607112B9F7740014850C /* XMLHandler.m */; };
		365B609812B9F9100014850C /* MarkerView.m in Sources */ = {isa = PBXBuildFile; fileRef = 365B607D12B9F9100014850C /* MarkerView.m */; };
		365B609912B9F9100014850C /* NotificationViewController.m in Sources */ = {isa = PBXBuildFile; fileRef = 365B607F12B9F9100014850C /* NotificationViewController.m */; };
		365B609A12B9F9100014850C /* Radar.m in Sources */ = {isa = PBXBuildFile; fileRef = 365B608212B9F9100014850C /* Radar.m */; };
		365B609B12B9F9100014850C /* RadarViewPortView.m in Sources */ = {isa = PBXBuildFile; fileRef = 365B608412B9F9100014850C /* RadarViewPortView.m */; };
		365B609C12B9F9100014850C /* AugmentedGeoViewController.m in Sources */ = {isa = PBXBuildFile; fileRef = 365B608812B9F9100014850C /* AugmentedGeoViewController.m */; };
		365B609D12B9F9100014850C /* AugmentedViewController.m in Sources */ = {isa = PBXBuildFile; fileRef = 365B608A12B9F9100014850C /* AugmentedViewController.m */; };
		365B609E12B9F9100014850C /* ListViewController.m in Sources */ = {isa = PBXBuildFile; fileRef = 365B608C12B9F9100014850C /* ListViewController.m */; };
		365B609F12B9F9100014850C /* MapViewController.m in Sources */ = {isa = PBXBuildFile; fileRef = 365B608E12B9F9100014850C /* MapViewController.m */; };
		365B60A012B9F9100014850C /* MoreViewController.m in Sources */ = {isa = PBXBuildFile; fileRef = 365B609012B9F9100014850C /* MoreViewController.m */; };
		365B60A112B9F9100014850C /* SourceTableCell.m in Sources */ = {isa = PBXBuildFile; fileRef = 365B609312B9F9100014850C /* SourceTableCell.m */; };
		365B60A212B9F9100014850C /* SourceViewController.m in Sources */ = {isa = PBXBuildFile; fileRef = 365B609512B9F9100014850C /* SourceViewController.m */; };
		365B60A312B9F9100014850C /* WebViewController.m in Sources */ = {isa = PBXBuildFile; fileRef = 365B609712B9F9100014850C /* WebViewController.m */; };
		365C5C2D12B0FE5B00E2A924 /* mixare-logo_114x114_72_dpi.png in Resources */ = {isa = PBXBuildFile; fileRef = 365C5C2C12B0FE5B00E2A924 /* mixare-logo_114x114_72_dpi.png */; };
		365C5C2F12B0FE6900E2A924 /* mixare-logo_57x57_72_dpi.png in Resources */ = {isa = PBXBuildFile; fileRef = 365C5C2E12B0FE6900E2A924 /* mixare-logo_57x57_72_dpi.png */; };
		365F945E12AE737800286824 /* Localizable.strings in Resources */ = {isa = PBXBuildFile; fileRef = 365F945D12AE737800286824 /* Localizable.strings */; };
		365F947112AE7C7000286824 /* MainWindow.xib in Resources */ = {isa = PBXBuildFile; fileRef = 28AD73870D9D96C1002E5188 /* MainWindow.xib */; };
		3685BA2C1275653F005FF922 /* CoreLocation.framework in Frameworks */ = {isa = PBXBuildFile; fileRef = 3685BA2B1275653F005FF922 /* CoreLocation.framework */; };
		3685BA2E12756566005FF922 /* MapKit.framework in Frameworks */ = {isa = PBXBuildFile; fileRef = 3685BA2D12756566005FF922 /* MapKit.framework */; };
		36876BD4128BFFCC00C416F5 /* QuartzCore.framework in Frameworks */ = {isa = PBXBuildFile; fileRef = 36876BD3128BFFCC00C416F5 /* QuartzCore.framework */; };
		36A31585128D6E15002D1C57 /* WebView.xib in Resources */ = {isa = PBXBuildFile; fileRef = 36A31584128D6E15002D1C57 /* WebView.xib */; };
		36B3DC8312B9FB3500670FCF /* MixareAppDelegate.m in Sources */ = {isa = PBXBuildFile; fileRef = 36B3DC8112B9FB3500670FCF /* MixareAppDelegate.m */; };
		36B3DC9412B9FCF100670FCF /* buzz_logo.png in Resources */ = {isa = PBXBuildFile; fileRef = 36B3DC8512B9FCF100670FCF /* buzz_logo.png */; };
		36B3DC9512B9FCF100670FCF /* buzz_logo_small.png in Resources */ = {isa = PBXBuildFile; fileRef = 36B3DC8612B9FCF100670FCF /* buzz_logo_small.png */; };
		36B3DC9612B9FCF100670FCF /* circle.png in Resources */ = {isa = PBXBuildFile; fileRef = 36B3DC8712B9FCF100670FCF /* circle.png */; };
		36B3DC9712B9FCF100670FCF /* logo_mixare_round.png in Resources */ = {isa = PBXBuildFile; fileRef = 36B3DC8812B9FCF100670FCF /* logo_mixare_round.png */; };
		36B3DC9812B9FCF100670FCF /* mixare_512x512px.png in Resources */ = {isa = PBXBuildFile; fileRef = 36B3DC8912B9FCF100670FCF /* mixare_512x512px.png */; };
		36B3DC9912B9FCF100670FCF /* mixare_button.png in Resources */ = {isa = PBXBuildFile; fileRef = 36B3DC8A12B9FCF100670FCF /* mixare_button.png */; };
		36B3DC9A12B9FCF100670FCF /* camera.png in Resources */ = {isa = PBXBuildFile; fileRef = 36B3DC8C12B9FCF100670FCF /* camera.png */; };
		36B3DC9B12B9FCF100670FCF /* list.png in Resources */ = {isa = PBXBuildFile; fileRef = 36B3DC8D12B9FCF100670FCF /* list.png */; };
		36B3DC9C12B9FCF100670FCF /* map.png in Resources */ = {isa = PBXBuildFile; fileRef = 36B3DC8E12B9FCF100670FCF /* map.png */; };
		36B3DC9D12B9FCF100670FCF /* source.png in Resources */ = {isa = PBXBuildFile; fileRef = 36B3DC8F12B9FCF100670FCF /* source.png */; };
		36B3DC9E12B9FCF100670FCF /* twitter_logo.png in Resources */ = {isa = PBXBuildFile; fileRef = 36B3DC9012B9FCF100670FCF /* twitter_logo.png */; };
		36B3DC9F12B9FCF100670FCF /* twitter_logo_small.png in Resources */ = {isa = PBXBuildFile; fileRef = 36B3DC9112B9FCF100670FCF /* twitter_logo_small.png */; };
		36B3DCA012B9FCF100670FCF /* wikipedia_logo.png in Resources */ = {isa = PBXBuildFile; fileRef = 36B3DC9212B9FCF100670FCF /* wikipedia_logo.png */; };
		36B3DCA112B9FCF100670FCF /* wikipedia_logo_small.png in Resources */ = {isa = PBXBuildFile; fileRef = 36B3DC9312B9FCF100670FCF /* wikipedia_logo_small.png */; };
		E246F31516104AFF0006EA40 /* libiconv.2.4.0.dylib in Frameworks */ = {isa = PBXBuildFile; fileRef = E2AB94101607268E006F8884 /* libiconv.2.4.0.dylib */; };
		E246F31616104B140006EA40 /* CoreMotion.framework in Frameworks */ = {isa = PBXBuildFile; fileRef = E2AB940E1607208F006F8884 /* CoreMotion.framework */; };
		E246F31716104B140006EA40 /* AVFoundation.framework in Frameworks */ = {isa = PBXBuildFile; fileRef = E2AB940C16071F7E006F8884 /* AVFoundation.framework */; };
		E246F31816104B140006EA40 /* CoreVideo.framework in Frameworks */ = {isa = PBXBuildFile; fileRef = E2AB940A16071F6E006F8884 /* CoreVideo.framework */; };
		E246F31916104B140006EA40 /* CoreMedia.framework in Frameworks */ = {isa = PBXBuildFile; fileRef = E2AB940816071F63006F8884 /* CoreMedia.framework */; };
		E246F31A16104B140006EA40 /* QuartzCore.framework in Frameworks */ = {isa = PBXBuildFile; fileRef = E2AB940516071F4C006F8884 /* QuartzCore.framework */; };
		E246F31B16104B140006EA40 /* QuartzCore.framework in Frameworks */ = {isa = PBXBuildFile; fileRef = 36876BD3128BFFCC00C416F5 /* QuartzCore.framework */; };
		E246F31C16104B140006EA40 /* MapKit.framework in Frameworks */ = {isa = PBXBuildFile; fileRef = 3685BA2D12756566005FF922 /* MapKit.framework */; };
		E246F31D16104B140006EA40 /* CoreLocation.framework in Frameworks */ = {isa = PBXBuildFile; fileRef = 3685BA2B1275653F005FF922 /* CoreLocation.framework */; };
		E246F31E16104B140006EA40 /* CoreGraphics.framework in Frameworks */ = {isa = PBXBuildFile; fileRef = 288765070DF74369002DB57D /* CoreGraphics.framework */; };
		E246F3201610554B0006EA40 /* DataSource.m in Sources */ = {isa = PBXBuildFile; fileRef = 365B606112B9F7740014850C /* DataSource.m */; };
		E246F39E1610558A0006EA40 /* JsonHandler.m in Sources */ = {isa = PBXBuildFile; fileRef = 365B606F12B9F7740014850C /* JsonHandler.m */; };
		E246F39F161057AE0006EA40 /* JSON.h in Sources */ = {isa = PBXBuildFile; fileRef = E246F32B1610557D0006EA40 /* JSON.h */; };
		E246F3A0161057AE0006EA40 /* NSObject+SBJSON.h in Sources */ = {isa = PBXBuildFile; fileRef = E246F32C1610557D0006EA40 /* NSObject+SBJSON.h */; };
		E246F3A1161057AE0006EA40 /* NSObject+SBJSON.m in Sources */ = {isa = PBXBuildFile; fileRef = E246F32D1610557D0006EA40 /* NSObject+SBJSON.m */; };
		E246F3A2161057AE0006EA40 /* NSString+SBJSON.h in Sources */ = {isa = PBXBuildFile; fileRef = E246F32E1610557D0006EA40 /* NSString+SBJSON.h */; };
		E246F3A3161057AE0006EA40 /* NSString+SBJSON.m in Sources */ = {isa = PBXBuildFile; fileRef = E246F32F1610557D0006EA40 /* NSString+SBJSON.m */; };
		E246F3A4161057AE0006EA40 /* SBJsonBase.h in Sources */ = {isa = PBXBuildFile; fileRef = E246F3301610557D0006EA40 /* SBJsonBase.h */; };
		E246F3A5161057AE0006EA40 /* SBJsonBase.m in Sources */ = {isa = PBXBuildFile; fileRef = E246F3311610557D0006EA40 /* SBJsonBase.m */; };
		E246F3A6161057AE0006EA40 /* SBJsonParser.h in Sources */ = {isa = PBXBuildFile; fileRef = E246F3321610557D0006EA40 /* SBJsonParser.h */; };
		E246F3A7161057AE0006EA40 /* SBJsonParser.m in Sources */ = {isa = PBXBuildFile; fileRef = E246F3331610557D0006EA40 /* SBJsonParser.m */; };
		E246F3A8161057AE0006EA40 /* SBJsonWriter.h in Sources */ = {isa = PBXBuildFile; fileRef = E246F3341610557D0006EA40 /* SBJsonWriter.h */; };
		E246F3A9161057AE0006EA40 /* SBJsonWriter.m in Sources */ = {isa = PBXBuildFile; fileRef = E246F3351610557D0006EA40 /* SBJsonWriter.m */; };
		E246F3AC161061CB0006EA40 /* Position.m in Sources */ = {isa = PBXBuildFile; fileRef = E246F3AB161061CB0006EA40 /* Position.m */; };
		E246F3AD161062550006EA40 /* Position.h in Sources */ = {isa = PBXBuildFile; fileRef = E246F3AA161061CB0006EA40 /* Position.h */; };
		E246F3AE1610625A0006EA40 /* Position.m in Sources */ = {isa = PBXBuildFile; fileRef = E246F3AB161061CB0006EA40 /* Position.m */; };
		E2AB940F1607208F006F8884 /* CoreMotion.framework in Frameworks */ = {isa = PBXBuildFile; fileRef = E2AB940E1607208F006F8884 /* CoreMotion.framework */; };
		E2AB94111607268E006F8884 /* libiconv.2.4.0.dylib in Resources */ = {isa = PBXBuildFile; fileRef = E2AB94101607268E006F8884 /* libiconv.2.4.0.dylib */; };
		E2DFCF83160B25470045A6C4 /* SenTestingKit.framework in Frameworks */ = {isa = PBXBuildFile; fileRef = E2DFCF82160B25470045A6C4 /* SenTestingKit.framework */; };
		E2DFCF84160B25470045A6C4 /* UIKit.framework in Frameworks */ = {isa = PBXBuildFile; fileRef = 1DF5F4DF0D08C38300B7A737 /* UIKit.framework */; };
		E2DFCF85160B25470045A6C4 /* Foundation.framework in Frameworks */ = {isa = PBXBuildFile; fileRef = 1D30AB110D05D00D00671497 /* Foundation.framework */; };
		E2DFCF8B160B25470045A6C4 /* InfoPlist.strings in Resources */ = {isa = PBXBuildFile; fileRef = E2DFCF89160B25470045A6C4 /* InfoPlist.strings */; };
		E2DFCF8E160B25470045A6C4 /* UnitTests.m in Sources */ = {isa = PBXBuildFile; fileRef = E2DFCF8D160B25470045A6C4 /* UnitTests.m */; };
/* End PBXBuildFile section */

/* Begin PBXFileReference section */
		1D30AB110D05D00D00671497 /* Foundation.framework */ = {isa = PBXFileReference; lastKnownFileType = wrapper.framework; name = Foundation.framework; path = System/Library/Frameworks/Foundation.framework; sourceTree = SDKROOT; };
		1D6058910D05DD3D006BFB54 /* Mixare.app */ = {isa = PBXFileReference; explicitFileType = wrapper.application; includeInIndex = 0; path = Mixare.app; sourceTree = BUILT_PRODUCTS_DIR; };
		1DF5F4DF0D08C38300B7A737 /* UIKit.framework */ = {isa = PBXFileReference; lastKnownFileType = wrapper.framework; name = UIKit.framework; path = System/Library/Frameworks/UIKit.framework; sourceTree = SDKROOT; };
		288765070DF74369002DB57D /* CoreGraphics.framework */ = {isa = PBXFileReference; lastKnownFileType = wrapper.framework; name = CoreGraphics.framework; path = System/Library/Frameworks/CoreGraphics.framework; sourceTree = SDKROOT; };
		28A0AB4B0D9B1048005BE974 /* Mixare_Prefix.pch */ = {isa = PBXFileReference; fileEncoding = 4; lastKnownFileType = sourcecode.c.h; path = Mixare_Prefix.pch; sourceTree = "<group>"; };
		28AD73870D9D96C1002E5188 /* MainWindow.xib */ = {isa = PBXFileReference; lastKnownFileType = file.xib; path = MainWindow.xib; sourceTree = "<group>"; };
		29B97316FDCFA39411CA2CEA /* main.m */ = {isa = PBXFileReference; fileEncoding = 4; lastKnownFileType = sourcecode.c.objc; path = main.m; sourceTree = "<group>"; };
		3602A50212B9FE0F00B92585 /* icon_datasource.png */ = {isa = PBXFileReference; lastKnownFileType = image.png; path = icon_datasource.png; sourceTree = "<group>"; };
		3626B93A12840B1600B52201 /* SourceCell.xib */ = {isa = PBXFileReference; fileEncoding = 4; lastKnownFileType = file.xib; path = SourceCell.xib; sourceTree = "<group>"; };
		3655C9AC12B0CB1E00AE6540 /* Default.png */ = {isa = PBXFileReference; lastKnownFileType = image.png; path = Default.png; sourceTree = "<group>"; };
		3655C9AE12B0CB2700AE6540 /* Default@2x.png */ = {isa = PBXFileReference; lastKnownFileType = image.png; path = "Default@2x.png"; sourceTree = "<group>"; };
		365B605712B9F7230014850C /* PhysicalPlace.h */ = {isa = PBXFileReference; fileEncoding = 4; lastKnownFileType = sourcecode.c.h; path = PhysicalPlace.h; sourceTree = "<group>"; };
		365B605812B9F7230014850C /* PhysicalPlace.m */ = {isa = PBXFileReference; fileEncoding = 4; lastKnownFileType = sourcecode.c.objc; path = PhysicalPlace.m; sourceTree = "<group>"; };
		365B605912B9F7230014850C /* PoiItem.h */ = {isa = PBXFileReference; fileEncoding = 4; lastKnownFileType = sourcecode.c.h; path = PoiItem.h; sourceTree = "<group>"; };
		365B605A12B9F7230014850C /* PoiItem.m */ = {isa = PBXFileReference; fileEncoding = 4; lastKnownFileType = sourcecode.c.objc; path = PoiItem.m; sourceTree = "<group>"; };
		365B605E12B9F7740014850C /* DataHandler.h */ = {isa = PBXFileReference; fileEncoding = 4; lastKnownFileType = sourcecode.c.h; path = DataHandler.h; sourceTree = "<group>"; };
		365B605F12B9F7740014850C /* DataHandler.m */ = {isa = PBXFileReference; fileEncoding = 4; lastKnownFileType = sourcecode.c.objc; path = DataHandler.m; sourceTree = "<group>"; };
		365B606012B9F7740014850C /* DataSource.h */ = {isa = PBXFileReference; fileEncoding = 4; lastKnownFileType = sourcecode.c.h; path = DataSource.h; sourceTree = "<group>"; };
		365B606112B9F7740014850C /* DataSource.m */ = {isa = PBXFileReference; fileEncoding = 4; lastKnownFileType = sourcecode.c.objc; path = DataSource.m; sourceTree = "<group>"; };
		365B606312B9F7740014850C /* JSON.h */ = {isa = PBXFileReference; fileEncoding = 4; lastKnownFileType = sourcecode.c.h; path = JSON.h; sourceTree = "<group>"; };
		365B606412B9F7740014850C /* NSObject+SBJSON.h */ = {isa = PBXFileReference; fileEncoding = 4; lastKnownFileType = sourcecode.c.h; path = "NSObject+SBJSON.h"; sourceTree = "<group>"; };
		365B606512B9F7740014850C /* NSObject+SBJSON.m */ = {isa = PBXFileReference; fileEncoding = 4; lastKnownFileType = sourcecode.c.objc; path = "NSObject+SBJSON.m"; sourceTree = "<group>"; };
		365B606612B9F7740014850C /* NSString+SBJSON.h */ = {isa = PBXFileReference; fileEncoding = 4; lastKnownFileType = sourcecode.c.h; path = "NSString+SBJSON.h"; sourceTree = "<group>"; };
		365B606712B9F7740014850C /* NSString+SBJSON.m */ = {isa = PBXFileReference; fileEncoding = 4; lastKnownFileType = sourcecode.c.objc; path = "NSString+SBJSON.m"; sourceTree = "<group>"; };
		365B606812B9F7740014850C /* SBJsonBase.h */ = {isa = PBXFileReference; fileEncoding = 4; lastKnownFileType = sourcecode.c.h; path = SBJsonBase.h; sourceTree = "<group>"; };
		365B606912B9F7740014850C /* SBJsonBase.m */ = {isa = PBXFileReference; fileEncoding = 4; lastKnownFileType = sourcecode.c.objc; path = SBJsonBase.m; sourceTree = "<group>"; };
		365B606A12B9F7740014850C /* SBJsonParser.h */ = {isa = PBXFileReference; fileEncoding = 4; lastKnownFileType = sourcecode.c.h; path = SBJsonParser.h; sourceTree = "<group>"; };
		365B606B12B9F7740014850C /* SBJsonParser.m */ = {isa = PBXFileReference; fileEncoding = 4; lastKnownFileType = sourcecode.c.objc; path = SBJsonParser.m; sourceTree = "<group>"; };
		365B606C12B9F7740014850C /* SBJsonWriter.h */ = {isa = PBXFileReference; fileEncoding = 4; lastKnownFileType = sourcecode.c.h; path = SBJsonWriter.h; sourceTree = "<group>"; };
		365B606D12B9F7740014850C /* SBJsonWriter.m */ = {isa = PBXFileReference; fileEncoding = 4; lastKnownFileType = sourcecode.c.objc; path = SBJsonWriter.m; sourceTree = "<group>"; };
		365B606E12B9F7740014850C /* JsonHandler.h */ = {isa = PBXFileReference; fileEncoding = 4; lastKnownFileType = sourcecode.c.h; path = JsonHandler.h; sourceTree = "<group>"; };
		365B606F12B9F7740014850C /* JsonHandler.m */ = {isa = PBXFileReference; fileEncoding = 4; lastKnownFileType = sourcecode.c.objc; path = JsonHandler.m; sourceTree = "<group>"; };
		365B607012B9F7740014850C /* XMLHandler.h */ = {isa = PBXFileReference; fileEncoding = 4; lastKnownFileType = sourcecode.c.h; path = XMLHandler.h; sourceTree = "<group>"; };
		365B607112B9F7740014850C /* XMLHandler.m */ = {isa = PBXFileReference; fileEncoding = 4; lastKnownFileType = sourcecode.c.objc; path = XMLHandler.m; sourceTree = "<group>"; };
		365B607C12B9F9100014850C /* MarkerView.h */ = {isa = PBXFileReference; fileEncoding = 4; lastKnownFileType = sourcecode.c.h; path = MarkerView.h; sourceTree = "<group>"; };
		365B607D12B9F9100014850C /* MarkerView.m */ = {isa = PBXFileReference; fileEncoding = 4; lastKnownFileType = sourcecode.c.objc; path = MarkerView.m; sourceTree = "<group>"; };
		365B607E12B9F9100014850C /* NotificationViewController.h */ = {isa = PBXFileReference; fileEncoding = 4; lastKnownFileType = sourcecode.c.h; path = NotificationViewController.h; sourceTree = "<group>"; };
		365B607F12B9F9100014850C /* NotificationViewController.m */ = {isa = PBXFileReference; fileEncoding = 4; lastKnownFileType = sourcecode.c.objc; path = NotificationViewController.m; sourceTree = "<group>"; };
		365B608112B9F9100014850C /* Radar.h */ = {isa = PBXFileReference; fileEncoding = 4; lastKnownFileType = sourcecode.c.h; path = Radar.h; sourceTree = "<group>"; };
		365B608212B9F9100014850C /* Radar.m */ = {isa = PBXFileReference; fileEncoding = 4; lastKnownFileType = sourcecode.c.objc; path = Radar.m; sourceTree = "<group>"; };
		365B608312B9F9100014850C /* RadarViewPortView.h */ = {isa = PBXFileReference; fileEncoding = 4; lastKnownFileType = sourcecode.c.h; path = RadarViewPortView.h; sourceTree = "<group>"; };
		365B608412B9F9100014850C /* RadarViewPortView.m */ = {isa = PBXFileReference; fileEncoding = 4; lastKnownFileType = sourcecode.c.objc; path = RadarViewPortView.m; sourceTree = "<group>"; };
		365B608712B9F9100014850C /* AugmentedGeoViewController.h */ = {isa = PBXFileReference; fileEncoding = 4; lastKnownFileType = sourcecode.c.h; path = AugmentedGeoViewController.h; sourceTree = "<group>"; };
		365B608812B9F9100014850C /* AugmentedGeoViewController.m */ = {isa = PBXFileReference; fileEncoding = 4; lastKnownFileType = sourcecode.c.objc; path = AugmentedGeoViewController.m; sourceTree = "<group>"; };
		365B608912B9F9100014850C /* AugmentedViewController.h */ = {isa = PBXFileReference; fileEncoding = 4; lastKnownFileType = sourcecode.c.h; path = AugmentedViewController.h; sourceTree = "<group>"; };
		365B608A12B9F9100014850C /* AugmentedViewController.m */ = {isa = PBXFileReference; fileEncoding = 4; lastKnownFileType = sourcecode.c.objc; path = AugmentedViewController.m; sourceTree = "<group>"; };
		365B608B12B9F9100014850C /* ListViewController.h */ = {isa = PBXFileReference; fileEncoding = 4; lastKnownFileType = sourcecode.c.h; path = ListViewController.h; sourceTree = "<group>"; };
		365B608C12B9F9100014850C /* ListViewController.m */ = {isa = PBXFileReference; fileEncoding = 4; lastKnownFileType = sourcecode.c.objc; path = ListViewController.m; sourceTree = "<group>"; };
		365B608D12B9F9100014850C /* MapViewController.h */ = {isa = PBXFileReference; fileEncoding = 4; lastKnownFileType = sourcecode.c.h; path = MapViewController.h; sourceTree = "<group>"; };
		365B608E12B9F9100014850C /* MapViewController.m */ = {isa = PBXFileReference; fileEncoding = 4; lastKnownFileType = sourcecode.c.objc; path = MapViewController.m; sourceTree = "<group>"; };
		365B608F12B9F9100014850C /* MoreViewController.h */ = {isa = PBXFileReference; fileEncoding = 4; lastKnownFileType = sourcecode.c.h; path = MoreViewController.h; sourceTree = "<group>"; };
		365B609012B9F9100014850C /* MoreViewController.m */ = {isa = PBXFileReference; fileEncoding = 4; lastKnownFileType = sourcecode.c.objc; path = MoreViewController.m; sourceTree = "<group>"; };
		365B609212B9F9100014850C /* SourceTableCell.h */ = {isa = PBXFileReference; fileEncoding = 4; lastKnownFileType = sourcecode.c.h; path = SourceTableCell.h; sourceTree = "<group>"; };
		365B609312B9F9100014850C /* SourceTableCell.m */ = {isa = PBXFileReference; fileEncoding = 4; lastKnownFileType = sourcecode.c.objc; path = SourceTableCell.m; sourceTree = "<group>"; };
		365B609412B9F9100014850C /* SourceViewController.h */ = {isa = PBXFileReference; fileEncoding = 4; lastKnownFileType = sourcecode.c.h; path = SourceViewController.h; sourceTree = "<group>"; };
		365B609512B9F9100014850C /* SourceViewController.m */ = {isa = PBXFileReference; fileEncoding = 4; lastKnownFileType = sourcecode.c.objc; path = SourceViewController.m; sourceTree = "<group>"; };
		365B609612B9F9100014850C /* WebViewController.h */ = {isa = PBXFileReference; fileEncoding = 4; lastKnownFileType = sourcecode.c.h; path = WebViewController.h; sourceTree = "<group>"; };
		365B609712B9F9100014850C /* WebViewController.m */ = {isa = PBXFileReference; fileEncoding = 4; lastKnownFileType = sourcecode.c.objc; path = WebViewController.m; sourceTree = "<group>"; };
		365C5C2C12B0FE5B00E2A924 /* mixare-logo_114x114_72_dpi.png */ = {isa = PBXFileReference; lastKnownFileType = image.png; path = "mixare-logo_114x114_72_dpi.png"; sourceTree = "<group>"; };
		365C5C2E12B0FE6900E2A924 /* mixare-logo_57x57_72_dpi.png */ = {isa = PBXFileReference; lastKnownFileType = image.png; path = "mixare-logo_57x57_72_dpi.png"; sourceTree = "<group>"; };
		365F945A12AE735A00286824 /* English */ = {isa = PBXFileReference; fileEncoding = 10; lastKnownFileType = text.plist.strings; name = English; path = English.lproj/Localizable.strings; sourceTree = "<group>"; };
		365F945F12AE738400286824 /* German */ = {isa = PBXFileReference; lastKnownFileType = text.plist.strings; name = German; path = German.lproj/Localizable.strings; sourceTree = "<group>"; };
		365F946012AE738A00286824 /* Italian */ = {isa = PBXFileReference; lastKnownFileType = text.plist.strings; name = Italian; path = Italian.lproj/Localizable.strings; sourceTree = "<group>"; };
		3685BA2B1275653F005FF922 /* CoreLocation.framework */ = {isa = PBXFileReference; lastKnownFileType = wrapper.framework; name = CoreLocation.framework; path = System/Library/Frameworks/CoreLocation.framework; sourceTree = SDKROOT; };
		3685BA2D12756566005FF922 /* MapKit.framework */ = {isa = PBXFileReference; lastKnownFileType = wrapper.framework; name = MapKit.framework; path = System/Library/Frameworks/MapKit.framework; sourceTree = SDKROOT; };
		36876BD3128BFFCC00C416F5 /* QuartzCore.framework */ = {isa = PBXFileReference; lastKnownFileType = wrapper.framework; name = QuartzCore.framework; path = System/Library/Frameworks/QuartzCore.framework; sourceTree = SDKROOT; };
		36A31584128D6E15002D1C57 /* WebView.xib */ = {isa = PBXFileReference; fileEncoding = 4; lastKnownFileType = file.xib; path = WebView.xib; sourceTree = "<group>"; };
		36B3DC8112B9FB3500670FCF /* MixareAppDelegate.m */ = {isa = PBXFileReference; fileEncoding = 4; lastKnownFileType = sourcecode.c.objc; path = MixareAppDelegate.m; sourceTree = "<group>"; };
		36B3DC8212B9FB3500670FCF /* MixareAppDelegate.h */ = {isa = PBXFileReference; fileEncoding = 4; lastKnownFileType = sourcecode.c.h; path = MixareAppDelegate.h; sourceTree = "<group>"; };
		36B3DC8512B9FCF100670FCF /* buzz_logo.png */ = {isa = PBXFileReference; lastKnownFileType = image.png; path = buzz_logo.png; sourceTree = "<group>"; };
		36B3DC8612B9FCF100670FCF /* buzz_logo_small.png */ = {isa = PBXFileReference; lastKnownFileType = image.png; path = buzz_logo_small.png; sourceTree = "<group>"; };
		36B3DC8712B9FCF100670FCF /* circle.png */ = {isa = PBXFileReference; lastKnownFileType = image.png; path = circle.png; sourceTree = "<group>"; };
		36B3DC8812B9FCF100670FCF /* logo_mixare_round.png */ = {isa = PBXFileReference; lastKnownFileType = image.png; path = logo_mixare_round.png; sourceTree = "<group>"; };
		36B3DC8912B9FCF100670FCF /* mixare_512x512px.png */ = {isa = PBXFileReference; lastKnownFileType = image.png; path = mixare_512x512px.png; sourceTree = "<group>"; };
		36B3DC8A12B9FCF100670FCF /* mixare_button.png */ = {isa = PBXFileReference; lastKnownFileType = image.png; path = mixare_button.png; sourceTree = "<group>"; };
		36B3DC8C12B9FCF100670FCF /* camera.png */ = {isa = PBXFileReference; lastKnownFileType = image.png; path = camera.png; sourceTree = "<group>"; };
		36B3DC8D12B9FCF100670FCF /* list.png */ = {isa = PBXFileReference; lastKnownFileType = image.png; path = list.png; sourceTree = "<group>"; };
		36B3DC8E12B9FCF100670FCF /* map.png */ = {isa = PBXFileReference; lastKnownFileType = image.png; path = map.png; sourceTree = "<group>"; };
		36B3DC8F12B9FCF100670FCF /* source.png */ = {isa = PBXFileReference; lastKnownFileType = image.png; path = source.png; sourceTree = "<group>"; };
		36B3DC9012B9FCF100670FCF /* twitter_logo.png */ = {isa = PBXFileReference; lastKnownFileType = image.png; path = twitter_logo.png; sourceTree = "<group>"; };
		36B3DC9112B9FCF100670FCF /* twitter_logo_small.png */ = {isa = PBXFileReference; lastKnownFileType = image.png; path = twitter_logo_small.png; sourceTree = "<group>"; };
		36B3DC9212B9FCF100670FCF /* wikipedia_logo.png */ = {isa = PBXFileReference; lastKnownFileType = image.png; path = wikipedia_logo.png; sourceTree = "<group>"; };
		36B3DC9312B9FCF100670FCF /* wikipedia_logo_small.png */ = {isa = PBXFileReference; lastKnownFileType = image.png; path = wikipedia_logo_small.png; sourceTree = "<group>"; };
		8D1107310486CEB800E47090 /* Mixare-Info.plist */ = {isa = PBXFileReference; fileEncoding = 4; lastKnownFileType = text.plist.xml; path = "Mixare-Info.plist"; plistStructureDefinitionIdentifier = "com.apple.xcode.plist.structure-definition.iphone.info-plist"; sourceTree = "<group>"; };
		E246F3231610557D0006EA40 /* UML_oldMixareiOS.png */ = {isa = PBXFileReference; lastKnownFileType = image.png; path = UML_oldMixareiOS.png; sourceTree = "<group>"; };
		E246F3261610557D0006EA40 /* DataHandler.h */ = {isa = PBXFileReference; lastKnownFileType = sourcecode.c.h; path = DataHandler.h; sourceTree = "<group>"; };
		E246F3271610557D0006EA40 /* DataHandler.m */ = {isa = PBXFileReference; lastKnownFileType = sourcecode.c.objc; path = DataHandler.m; sourceTree = "<group>"; };
		E246F3281610557D0006EA40 /* DataSource.h */ = {isa = PBXFileReference; lastKnownFileType = sourcecode.c.h; path = DataSource.h; sourceTree = "<group>"; };
		E246F3291610557D0006EA40 /* DataSource.m */ = {isa = PBXFileReference; lastKnownFileType = sourcecode.c.objc; path = DataSource.m; sourceTree = "<group>"; };
		E246F32B1610557D0006EA40 /* JSON.h */ = {isa = PBXFileReference; lastKnownFileType = sourcecode.c.h; path = JSON.h; sourceTree = "<group>"; };
		E246F32C1610557D0006EA40 /* NSObject+SBJSON.h */ = {isa = PBXFileReference; lastKnownFileType = sourcecode.c.h; path = "NSObject+SBJSON.h"; sourceTree = "<group>"; };
		E246F32D1610557D0006EA40 /* NSObject+SBJSON.m */ = {isa = PBXFileReference; lastKnownFileType = sourcecode.c.objc; path = "NSObject+SBJSON.m"; sourceTree = "<group>"; };
		E246F32E1610557D0006EA40 /* NSString+SBJSON.h */ = {isa = PBXFileReference; lastKnownFileType = sourcecode.c.h; path = "NSString+SBJSON.h"; sourceTree = "<group>"; };
		E246F32F1610557D0006EA40 /* NSString+SBJSON.m */ = {isa = PBXFileReference; lastKnownFileType = sourcecode.c.objc; path = "NSString+SBJSON.m"; sourceTree = "<group>"; };
		E246F3301610557D0006EA40 /* SBJsonBase.h */ = {isa = PBXFileReference; lastKnownFileType = sourcecode.c.h; path = SBJsonBase.h; sourceTree = "<group>"; };
		E246F3311610557D0006EA40 /* SBJsonBase.m */ = {isa = PBXFileReference; lastKnownFileType = sourcecode.c.objc; path = SBJsonBase.m; sourceTree = "<group>"; };
		E246F3321610557D0006EA40 /* SBJsonParser.h */ = {isa = PBXFileReference; lastKnownFileType = sourcecode.c.h; path = SBJsonParser.h; sourceTree = "<group>"; };
		E246F3331610557D0006EA40 /* SBJsonParser.m */ = {isa = PBXFileReference; lastKnownFileType = sourcecode.c.objc; path = SBJsonParser.m; sourceTree = "<group>"; };
		E246F3341610557D0006EA40 /* SBJsonWriter.h */ = {isa = PBXFileReference; lastKnownFileType = sourcecode.c.h; path = SBJsonWriter.h; sourceTree = "<group>"; };
		E246F3351610557D0006EA40 /* SBJsonWriter.m */ = {isa = PBXFileReference; lastKnownFileType = sourcecode.c.objc; path = SBJsonWriter.m; sourceTree = "<group>"; };
		E246F3361610557D0006EA40 /* JsonHandler.h */ = {isa = PBXFileReference; lastKnownFileType = sourcecode.c.h; path = JsonHandler.h; sourceTree = "<group>"; };
		E246F3371610557D0006EA40 /* JsonHandler.m */ = {isa = PBXFileReference; lastKnownFileType = sourcecode.c.objc; path = JsonHandler.m; sourceTree = "<group>"; };
		E246F3381610557D0006EA40 /* Positions.h */ = {isa = PBXFileReference; lastKnownFileType = sourcecode.c.h; path = Positions.h; sourceTree = "<group>"; };
		E246F3391610557D0006EA40 /* Positions.m */ = {isa = PBXFileReference; lastKnownFileType = sourcecode.c.objc; path = Positions.m; sourceTree = "<group>"; };
		E246F33A1610557D0006EA40 /* XMLHandler.h */ = {isa = PBXFileReference; lastKnownFileType = sourcecode.c.h; path = XMLHandler.h; sourceTree = "<group>"; };
		E246F33B1610557D0006EA40 /* XMLHandler.m */ = {isa = PBXFileReference; lastKnownFileType = sourcecode.c.objc; path = XMLHandler.m; sourceTree = "<group>"; };
		E246F3421610557D0006EA40 /* MarkerView.h */ = {isa = PBXFileReference; lastKnownFileType = sourcecode.c.h; path = MarkerView.h; sourceTree = "<group>"; };
		E246F3431610557D0006EA40 /* MarkerView.m */ = {isa = PBXFileReference; lastKnownFileType = sourcecode.c.objc; path = MarkerView.m; sourceTree = "<group>"; };
		E246F3441610557D0006EA40 /* NotificationViewController.h */ = {isa = PBXFileReference; lastKnownFileType = sourcecode.c.h; path = NotificationViewController.h; sourceTree = "<group>"; };
		E246F3451610557D0006EA40 /* NotificationViewController.m */ = {isa = PBXFileReference; lastKnownFileType = sourcecode.c.objc; path = NotificationViewController.m; sourceTree = "<group>"; };
		E246F3471610557D0006EA40 /* Radar.h */ = {isa = PBXFileReference; lastKnownFileType = sourcecode.c.h; path = Radar.h; sourceTree = "<group>"; };
		E246F3481610557D0006EA40 /* Radar.m */ = {isa = PBXFileReference; lastKnownFileType = sourcecode.c.objc; path = Radar.m; sourceTree = "<group>"; };
		E246F3491610557D0006EA40 /* RadarViewPortView.h */ = {isa = PBXFileReference; lastKnownFileType = sourcecode.c.h; path = RadarViewPortView.h; sourceTree = "<group>"; };
		E246F34A1610557D0006EA40 /* RadarViewPortView.m */ = {isa = PBXFileReference; lastKnownFileType = sourcecode.c.objc; path = RadarViewPortView.m; sourceTree = "<group>"; };
		E246F34D1610557D0006EA40 /* AugmentedGeoViewController.h */ = {isa = PBXFileReference; lastKnownFileType = sourcecode.c.h; path = AugmentedGeoViewController.h; sourceTree = "<group>"; };
		E246F34E1610557D0006EA40 /* AugmentedGeoViewController.m */ = {isa = PBXFileReference; lastKnownFileType = sourcecode.c.objc; path = AugmentedGeoViewController.m; sourceTree = "<group>"; };
		E246F34F1610557D0006EA40 /* AugmentedViewController.h */ = {isa = PBXFileReference; lastKnownFileType = sourcecode.c.h; path = AugmentedViewController.h; sourceTree = "<group>"; };
		E246F3501610557D0006EA40 /* AugmentedViewController.m */ = {isa = PBXFileReference; lastKnownFileType = sourcecode.c.objc; path = AugmentedViewController.m; sourceTree = "<group>"; };
		E246F3511610557D0006EA40 /* ListViewController.h */ = {isa = PBXFileReference; lastKnownFileType = sourcecode.c.h; path = ListViewController.h; sourceTree = "<group>"; };
		E246F3521610557D0006EA40 /* ListViewController.m */ = {isa = PBXFileReference; lastKnownFileType = sourcecode.c.objc; path = ListViewController.m; sourceTree = "<group>"; };
		E246F3531610557D0006EA40 /* MapViewController.h */ = {isa = PBXFileReference; lastKnownFileType = sourcecode.c.h; path = MapViewController.h; sourceTree = "<group>"; };
		E246F3541610557D0006EA40 /* MapViewController.m */ = {isa = PBXFileReference; lastKnownFileType = sourcecode.c.objc; path = MapViewController.m; sourceTree = "<group>"; };
		E246F3551610557D0006EA40 /* MoreViewController.h */ = {isa = PBXFileReference; lastKnownFileType = sourcecode.c.h; path = MoreViewController.h; sourceTree = "<group>"; };
		E246F3561610557D0006EA40 /* MoreViewController.m */ = {isa = PBXFileReference; lastKnownFileType = sourcecode.c.objc; path = MoreViewController.m; sourceTree = "<group>"; };
		E246F3581610557D0006EA40 /* SourceTableCell.h */ = {isa = PBXFileReference; lastKnownFileType = sourcecode.c.h; path = SourceTableCell.h; sourceTree = "<group>"; };
		E246F3591610557D0006EA40 /* SourceTableCell.m */ = {isa = PBXFileReference; lastKnownFileType = sourcecode.c.objc; path = SourceTableCell.m; sourceTree = "<group>"; };
		E246F35A1610557D0006EA40 /* SourceViewController.h */ = {isa = PBXFileReference; lastKnownFileType = sourcecode.c.h; path = SourceViewController.h; sourceTree = "<group>"; };
		E246F35B1610557D0006EA40 /* SourceViewController.m */ = {isa = PBXFileReference; lastKnownFileType = sourcecode.c.objc; path = SourceViewController.m; sourceTree = "<group>"; };
		E246F35C1610557D0006EA40 /* WebViewController.h */ = {isa = PBXFileReference; lastKnownFileType = sourcecode.c.h; path = WebViewController.h; sourceTree = "<group>"; };
		E246F35D1610557D0006EA40 /* WebViewController.m */ = {isa = PBXFileReference; lastKnownFileType = sourcecode.c.objc; path = WebViewController.m; sourceTree = "<group>"; };
		E246F35E1610557D0006EA40 /* MixareAppDelegate.h */ = {isa = PBXFileReference; lastKnownFileType = sourcecode.c.h; path = MixareAppDelegate.h; sourceTree = "<group>"; };
		E246F35F1610557D0006EA40 /* MixareAppDelegate.m */ = {isa = PBXFileReference; lastKnownFileType = sourcecode.c.objc; path = MixareAppDelegate.m; sourceTree = "<group>"; };
		E246F3611610557D0006EA40 /* PhysicalPlace.h */ = {isa = PBXFileReference; lastKnownFileType = sourcecode.c.h; path = PhysicalPlace.h; sourceTree = "<group>"; };
		E246F3621610557D0006EA40 /* PhysicalPlace.m */ = {isa = PBXFileReference; lastKnownFileType = sourcecode.c.objc; path = PhysicalPlace.m; sourceTree = "<group>"; };
		E246F3631610557D0006EA40 /* PoiItem.h */ = {isa = PBXFileReference; lastKnownFileType = sourcecode.c.h; path = PoiItem.h; sourceTree = "<group>"; };
		E246F3641610557D0006EA40 /* PoiItem.m */ = {isa = PBXFileReference; lastKnownFileType = sourcecode.c.objc; path = PoiItem.m; sourceTree = "<group>"; };
		E246F3651610557D0006EA40 /* Default.png */ = {isa = PBXFileReference; lastKnownFileType = image.png; path = Default.png; sourceTree = "<group>"; };
		E246F3661610557D0006EA40 /* Default@2x.png */ = {isa = PBXFileReference; lastKnownFileType = image.png; path = "Default@2x.png"; sourceTree = "<group>"; };
		E246F3681610557D0006EA40 /* English */ = {isa = PBXFileReference; lastKnownFileType = text.plist.strings; name = English; path = English.lproj/Localizable.strings; sourceTree = "<group>"; };
		E246F36A1610557D0006EA40 /* English */ = {isa = PBXFileReference; lastKnownFileType = text.plist.strings; name = English; path = English.lproj/s.strings; sourceTree = "<group>"; };
		E246F36C1610557D0006EA40 /* AVFoundation.framework */ = {isa = PBXFileReference; lastKnownFileType = wrapper.framework; path = AVFoundation.framework; sourceTree = "<group>"; };
		E246F36D1610557D0006EA40 /* CoreMedia.framework */ = {isa = PBXFileReference; lastKnownFileType = wrapper.framework; path = CoreMedia.framework; sourceTree = "<group>"; };
		E246F36E1610557D0006EA40 /* CoreVideo.framework */ = {isa = PBXFileReference; lastKnownFileType = wrapper.framework; path = CoreVideo.framework; sourceTree = "<group>"; };
		E246F36F1610557D0006EA40 /* libiconv.2.4.0.dylib */ = {isa = PBXFileReference; lastKnownFileType = file; path = libiconv.2.4.0.dylib; sourceTree = "<group>"; };
		E246F3701610557D0006EA40 /* QuartzCore.framework */ = {isa = PBXFileReference; lastKnownFileType = wrapper.framework; path = QuartzCore.framework; sourceTree = "<group>"; };
		E246F3711610557D0006EA40 /* German */ = {isa = PBXFileReference; lastKnownFileType = text.plist.strings; name = German; path = German.lproj/Localizable.strings; sourceTree = "<group>"; };
		E246F3731610557D0006EA40 /* German */ = {isa = PBXFileReference; lastKnownFileType = file.xib; name = German; path = German.lproj/MainWindow.xib; sourceTree = "<group>"; };
		E246F3751610557D0006EA40 /* buzz_logo.png */ = {isa = PBXFileReference; lastKnownFileType = image.png; path = buzz_logo.png; sourceTree = "<group>"; };
		E246F3761610557D0006EA40 /* buzz_logo_small.png */ = {isa = PBXFileReference; lastKnownFileType = image.png; path = buzz_logo_small.png; sourceTree = "<group>"; };
		E246F3771610557D0006EA40 /* circle.png */ = {isa = PBXFileReference; lastKnownFileType = image.png; path = circle.png; sourceTree = "<group>"; };
		E246F3781610557D0006EA40 /* icon_map.png */ = {isa = PBXFileReference; lastKnownFileType = image.png; path = icon_map.png; sourceTree = "<group>"; };
		E246F3791610557D0006EA40 /* logo.png */ = {isa = PBXFileReference; lastKnownFileType = image.png; path = logo.png; sourceTree = "<group>"; };
		E246F37A1610557D0006EA40 /* logo_mixare_round.png */ = {isa = PBXFileReference; lastKnownFileType = image.png; path = logo_mixare_round.png; sourceTree = "<group>"; };
		E246F37B1610557D0006EA40 /* mixare_512x512px.png */ = {isa = PBXFileReference; lastKnownFileType = image.png; path = mixare_512x512px.png; sourceTree = "<group>"; };
		E246F37C1610557D0006EA40 /* mixare_button.png */ = {isa = PBXFileReference; lastKnownFileType = image.png; path = mixare_button.png; sourceTree = "<group>"; };
		E246F37E1610557D0006EA40 /* camera.png */ = {isa = PBXFileReference; lastKnownFileType = image.png; path = camera.png; sourceTree = "<group>"; };
		E246F37F1610557D0006EA40 /* icon_datasource.png */ = {isa = PBXFileReference; lastKnownFileType = image.png; path = icon_datasource.png; sourceTree = "<group>"; };
		E246F3801610557D0006EA40 /* list.png */ = {isa = PBXFileReference; lastKnownFileType = image.png; path = list.png; sourceTree = "<group>"; };
		E246F3811610557D0006EA40 /* map.png */ = {isa = PBXFileReference; lastKnownFileType = image.png; path = map.png; sourceTree = "<group>"; };
		E246F3821610557D0006EA40 /* source.png */ = {isa = PBXFileReference; lastKnownFileType = image.png; path = source.png; sourceTree = "<group>"; };
		E246F3831610557D0006EA40 /* twitter_logo.png */ = {isa = PBXFileReference; lastKnownFileType = image.png; path = twitter_logo.png; sourceTree = "<group>"; };
		E246F3841610557D0006EA40 /* twitter_logo_small.png */ = {isa = PBXFileReference; lastKnownFileType = image.png; path = twitter_logo_small.png; sourceTree = "<group>"; };
		E246F3851610557D0006EA40 /* wikipedia_logo.png */ = {isa = PBXFileReference; lastKnownFileType = image.png; path = wikipedia_logo.png; sourceTree = "<group>"; };
		E246F3861610557D0006EA40 /* wikipedia_logo_small.png */ = {isa = PBXFileReference; lastKnownFileType = image.png; path = wikipedia_logo_small.png; sourceTree = "<group>"; };
		E246F3871610557D0006EA40 /* Italian */ = {isa = PBXFileReference; lastKnownFileType = text.plist.strings; name = Italian; path = Italian.lproj/Localizable.strings; sourceTree = "<group>"; };
		E246F3881610557D0006EA40 /* main.m */ = {isa = PBXFileReference; lastKnownFileType = sourcecode.c.objc; path = main.m; sourceTree = "<group>"; };
		E246F3891610557D0006EA40 /* MainWindow.xib */ = {isa = PBXFileReference; lastKnownFileType = file.xib; path = MainWindow.xib; sourceTree = "<group>"; };
		E246F38A1610557D0006EA40 /* Mixare-Info.plist */ = {isa = PBXFileReference; lastKnownFileType = text.plist.xml; path = "Mixare-Info.plist"; sourceTree = "<group>"; };
		E246F38C1610557D0006EA40 /* mixare-logo_114x114_72_dpi.png */ = {isa = PBXFileReference; lastKnownFileType = image.png; path = "mixare-logo_114x114_72_dpi.png"; sourceTree = "<group>"; };
		E246F38D1610557D0006EA40 /* mixare-logo_57x57_72_dpi.png */ = {isa = PBXFileReference; lastKnownFileType = image.png; path = "mixare-logo_57x57_72_dpi.png"; sourceTree = "<group>"; };
		E246F38E1610557D0006EA40 /* Mixare.xcodeproj */ = {isa = PBXFileReference; lastKnownFileType = "wrapper.pb-project"; path = Mixare.xcodeproj; sourceTree = "<group>"; };
		E246F3911610557D0006EA40 /* Mixare_Prefix.pch */ = {isa = PBXFileReference; lastKnownFileType = sourcecode.c.h; path = Mixare_Prefix.pch; sourceTree = "<group>"; };
		E246F3921610557D0006EA40 /* nl */ = {isa = PBXFileReference; lastKnownFileType = text.plist.strings; name = nl; path = nl.lproj/Localizable.strings; sourceTree = "<group>"; };
		E246F3931610557D0006EA40 /* README */ = {isa = PBXFileReference; lastKnownFileType = text; path = README; sourceTree = "<group>"; };
		E246F3941610557D0006EA40 /* SourceCell.xib */ = {isa = PBXFileReference; lastKnownFileType = file.xib; path = SourceCell.xib; sourceTree = "<group>"; };
		E246F3971610557D0006EA40 /* en */ = {isa = PBXFileReference; lastKnownFileType = text.plist.strings; name = en; path = en.lproj/InfoPlist.strings; sourceTree = "<group>"; };
		E246F3981610557D0006EA40 /* UnitTests-Info.plist */ = {isa = PBXFileReference; lastKnownFileType = text.plist.xml; path = "UnitTests-Info.plist"; sourceTree = "<group>"; };
		E246F3991610557D0006EA40 /* UnitTests-Prefix.pch */ = {isa = PBXFileReference; lastKnownFileType = sourcecode.c.h; path = "UnitTests-Prefix.pch"; sourceTree = "<group>"; };
		E246F39A1610557D0006EA40 /* UnitTests.h */ = {isa = PBXFileReference; lastKnownFileType = sourcecode.c.h; path = UnitTests.h; sourceTree = "<group>"; };
		E246F39B1610557D0006EA40 /* UnitTests.m */ = {isa = PBXFileReference; lastKnownFileType = sourcecode.c.objc; path = UnitTests.m; sourceTree = "<group>"; };
		E246F39C1610557D0006EA40 /* WebView.xib */ = {isa = PBXFileReference; lastKnownFileType = file.xib; path = WebView.xib; sourceTree = "<group>"; };
		E246F3AA161061CB0006EA40 /* Position.h */ = {isa = PBXFileReference; fileEncoding = 4; lastKnownFileType = sourcecode.c.h; path = Position.h; sourceTree = "<group>"; };
		E246F3AB161061CB0006EA40 /* Position.m */ = {isa = PBXFileReference; fileEncoding = 4; lastKnownFileType = sourcecode.c.objc; path = Position.m; sourceTree = "<group>"; };
		E2AB940516071F4C006F8884 /* QuartzCore.framework */ = {isa = PBXFileReference; lastKnownFileType = wrapper.framework; name = QuartzCore.framework; path = Frameworks/QuartzCore.framework; sourceTree = "<group>"; };
		E2AB940816071F63006F8884 /* CoreMedia.framework */ = {isa = PBXFileReference; lastKnownFileType = wrapper.framework; name = CoreMedia.framework; path = Frameworks/CoreMedia.framework; sourceTree = "<group>"; };
		E2AB940A16071F6E006F8884 /* CoreVideo.framework */ = {isa = PBXFileReference; lastKnownFileType = wrapper.framework; name = CoreVideo.framework; path = Frameworks/CoreVideo.framework; sourceTree = "<group>"; };
		E2AB940C16071F7E006F8884 /* AVFoundation.framework */ = {isa = PBXFileReference; lastKnownFileType = wrapper.framework; name = AVFoundation.framework; path = Frameworks/AVFoundation.framework; sourceTree = "<group>"; };
		E2AB940E1607208F006F8884 /* CoreMotion.framework */ = {isa = PBXFileReference; lastKnownFileType = wrapper.framework; name = CoreMotion.framework; path = System/Library/Frameworks/CoreMotion.framework; sourceTree = SDKROOT; };
		E2AB94101607268E006F8884 /* libiconv.2.4.0.dylib */ = {isa = PBXFileReference; lastKnownFileType = "compiled.mach-o.dylib"; name = libiconv.2.4.0.dylib; path = Frameworks/libiconv.2.4.0.dylib; sourceTree = "<group>"; };
		E2CBF67915F7985800983C98 /* nl */ = {isa = PBXFileReference; lastKnownFileType = text.plist.strings; name = nl; path = nl.lproj/Localizable.strings; sourceTree = "<group>"; };
		E2DFCF81160B25470045A6C4 /* UnitTests.octest */ = {isa = PBXFileReference; explicitFileType = wrapper.cfbundle; includeInIndex = 0; path = UnitTests.octest; sourceTree = BUILT_PRODUCTS_DIR; };
		E2DFCF82160B25470045A6C4 /* SenTestingKit.framework */ = {isa = PBXFileReference; lastKnownFileType = wrapper.framework; name = SenTestingKit.framework; path = Library/Frameworks/SenTestingKit.framework; sourceTree = DEVELOPER_DIR; };
		E2DFCF88160B25470045A6C4 /* UnitTests-Info.plist */ = {isa = PBXFileReference; lastKnownFileType = text.plist.xml; path = "UnitTests-Info.plist"; sourceTree = "<group>"; };
		E2DFCF8A160B25470045A6C4 /* en */ = {isa = PBXFileReference; lastKnownFileType = text.plist.strings; name = en; path = en.lproj/InfoPlist.strings; sourceTree = "<group>"; };
		E2DFCF8C160B25470045A6C4 /* UnitTests.h */ = {isa = PBXFileReference; lastKnownFileType = sourcecode.c.h; path = UnitTests.h; sourceTree = "<group>"; };
		E2DFCF8D160B25470045A6C4 /* UnitTests.m */ = {isa = PBXFileReference; lastKnownFileType = sourcecode.c.objc; path = UnitTests.m; sourceTree = "<group>"; };
		E2DFCF8F160B25470045A6C4 /* UnitTests-Prefix.pch */ = {isa = PBXFileReference; lastKnownFileType = sourcecode.c.h; path = "UnitTests-Prefix.pch"; sourceTree = "<group>"; };
/* End PBXFileReference section */

/* Begin PBXFrameworksBuildPhase section */
		1D60588F0D05DD3D006BFB54 /* Frameworks */ = {
			isa = PBXFrameworksBuildPhase;
			buildActionMask = 2147483647;
			files = (
				E2AB940F1607208F006F8884 /* CoreMotion.framework in Frameworks */,
				36876BD4128BFFCC00C416F5 /* QuartzCore.framework in Frameworks */,
				3685BA2E12756566005FF922 /* MapKit.framework in Frameworks */,
				3685BA2C1275653F005FF922 /* CoreLocation.framework in Frameworks */,
				1D60589F0D05DD5A006BFB54 /* Foundation.framework in Frameworks */,
				1DF5F4E00D08C38300B7A737 /* UIKit.framework in Frameworks */,
				288765080DF74369002DB57D /* CoreGraphics.framework in Frameworks */,
			);
			runOnlyForDeploymentPostprocessing = 0;
		};
		E2DFCF7D160B25470045A6C4 /* Frameworks */ = {
			isa = PBXFrameworksBuildPhase;
			buildActionMask = 2147483647;
			files = (
				E246F31516104AFF0006EA40 /* libiconv.2.4.0.dylib in Frameworks */,
				E246F31616104B140006EA40 /* CoreMotion.framework in Frameworks */,
				E246F31716104B140006EA40 /* AVFoundation.framework in Frameworks */,
				E246F31816104B140006EA40 /* CoreVideo.framework in Frameworks */,
				E246F31916104B140006EA40 /* CoreMedia.framework in Frameworks */,
				E246F31A16104B140006EA40 /* QuartzCore.framework in Frameworks */,
				E246F31B16104B140006EA40 /* QuartzCore.framework in Frameworks */,
				E246F31C16104B140006EA40 /* MapKit.framework in Frameworks */,
				E246F31D16104B140006EA40 /* CoreLocation.framework in Frameworks */,
				E2DFCF85160B25470045A6C4 /* Foundation.framework in Frameworks */,
				E246F31E16104B140006EA40 /* CoreGraphics.framework in Frameworks */,
				E2DFCF83160B25470045A6C4 /* SenTestingKit.framework in Frameworks */,
				E2DFCF84160B25470045A6C4 /* UIKit.framework in Frameworks */,
			);
			runOnlyForDeploymentPostprocessing = 0;
		};
/* End PBXFrameworksBuildPhase section */

/* Begin PBXGroup section */
		080E96DDFE201D6D7F000001 /* Classes */ = {
			isa = PBXGroup;
			children = (
				36B3DC8112B9FB3500670FCF /* MixareAppDelegate.m */,
				36B3DC8212B9FB3500670FCF /* MixareAppDelegate.h */,
				365B607B12B9F9100014850C /* gui */,
				365B605D12B9F7740014850C /* data */,
				365B605612B9F7230014850C /* reality */,
			);
			path = Classes;
			sourceTree = "<group>";
		};
		19C28FACFE9D520D11CA2CBB /* Products */ = {
			isa = PBXGroup;
			children = (
				1D6058910D05DD3D006BFB54 /* Mixare.app */,
				E2DFCF81160B25470045A6C4 /* UnitTests.octest */,
			);
			name = Products;
			sourceTree = "<group>";
		};
		29B97314FDCFA39411CA2CEA /* Mixare */ = {
			isa = PBXGroup;
			children = (
				E246F3211610557D0006EA40 /* mixare-iphone */,
				365C5C2E12B0FE6900E2A924 /* mixare-logo_57x57_72_dpi.png */,
				365C5C2C12B0FE5B00E2A924 /* mixare-logo_114x114_72_dpi.png */,
				3655C9AE12B0CB2700AE6540 /* Default@2x.png */,
				3655C9AC12B0CB1E00AE6540 /* Default.png */,
				080E96DDFE201D6D7F000001 /* Classes */,
				29B97315FDCFA39411CA2CEA /* Other Sources */,
				29B97317FDCFA39411CA2CEA /* Resources */,
				E2DFCF86160B25470045A6C4 /* UnitTests */,
				29B97323FDCFA39411CA2CEA /* Frameworks */,
				19C28FACFE9D520D11CA2CBB /* Products */,
			);
			name = Mixare;
			sourceTree = "<group>";
		};
		29B97315FDCFA39411CA2CEA /* Other Sources */ = {
			isa = PBXGroup;
			children = (
				36B3DC8412B9FCF100670FCF /* images */,
				28A0AB4B0D9B1048005BE974 /* Mixare_Prefix.pch */,
				29B97316FDCFA39411CA2CEA /* main.m */,
			);
			name = "Other Sources";
			sourceTree = "<group>";
		};
		29B97317FDCFA39411CA2CEA /* Resources */ = {
			isa = PBXGroup;
			children = (
				365F945D12AE737800286824 /* Localizable.strings */,
				3626B93A12840B1600B52201 /* SourceCell.xib */,
				28AD73870D9D96C1002E5188 /* MainWindow.xib */,
				36A31584128D6E15002D1C57 /* WebView.xib */,
				8D1107310486CEB800E47090 /* Mixare-Info.plist */,
			);
			name = Resources;
			sourceTree = "<group>";
		};
		29B97323FDCFA39411CA2CEA /* Frameworks */ = {
			isa = PBXGroup;
			children = (
				E2AB94101607268E006F8884 /* libiconv.2.4.0.dylib */,
				E2AB940E1607208F006F8884 /* CoreMotion.framework */,
				E2AB940C16071F7E006F8884 /* AVFoundation.framework */,
				E2AB940A16071F6E006F8884 /* CoreVideo.framework */,
				E2AB940816071F63006F8884 /* CoreMedia.framework */,
				E2AB940516071F4C006F8884 /* QuartzCore.framework */,
				36876BD3128BFFCC00C416F5 /* QuartzCore.framework */,
				3685BA2D12756566005FF922 /* MapKit.framework */,
				3685BA2B1275653F005FF922 /* CoreLocation.framework */,
				1DF5F4DF0D08C38300B7A737 /* UIKit.framework */,
				1D30AB110D05D00D00671497 /* Foundation.framework */,
				288765070DF74369002DB57D /* CoreGraphics.framework */,
				E2DFCF82160B25470045A6C4 /* SenTestingKit.framework */,
			);
			name = Frameworks;
			sourceTree = "<group>";
		};
		365B605612B9F7230014850C /* reality */ = {
			isa = PBXGroup;
			children = (
				365B605712B9F7230014850C /* PhysicalPlace.h */,
				365B605812B9F7230014850C /* PhysicalPlace.m */,
				365B605912B9F7230014850C /* PoiItem.h */,
				365B605A12B9F7230014850C /* PoiItem.m */,
			);
			path = reality;
			sourceTree = "<group>";
		};
		365B605D12B9F7740014850C /* data */ = {
			isa = PBXGroup;
			children = (
				365B605E12B9F7740014850C /* DataHandler.h */,
				365B605F12B9F7740014850C /* DataHandler.m */,
				365B606012B9F7740014850C /* DataSource.h */,
				365B606112B9F7740014850C /* DataSource.m */,
				E246F3AA161061CB0006EA40 /* Position.h */,
				E246F3AB161061CB0006EA40 /* Position.m */,
				365B606212B9F7740014850C /* json */,
				365B606E12B9F7740014850C /* JsonHandler.h */,
				365B606F12B9F7740014850C /* JsonHandler.m */,
				365B607012B9F7740014850C /* XMLHandler.h */,
				365B607112B9F7740014850C /* XMLHandler.m */,
			);
			path = data;
			sourceTree = "<group>";
		};
		365B606212B9F7740014850C /* json */ = {
			isa = PBXGroup;
			children = (
				365B606312B9F7740014850C /* JSON.h */,
				365B606412B9F7740014850C /* NSObject+SBJSON.h */,
				365B606512B9F7740014850C /* NSObject+SBJSON.m */,
				365B606612B9F7740014850C /* NSString+SBJSON.h */,
				365B606712B9F7740014850C /* NSString+SBJSON.m */,
				365B606812B9F7740014850C /* SBJsonBase.h */,
				365B606912B9F7740014850C /* SBJsonBase.m */,
				365B606A12B9F7740014850C /* SBJsonParser.h */,
				365B606B12B9F7740014850C /* SBJsonParser.m */,
				365B606C12B9F7740014850C /* SBJsonWriter.h */,
				365B606D12B9F7740014850C /* SBJsonWriter.m */,
			);
			path = json;
			sourceTree = "<group>";
		};
		365B607B12B9F9100014850C /* gui */ = {
			isa = PBXGroup;
			children = (
				365B607C12B9F9100014850C /* MarkerView.h */,
				365B607D12B9F9100014850C /* MarkerView.m */,
				365B607E12B9F9100014850C /* NotificationViewController.h */,
				365B607F12B9F9100014850C /* NotificationViewController.m */,
				365B608012B9F9100014850C /* radarView */,
				365B608512B9F9100014850C /* tabbarControllers */,
				365B609612B9F9100014850C /* WebViewController.h */,
				365B609712B9F9100014850C /* WebViewController.m */,
			);
			path = gui;
			sourceTree = "<group>";
		};
		365B608012B9F9100014850C /* radarView */ = {
			isa = PBXGroup;
			children = (
				365B608112B9F9100014850C /* Radar.h */,
				365B608212B9F9100014850C /* Radar.m */,
				365B608312B9F9100014850C /* RadarViewPortView.h */,
				365B608412B9F9100014850C /* RadarViewPortView.m */,
			);
			path = radarView;
			sourceTree = "<group>";
		};
		365B608512B9F9100014850C /* tabbarControllers */ = {
			isa = PBXGroup;
			children = (
				365B608612B9F9100014850C /* augmentedView */,
				365B608B12B9F9100014850C /* ListViewController.h */,
				365B608C12B9F9100014850C /* ListViewController.m */,
				365B608D12B9F9100014850C /* MapViewController.h */,
				365B608E12B9F9100014850C /* MapViewController.m */,
				365B608F12B9F9100014850C /* MoreViewController.h */,
				365B609012B9F9100014850C /* MoreViewController.m */,
				365B609112B9F9100014850C /* sourceView */,
			);
			path = tabbarControllers;
			sourceTree = "<group>";
		};
		365B608612B9F9100014850C /* augmentedView */ = {
			isa = PBXGroup;
			children = (
				365B608712B9F9100014850C /* AugmentedGeoViewController.h */,
				365B608812B9F9100014850C /* AugmentedGeoViewController.m */,
				365B608912B9F9100014850C /* AugmentedViewController.h */,
				365B608A12B9F9100014850C /* AugmentedViewController.m */,
			);
			path = augmentedView;
			sourceTree = "<group>";
		};
		365B609112B9F9100014850C /* sourceView */ = {
			isa = PBXGroup;
			children = (
				365B609212B9F9100014850C /* SourceTableCell.h */,
				365B609312B9F9100014850C /* SourceTableCell.m */,
				365B609412B9F9100014850C /* SourceViewController.h */,
				365B609512B9F9100014850C /* SourceViewController.m */,
			);
			path = sourceView;
			sourceTree = "<group>";
		};
		36B3DC8412B9FCF100670FCF /* images */ = {
			isa = PBXGroup;
			children = (
				36B3DC8512B9FCF100670FCF /* buzz_logo.png */,
				36B3DC8612B9FCF100670FCF /* buzz_logo_small.png */,
				36B3DC8712B9FCF100670FCF /* circle.png */,
				36B3DC8812B9FCF100670FCF /* logo_mixare_round.png */,
				36B3DC8912B9FCF100670FCF /* mixare_512x512px.png */,
				36B3DC8A12B9FCF100670FCF /* mixare_button.png */,
				36B3DC8B12B9FCF100670FCF /* tabbarIcons */,
				36B3DC9012B9FCF100670FCF /* twitter_logo.png */,
				36B3DC9112B9FCF100670FCF /* twitter_logo_small.png */,
				36B3DC9212B9FCF100670FCF /* wikipedia_logo.png */,
				36B3DC9312B9FCF100670FCF /* wikipedia_logo_small.png */,
			);
			path = images;
			sourceTree = "<group>";
		};
		36B3DC8B12B9FCF100670FCF /* tabbarIcons */ = {
			isa = PBXGroup;
			children = (
				3602A50212B9FE0F00B92585 /* icon_datasource.png */,
				36B3DC8C12B9FCF100670FCF /* camera.png */,
				36B3DC8D12B9FCF100670FCF /* list.png */,
				36B3DC8E12B9FCF100670FCF /* map.png */,
				36B3DC8F12B9FCF100670FCF /* source.png */,
			);
			path = tabbarIcons;
			sourceTree = "<group>";
		};
		E246F3211610557D0006EA40 /* mixare-iphone */ = {
			isa = PBXGroup;
			children = (
				E246F3221610557D0006EA40 /* ClassDiagram */,
				E246F3241610557D0006EA40 /* Classes */,
				E246F3651610557D0006EA40 /* Default.png */,
				E246F3661610557D0006EA40 /* Default@2x.png */,
				E246F3671610557D0006EA40 /* Localizable.strings */,
				E246F3691610557D0006EA40 /* s.strings */,
				E246F36B1610557D0006EA40 /* Frameworks */,
				E246F3721610557D0006EA40 /* MainWindow.xib */,
				E246F3741610557D0006EA40 /* images */,
				E246F3881610557D0006EA40 /* main.m */,
				E246F3891610557D0006EA40 /* MainWindow.xib */,
				E246F38A1610557D0006EA40 /* Mixare-Info.plist */,
				E246F38B1610557D0006EA40 /* mixare-iphone */,
				E246F38C1610557D0006EA40 /* mixare-logo_114x114_72_dpi.png */,
				E246F38D1610557D0006EA40 /* mixare-logo_57x57_72_dpi.png */,
				E246F38E1610557D0006EA40 /* Mixare.xcodeproj */,
				E246F3911610557D0006EA40 /* Mixare_Prefix.pch */,
				E246F3931610557D0006EA40 /* README */,
				E246F3941610557D0006EA40 /* SourceCell.xib */,
				E246F3951610557D0006EA40 /* UnitTests */,
				E246F39C1610557D0006EA40 /* WebView.xib */,
			);
			name = "mixare-iphone";
			sourceTree = "<group>";
		};
		E246F3221610557D0006EA40 /* ClassDiagram */ = {
			isa = PBXGroup;
			children = (
				E246F3231610557D0006EA40 /* UML_oldMixareiOS.png */,
			);
			path = ClassDiagram;
			sourceTree = "<group>";
		};
		E246F3241610557D0006EA40 /* Classes */ = {
			isa = PBXGroup;
			children = (
				E246F3251610557D0006EA40 /* data */,
				E246F3411610557D0006EA40 /* gui */,
				E246F35E1610557D0006EA40 /* MixareAppDelegate.h */,
				E246F35F1610557D0006EA40 /* MixareAppDelegate.m */,
				E246F3601610557D0006EA40 /* reality */,
			);
			path = Classes;
			sourceTree = "<group>";
		};
		E246F3251610557D0006EA40 /* data */ = {
			isa = PBXGroup;
			children = (
				E246F3261610557D0006EA40 /* DataHandler.h */,
				E246F3271610557D0006EA40 /* DataHandler.m */,
				E246F3281610557D0006EA40 /* DataSource.h */,
				E246F3291610557D0006EA40 /* DataSource.m */,
				E246F32A1610557D0006EA40 /* json */,
				E246F3361610557D0006EA40 /* JsonHandler.h */,
				E246F3371610557D0006EA40 /* JsonHandler.m */,
				E246F3381610557D0006EA40 /* Positions.h */,
				E246F3391610557D0006EA40 /* Positions.m */,
				E246F33A1610557D0006EA40 /* XMLHandler.h */,
				E246F33B1610557D0006EA40 /* XMLHandler.m */,
				E246F33C1610557D0006EA40 /* ZBarSDK */,
			);
			path = data;
			sourceTree = "<group>";
		};
		E246F32A1610557D0006EA40 /* json */ = {
			isa = PBXGroup;
			children = (
				E246F32B1610557D0006EA40 /* JSON.h */,
				E246F32C1610557D0006EA40 /* NSObject+SBJSON.h */,
				E246F32D1610557D0006EA40 /* NSObject+SBJSON.m */,
				E246F32E1610557D0006EA40 /* NSString+SBJSON.h */,
				E246F32F1610557D0006EA40 /* NSString+SBJSON.m */,
				E246F3301610557D0006EA40 /* SBJsonBase.h */,
				E246F3311610557D0006EA40 /* SBJsonBase.m */,
				E246F3321610557D0006EA40 /* SBJsonParser.h */,
				E246F3331610557D0006EA40 /* SBJsonParser.m */,
				E246F3341610557D0006EA40 /* SBJsonWriter.h */,
				E246F3351610557D0006EA40 /* SBJsonWriter.m */,
			);
			path = json;
			sourceTree = "<group>";
		};
		E246F33C1610557D0006EA40 /* ZBarSDK */ = {
			isa = PBXGroup;
			children = (
				E246F33D1610557D0006EA40 /* Headers */,
				E246F3401610557D0006EA40 /* Resources */,
			);
			path = ZBarSDK;
			sourceTree = "<group>";
		};
		E246F33D1610557D0006EA40 /* Headers */ = {
			isa = PBXGroup;
			children = (
				E246F33E1610557D0006EA40 /* ZBarSDK */,
			);
			path = Headers;
			sourceTree = "<group>";
		};
		E246F33E1610557D0006EA40 /* ZBarSDK */ = {
			isa = PBXGroup;
			children = (
				E246F33F1610557D0006EA40 /* zbar */,
			);
			path = ZBarSDK;
			sourceTree = "<group>";
		};
		E246F33F1610557D0006EA40 /* zbar */ = {
			isa = PBXGroup;
			children = (
			);
			path = zbar;
			sourceTree = "<group>";
		};
		E246F3401610557D0006EA40 /* Resources */ = {
			isa = PBXGroup;
			children = (
			);
			path = Resources;
			sourceTree = "<group>";
		};
		E246F3411610557D0006EA40 /* gui */ = {
			isa = PBXGroup;
			children = (
				E246F3421610557D0006EA40 /* MarkerView.h */,
				E246F3431610557D0006EA40 /* MarkerView.m */,
				E246F3441610557D0006EA40 /* NotificationViewController.h */,
				E246F3451610557D0006EA40 /* NotificationViewController.m */,
				E246F3461610557D0006EA40 /* radarView */,
				E246F34B1610557D0006EA40 /* tabbarControllers */,
				E246F35C1610557D0006EA40 /* WebViewController.h */,
				E246F35D1610557D0006EA40 /* WebViewController.m */,
			);
			path = gui;
			sourceTree = "<group>";
		};
		E246F3461610557D0006EA40 /* radarView */ = {
			isa = PBXGroup;
			children = (
				E246F3471610557D0006EA40 /* Radar.h */,
				E246F3481610557D0006EA40 /* Radar.m */,
				E246F3491610557D0006EA40 /* RadarViewPortView.h */,
				E246F34A1610557D0006EA40 /* RadarViewPortView.m */,
			);
			path = radarView;
			sourceTree = "<group>";
		};
		E246F34B1610557D0006EA40 /* tabbarControllers */ = {
			isa = PBXGroup;
			children = (
				E246F34C1610557D0006EA40 /* augmentedView */,
				E246F3511610557D0006EA40 /* ListViewController.h */,
				E246F3521610557D0006EA40 /* ListViewController.m */,
				E246F3531610557D0006EA40 /* MapViewController.h */,
				E246F3541610557D0006EA40 /* MapViewController.m */,
				E246F3551610557D0006EA40 /* MoreViewController.h */,
				E246F3561610557D0006EA40 /* MoreViewController.m */,
				E246F3571610557D0006EA40 /* sourceView */,
			);
			path = tabbarControllers;
			sourceTree = "<group>";
		};
		E246F34C1610557D0006EA40 /* augmentedView */ = {
			isa = PBXGroup;
			children = (
				E246F34D1610557D0006EA40 /* AugmentedGeoViewController.h */,
				E246F34E1610557D0006EA40 /* AugmentedGeoViewController.m */,
				E246F34F1610557D0006EA40 /* AugmentedViewController.h */,
				E246F3501610557D0006EA40 /* AugmentedViewController.m */,
			);
			path = augmentedView;
			sourceTree = "<group>";
		};
		E246F3571610557D0006EA40 /* sourceView */ = {
			isa = PBXGroup;
			children = (
				E246F3581610557D0006EA40 /* SourceTableCell.h */,
				E246F3591610557D0006EA40 /* SourceTableCell.m */,
				E246F35A1610557D0006EA40 /* SourceViewController.h */,
				E246F35B1610557D0006EA40 /* SourceViewController.m */,
			);
			path = sourceView;
			sourceTree = "<group>";
		};
		E246F3601610557D0006EA40 /* reality */ = {
			isa = PBXGroup;
			children = (
				E246F3611610557D0006EA40 /* PhysicalPlace.h */,
				E246F3621610557D0006EA40 /* PhysicalPlace.m */,
				E246F3631610557D0006EA40 /* PoiItem.h */,
				E246F3641610557D0006EA40 /* PoiItem.m */,
			);
			path = reality;
			sourceTree = "<group>";
		};
		E246F36B1610557D0006EA40 /* Frameworks */ = {
			isa = PBXGroup;
			children = (
				E246F36C1610557D0006EA40 /* AVFoundation.framework */,
				E246F36D1610557D0006EA40 /* CoreMedia.framework */,
				E246F36E1610557D0006EA40 /* CoreVideo.framework */,
				E246F36F1610557D0006EA40 /* libiconv.2.4.0.dylib */,
				E246F3701610557D0006EA40 /* QuartzCore.framework */,
			);
			path = Frameworks;
			sourceTree = "<group>";
		};
		E246F3741610557D0006EA40 /* images */ = {
			isa = PBXGroup;
			children = (
				E246F3751610557D0006EA40 /* buzz_logo.png */,
				E246F3761610557D0006EA40 /* buzz_logo_small.png */,
				E246F3771610557D0006EA40 /* circle.png */,
				E246F3781610557D0006EA40 /* icon_map.png */,
				E246F3791610557D0006EA40 /* logo.png */,
				E246F37A1610557D0006EA40 /* logo_mixare_round.png */,
				E246F37B1610557D0006EA40 /* mixare_512x512px.png */,
				E246F37C1610557D0006EA40 /* mixare_button.png */,
				E246F37D1610557D0006EA40 /* tabbarIcons */,
				E246F3831610557D0006EA40 /* twitter_logo.png */,
				E246F3841610557D0006EA40 /* twitter_logo_small.png */,
				E246F3851610557D0006EA40 /* wikipedia_logo.png */,
				E246F3861610557D0006EA40 /* wikipedia_logo_small.png */,
			);
			path = images;
			sourceTree = "<group>";
		};
		E246F37D1610557D0006EA40 /* tabbarIcons */ = {
			isa = PBXGroup;
			children = (
				E246F37E1610557D0006EA40 /* camera.png */,
				E246F37F1610557D0006EA40 /* icon_datasource.png */,
				E246F3801610557D0006EA40 /* list.png */,
				E246F3811610557D0006EA40 /* map.png */,
				E246F3821610557D0006EA40 /* source.png */,
			);
			path = tabbarIcons;
			sourceTree = "<group>";
		};
		E246F38B1610557D0006EA40 /* mixare-iphone */ = {
			isa = PBXGroup;
			children = (
			);
			path = "mixare-iphone";
			sourceTree = "<group>";
		};
		E246F38F1610557D0006EA40 /* Products */ = {
			isa = PBXGroup;
			name = Products;
			sourceTree = "<group>";
		};
		E246F3951610557D0006EA40 /* UnitTests */ = {
			isa = PBXGroup;
			children = (
				E246F3961610557D0006EA40 /* InfoPlist.strings */,
				E246F3981610557D0006EA40 /* UnitTests-Info.plist */,
				E246F3991610557D0006EA40 /* UnitTests-Prefix.pch */,
				E246F39A1610557D0006EA40 /* UnitTests.h */,
				E246F39B1610557D0006EA40 /* UnitTests.m */,
			);
			path = UnitTests;
			sourceTree = "<group>";
		};
		E2DFCF86160B25470045A6C4 /* UnitTests */ = {
			isa = PBXGroup;
			children = (
				E2DFCF8C160B25470045A6C4 /* UnitTests.h */,
				E2DFCF8D160B25470045A6C4 /* UnitTests.m */,
				E2DFCF87160B25470045A6C4 /* Supporting Files */,
			);
			path = UnitTests;
			sourceTree = "<group>";
		};
		E2DFCF87160B25470045A6C4 /* Supporting Files */ = {
			isa = PBXGroup;
			children = (
				E2DFCF88160B25470045A6C4 /* UnitTests-Info.plist */,
				E2DFCF89160B25470045A6C4 /* InfoPlist.strings */,
				E2DFCF8F160B25470045A6C4 /* UnitTests-Prefix.pch */,
			);
			name = "Supporting Files";
			sourceTree = "<group>";
		};
/* End PBXGroup section */

/* Begin PBXNativeTarget section */
		1D6058900D05DD3D006BFB54 /* Mixare */ = {
			isa = PBXNativeTarget;
			buildConfigurationList = 1D6058960D05DD3E006BFB54 /* Build configuration list for PBXNativeTarget "Mixare" */;
			buildPhases = (
				1D60588D0D05DD3D006BFB54 /* Resources */,
				1D60588E0D05DD3D006BFB54 /* Sources */,
				1D60588F0D05DD3D006BFB54 /* Frameworks */,
			);
			buildRules = (
			);
			dependencies = (
			);
			name = Mixare;
			productName = Mixare;
			productReference = 1D6058910D05DD3D006BFB54 /* Mixare.app */;
			productType = "com.apple.product-type.application";
		};
		E2DFCF80160B25470045A6C4 /* UnitTests */ = {
			isa = PBXNativeTarget;
			buildConfigurationList = E2DFCF92160B25470045A6C4 /* Build configuration list for PBXNativeTarget "UnitTests" */;
			buildPhases = (
				E2DFCF7C160B25470045A6C4 /* Sources */,
				E2DFCF7D160B25470045A6C4 /* Frameworks */,
				E2DFCF7E160B25470045A6C4 /* Resources */,
				E2DFCF7F160B25470045A6C4 /* ShellScript */,
			);
			buildRules = (
			);
			dependencies = (
			);
			name = UnitTests;
			productName = UnitTests;
			productReference = E2DFCF81160B25470045A6C4 /* UnitTests.octest */;
			productType = "com.apple.product-type.bundle";
		};
/* End PBXNativeTarget section */

/* Begin PBXProject section */
		29B97313FDCFA39411CA2CEA /* Project object */ = {
			isa = PBXProject;
			attributes = {
				LastUpgradeCheck = 0420;
				ORGANIZATIONNAME = "Peer GmbH";
			};
			buildConfigurationList = C01FCF4E08A954540054247B /* Build configuration list for PBXProject "Mixare" */;
			compatibilityVersion = "Xcode 3.2";
			developmentRegion = English;
			hasScannedForEncodings = 1;
			knownRegions = (
				English,
				Japanese,
				French,
				German,
				Italian,
				it,
				de,
				nl,
				en,
			);
			mainGroup = 29B97314FDCFA39411CA2CEA /* Mixare */;
			projectDirPath = "";
			projectReferences = (
				{
					ProductGroup = E246F38F1610557D0006EA40 /* Products */;
					ProjectRef = E246F38E1610557D0006EA40 /* Mixare.xcodeproj */;
				},
			);
			projectRoot = "";
			targets = (
				1D6058900D05DD3D006BFB54 /* Mixare */,
				E2DFCF80160B25470045A6C4 /* UnitTests */,
			);
		};
/* End PBXProject section */

/* Begin PBXResourcesBuildPhase section */
		1D60588D0D05DD3D006BFB54 /* Resources */ = {
			isa = PBXResourcesBuildPhase;
			buildActionMask = 2147483647;
			files = (
				365F947112AE7C7000286824 /* MainWindow.xib in Resources */,
				3626B93B12840B1600B52201 /* SourceCell.xib in Resources */,
				36A31585128D6E15002D1C57 /* WebView.xib in Resources */,
				365F945E12AE737800286824 /* Localizable.strings in Resources */,
				3655C9AD12B0CB1E00AE6540 /* Default.png in Resources */,
				3655C9AF12B0CB2700AE6540 /* Default@2x.png in Resources */,
				365C5C2D12B0FE5B00E2A924 /* mixare-logo_114x114_72_dpi.png in Resources */,
				365C5C2F12B0FE6900E2A924 /* mixare-logo_57x57_72_dpi.png in Resources */,
				36B3DC9412B9FCF100670FCF /* buzz_logo.png in Resources */,
				36B3DC9512B9FCF100670FCF /* buzz_logo_small.png in Resources */,
				36B3DC9612B9FCF100670FCF /* circle.png in Resources */,
				36B3DC9712B9FCF100670FCF /* logo_mixare_round.png in Resources */,
				36B3DC9812B9FCF100670FCF /* mixare_512x512px.png in Resources */,
				36B3DC9912B9FCF100670FCF /* mixare_button.png in Resources */,
				36B3DC9A12B9FCF100670FCF /* camera.png in Resources */,
				36B3DC9B12B9FCF100670FCF /* list.png in Resources */,
				36B3DC9C12B9FCF100670FCF /* map.png in Resources */,
				36B3DC9D12B9FCF100670FCF /* source.png in Resources */,
				36B3DC9E12B9FCF100670FCF /* twitter_logo.png in Resources */,
				36B3DC9F12B9FCF100670FCF /* twitter_logo_small.png in Resources */,
				36B3DCA012B9FCF100670FCF /* wikipedia_logo.png in Resources */,
				36B3DCA112B9FCF100670FCF /* wikipedia_logo_small.png in Resources */,
				3602A50312B9FE0F00B92585 /* icon_datasource.png in Resources */,
				E2AB94111607268E006F8884 /* libiconv.2.4.0.dylib in Resources */,
			);
			runOnlyForDeploymentPostprocessing = 0;
		};
		E2DFCF7E160B25470045A6C4 /* Resources */ = {
			isa = PBXResourcesBuildPhase;
			buildActionMask = 2147483647;
			files = (
				E2DFCF8B160B25470045A6C4 /* InfoPlist.strings in Resources */,
			);
			runOnlyForDeploymentPostprocessing = 0;
		};
/* End PBXResourcesBuildPhase section */

/* Begin PBXShellScriptBuildPhase section */
		E2DFCF7F160B25470045A6C4 /* ShellScript */ = {
			isa = PBXShellScriptBuildPhase;
			buildActionMask = 2147483647;
			files = (
			);
			inputPaths = (
			);
			outputPaths = (
			);
			runOnlyForDeploymentPostprocessing = 0;
			shellPath = /bin/sh;
			shellScript = "# Run the unit tests in this test bundle.\n\"${SYSTEM_DEVELOPER_DIR}/Tools/RunUnitTests\"\n";
		};
/* End PBXShellScriptBuildPhase section */

/* Begin PBXSourcesBuildPhase section */
		1D60588E0D05DD3D006BFB54 /* Sources */ = {
			isa = PBXSourcesBuildPhase;
			buildActionMask = 2147483647;
			files = (
				1D60589B0D05DD56006BFB54 /* main.m in Sources */,
				365B605B12B9F7230014850C /* PhysicalPlace.m in Sources */,
				365B605C12B9F7230014850C /* PoiItem.m in Sources */,
				365B607212B9F7740014850C /* DataHandler.m in Sources */,
				365B607312B9F7740014850C /* DataSource.m in Sources */,
				365B607412B9F7740014850C /* NSObject+SBJSON.m in Sources */,
				365B607512B9F7740014850C /* NSString+SBJSON.m in Sources */,
				365B607612B9F7740014850C /* SBJsonBase.m in Sources */,
				365B607712B9F7740014850C /* SBJsonParser.m in Sources */,
				365B607812B9F7740014850C /* SBJsonWriter.m in Sources */,
				365B607912B9F7740014850C /* JsonHandler.m in Sources */,
				365B607A12B9F7740014850C /* XMLHandler.m in Sources */,
				365B609812B9F9100014850C /* MarkerView.m in Sources */,
				365B609912B9F9100014850C /* NotificationViewController.m in Sources */,
				365B609A12B9F9100014850C /* Radar.m in Sources */,
				365B609B12B9F9100014850C /* RadarViewPortView.m in Sources */,
				365B609C12B9F9100014850C /* AugmentedGeoViewController.m in Sources */,
				365B609D12B9F9100014850C /* AugmentedViewController.m in Sources */,
				365B609E12B9F9100014850C /* ListViewController.m in Sources */,
				365B609F12B9F9100014850C /* MapViewController.m in Sources */,
				365B60A012B9F9100014850C /* MoreViewController.m in Sources */,
				365B60A112B9F9100014850C /* SourceTableCell.m in Sources */,
				365B60A212B9F9100014850C /* SourceViewController.m in Sources */,
				365B60A312B9F9100014850C /* WebViewController.m in Sources */,
				36B3DC8312B9FB3500670FCF /* MixareAppDelegate.m in Sources */,
				E246F3AC161061CB0006EA40 /* Position.m in Sources */,
			);
			runOnlyForDeploymentPostprocessing = 0;
		};
		E2DFCF7C160B25470045A6C4 /* Sources */ = {
			isa = PBXSourcesBuildPhase;
			buildActionMask = 2147483647;
			files = (
				E246F39F161057AE0006EA40 /* JSON.h in Sources */,
				E246F3A0161057AE0006EA40 /* NSObject+SBJSON.h in Sources */,
				E246F3A1161057AE0006EA40 /* NSObject+SBJSON.m in Sources */,
				E246F3A2161057AE0006EA40 /* NSString+SBJSON.h in Sources */,
				E246F3A3161057AE0006EA40 /* NSString+SBJSON.m in Sources */,
				E246F3A4161057AE0006EA40 /* SBJsonBase.h in Sources */,
				E246F3A5161057AE0006EA40 /* SBJsonBase.m in Sources */,
				E246F3A6161057AE0006EA40 /* SBJsonParser.h in Sources */,
				E246F3A7161057AE0006EA40 /* SBJsonParser.m in Sources */,
				E246F3A8161057AE0006EA40 /* SBJsonWriter.h in Sources */,
				E246F3A9161057AE0006EA40 /* SBJsonWriter.m in Sources */,
				E2DFCF8E160B25470045A6C4 /* UnitTests.m in Sources */,
				E246F3201610554B0006EA40 /* DataSource.m in Sources */,
				E246F39E1610558A0006EA40 /* JsonHandler.m in Sources */,
				E246F3AD161062550006EA40 /* Position.h in Sources */,
				E246F3AE1610625A0006EA40 /* Position.m in Sources */,
			);
			runOnlyForDeploymentPostprocessing = 0;
		};
/* End PBXSourcesBuildPhase section */

/* Begin PBXVariantGroup section */
		365F945D12AE737800286824 /* Localizable.strings */ = {
			isa = PBXVariantGroup;
			children = (
				365F945A12AE735A00286824 /* English */,
				365F945F12AE738400286824 /* German */,
				365F946012AE738A00286824 /* Italian */,
				E2CBF67915F7985800983C98 /* nl */,
			);
			name = Localizable.strings;
			sourceTree = "<group>";
		};
		E246F3671610557D0006EA40 /* Localizable.strings */ = {
			isa = PBXVariantGroup;
			children = (
				E246F3681610557D0006EA40 /* English */,
				E246F3711610557D0006EA40 /* German */,
				E246F3871610557D0006EA40 /* Italian */,
				E246F3921610557D0006EA40 /* nl */,
			);
			name = Localizable.strings;
			sourceTree = "<group>";
		};
		E246F3691610557D0006EA40 /* s.strings */ = {
			isa = PBXVariantGroup;
			children = (
				E246F36A1610557D0006EA40 /* English */,
			);
			name = s.strings;
			sourceTree = "<group>";
		};
		E246F3721610557D0006EA40 /* MainWindow.xib */ = {
			isa = PBXVariantGroup;
			children = (
				E246F3731610557D0006EA40 /* German */,
			);
			name = MainWindow.xib;
			sourceTree = "<group>";
		};
		E246F3961610557D0006EA40 /* InfoPlist.strings */ = {
			isa = PBXVariantGroup;
			children = (
				E246F3971610557D0006EA40 /* en */,
			);
			name = InfoPlist.strings;
			sourceTree = "<group>";
		};
		E2DFCF89160B25470045A6C4 /* InfoPlist.strings */ = {
			isa = PBXVariantGroup;
			children = (
				E2DFCF8A160B25470045A6C4 /* en */,
			);
			name = InfoPlist.strings;
			sourceTree = "<group>";
		};
/* End PBXVariantGroup section */

/* Begin XCBuildConfiguration section */
		1D6058940D05DD3E006BFB54 /* Debug */ = {
			isa = XCBuildConfiguration;
			buildSettings = {
				ALWAYS_SEARCH_USER_PATHS = NO;
				"CODE_SIGN_IDENTITY[sdk=iphoneos*]" = "iPhone Developer: Aswin Ly (3EK88MD753)";
				COPY_PHASE_STRIP = NO;
				FRAMEWORK_SEARCH_PATHS = (
					"$(inherited)",
					"\"$(SRCROOT)\"",
					"\"$(SRCROOT)/Frameworks\"",
				);
				GCC_DYNAMIC_NO_PIC = NO;
				GCC_GENERATE_TEST_COVERAGE_FILES = YES;
				GCC_INSTRUMENT_PROGRAM_FLOW_ARCS = YES;
				GCC_OPTIMIZATION_LEVEL = 0;
				GCC_PRECOMPILE_PREFIX_HEADER = YES;
				GCC_PREFIX_HEADER = Mixare_Prefix.pch;
				INFOPLIST_FILE = "Mixare-Info.plist";
				IPHONEOS_DEPLOYMENT_TARGET = 5.0;
				LIBRARY_SEARCH_PATHS = (
					"$(inherited)",
					"\"$(SRCROOT)/Classes/data/ZBarSDK\"",
					"\"$(SRCROOT)\"",
					"\"$(SRCROOT)/Frameworks\"",
				);
				PRODUCT_NAME = Mixare;
				"PROVISIONING_PROFILE[sdk=iphoneos*]" = "8769FD00-3E0D-488A-AF04-1D46FB2804DB";
				VALIDATE_PRODUCT = YES;
			};
			name = Debug;
		};
		1D6058950D05DD3E006BFB54 /* Release */ = {
			isa = XCBuildConfiguration;
			buildSettings = {
				ALWAYS_SEARCH_USER_PATHS = NO;
				COPY_PHASE_STRIP = YES;
				FRAMEWORK_SEARCH_PATHS = (
					"$(inherited)",
					"\"$(SRCROOT)\"",
					"\"$(SRCROOT)/Frameworks\"",
				);
				GCC_GENERATE_TEST_COVERAGE_FILES = YES;
				GCC_INSTRUMENT_PROGRAM_FLOW_ARCS = YES;
				GCC_PRECOMPILE_PREFIX_HEADER = YES;
				GCC_PREFIX_HEADER = Mixare_Prefix.pch;
				INFOPLIST_FILE = "Mixare-Info.plist";
				IPHONEOS_DEPLOYMENT_TARGET = 5.0;
				LIBRARY_SEARCH_PATHS = (
					"$(inherited)",
					"\"$(SRCROOT)/Classes/data/ZBarSDK\"",
					"\"$(SRCROOT)\"",
					"\"$(SRCROOT)/Frameworks\"",
				);
				PRODUCT_NAME = Mixare;
				VALIDATE_PRODUCT = YES;
			};
			name = Release;
		};
		C01FCF4F08A954540054247B /* Debug */ = {
			isa = XCBuildConfiguration;
			buildSettings = {
				ARCHS = "$(ARCHS_STANDARD_32_BIT)";
				"CODE_SIGN_IDENTITY[sdk=iphoneos*]" = "iPhone Developer";
				GCC_C_LANGUAGE_STANDARD = c99;
				GCC_GENERATE_TEST_COVERAGE_FILES = YES;
				GCC_INSTRUMENT_PROGRAM_FLOW_ARCS = YES;
				GCC_VERSION = "";
				GCC_WARN_ABOUT_RETURN_TYPE = YES;
				GCC_WARN_UNUSED_VARIABLE = YES;
				IPHONEOS_DEPLOYMENT_TARGET = 6.0;
				ONLY_ACTIVE_ARCH = YES;
				"PROVISIONING_PROFILE[sdk=iphoneos*]" = "";
				SDKROOT = iphoneos;
				VALID_ARCHS = "armv6 armv7";
			};
			name = Debug;
		};
		C01FCF5008A954540054247B /* Release */ = {
			isa = XCBuildConfiguration;
			buildSettings = {
				ARCHS = "$(ARCHS_STANDARD_32_BIT)";
				"CODE_SIGN_IDENTITY[sdk=iphoneos*]" = "Don't Code Sign";
				GCC_C_LANGUAGE_STANDARD = c99;
				GCC_GENERATE_TEST_COVERAGE_FILES = YES;
				GCC_INSTRUMENT_PROGRAM_FLOW_ARCS = YES;
				GCC_VERSION = "";
				GCC_WARN_ABOUT_RETURN_TYPE = YES;
				GCC_WARN_UNUSED_VARIABLE = YES;
				IPHONEOS_DEPLOYMENT_TARGET = 6.0;
				ONLY_ACTIVE_ARCH = YES;
				OTHER_CFLAGS = "-DNS_BLOCK_ASSERTIONS=1";
				"PROVISIONING_PROFILE[sdk=iphoneos*]" = "";
				SDKROOT = iphoneos;
				VALIDATE_PRODUCT = NO;
				VALID_ARCHS = "armv6 armv7";
			};
			name = Release;
		};
		E2DFCF90160B25470045A6C4 /* Debug */ = {
			isa = XCBuildConfiguration;
			buildSettings = {
				ALWAYS_SEARCH_USER_PATHS = NO;
				CLANG_CXX_LANGUAGE_STANDARD = "gnu++0x";
				CLANG_CXX_LIBRARY = "libc++";
				CLANG_WARN_EMPTY_BODY = YES;
				CLANG_WARN__DUPLICATE_METHOD_MATCH = YES;
				COPY_PHASE_STRIP = NO;
				FRAMEWORK_SEARCH_PATHS = (
					"\"$(SDKROOT)/Developer/Library/Frameworks\"",
					"\"$(DEVELOPER_LIBRARY_DIR)/Frameworks\"",
					"\"$(SRCROOT)/Frameworks\"",
				);
				GCC_C_LANGUAGE_STANDARD = gnu99;
				GCC_DYNAMIC_NO_PIC = NO;
				GCC_OPTIMIZATION_LEVEL = 0;
				GCC_PRECOMPILE_PREFIX_HEADER = YES;
				GCC_PREFIX_HEADER = "UnitTests/UnitTests-Prefix.pch";
				GCC_PREPROCESSOR_DEFINITIONS = (
					"DEBUG=1",
					"$(inherited)",
				);
				GCC_SYMBOLS_PRIVATE_EXTERN = NO;
				GCC_WARN_UNINITIALIZED_AUTOS = YES;
				INFOPLIST_FILE = "UnitTests/UnitTests-Info.plist";
				IPHONEOS_DEPLOYMENT_TARGET = 6.0;
				LIBRARY_SEARCH_PATHS = (
					"$(inherited)",
					"\"$(SRCROOT)/Frameworks\"",
					"\"$(SRCROOT)/Classes/data/ZBarSDK\"",
				);
				PRODUCT_NAME = "$(TARGET_NAME)";
				WRAPPER_EXTENSION = octest;
			};
			name = Debug;
		};
		E2DFCF91160B25470045A6C4 /* Release */ = {
			isa = XCBuildConfiguration;
			buildSettings = {
				ALWAYS_SEARCH_USER_PATHS = NO;
				CLANG_CXX_LANGUAGE_STANDARD = "gnu++0x";
				CLANG_CXX_LIBRARY = "libc++";
				CLANG_WARN_EMPTY_BODY = YES;
				CLANG_WARN__DUPLICATE_METHOD_MATCH = YES;
				COPY_PHASE_STRIP = YES;
				FRAMEWORK_SEARCH_PATHS = (
					"\"$(SDKROOT)/Developer/Library/Frameworks\"",
					"\"$(DEVELOPER_LIBRARY_DIR)/Frameworks\"",
					"\"$(SRCROOT)/Frameworks\"",
				);
				GCC_C_LANGUAGE_STANDARD = gnu99;
				GCC_PRECOMPILE_PREFIX_HEADER = YES;
				GCC_PREFIX_HEADER = "UnitTests/UnitTests-Prefix.pch";
				GCC_WARN_UNINITIALIZED_AUTOS = YES;
				INFOPLIST_FILE = "UnitTests/UnitTests-Info.plist";
				IPHONEOS_DEPLOYMENT_TARGET = 6.0;
				LIBRARY_SEARCH_PATHS = (
					"$(inherited)",
					"\"$(SRCROOT)/Frameworks\"",
					"\"$(SRCROOT)/Classes/data/ZBarSDK\"",
				);
				PRODUCT_NAME = "$(TARGET_NAME)";
				VALIDATE_PRODUCT = YES;
				WRAPPER_EXTENSION = octest;
			};
			name = Release;
		};
		E2DFCF94160B34100045A6C4 /* Coverage */ = {
			isa = XCBuildConfiguration;
			buildSettings = {
				ARCHS = "$(ARCHS_STANDARD_32_BIT)";
				"CODE_SIGN_IDENTITY[sdk=iphoneos*]" = "iPhone Developer";
				GCC_C_LANGUAGE_STANDARD = c99;
				GCC_GENERATE_TEST_COVERAGE_FILES = YES;
				GCC_INSTRUMENT_PROGRAM_FLOW_ARCS = YES;
				GCC_VERSION = "";
				GCC_WARN_ABOUT_RETURN_TYPE = YES;
				GCC_WARN_UNUSED_VARIABLE = YES;
				IPHONEOS_DEPLOYMENT_TARGET = 6.0;
				ONLY_ACTIVE_ARCH = YES;
				"OTHER_CFLAGS[arch=*]" = "";
				"PROVISIONING_PROFILE[sdk=iphoneos*]" = "";
				SDKROOT = iphoneos;
				VALID_ARCHS = "armv6 armv7";
			};
			name = Coverage;
		};
		E2DFCF95160B34100045A6C4 /* Coverage */ = {
			isa = XCBuildConfiguration;
			buildSettings = {
				ALWAYS_SEARCH_USER_PATHS = NO;
				"CODE_SIGN_IDENTITY[sdk=iphoneos*]" = "iPhone Developer: Aswin Ly (3EK88MD753)";
				COPY_PHASE_STRIP = NO;
				FRAMEWORK_SEARCH_PATHS = (
					"$(inherited)",
					"\"$(SRCROOT)\"",
					"\"$(SRCROOT)/Frameworks\"",
				);
				GCC_DYNAMIC_NO_PIC = NO;
				GCC_GENERATE_TEST_COVERAGE_FILES = YES;
				GCC_INSTRUMENT_PROGRAM_FLOW_ARCS = YES;
				GCC_OPTIMIZATION_LEVEL = 0;
				GCC_PRECOMPILE_PREFIX_HEADER = YES;
				GCC_PREFIX_HEADER = Mixare_Prefix.pch;
				INFOPLIST_FILE = "Mixare-Info.plist";
				IPHONEOS_DEPLOYMENT_TARGET = 5.0;
				LIBRARY_SEARCH_PATHS = (
					"$(inherited)",
					"\"$(SRCROOT)/Classes/data/ZBarSDK\"",
					"\"$(SRCROOT)\"",
					"\"$(SRCROOT)/Frameworks\"",
				);
				"OTHER_CFLAGS[arch=*]" = (
					"-profile-arcs",
					"-ftest-coverage",
				);
				"OTHER_LDFLAGS[arch=*]" = "-lgcov";
				PRODUCT_NAME = Mixare;
				"PROVISIONING_PROFILE[sdk=iphoneos*]" = "8769FD00-3E0D-488A-AF04-1D46FB2804DB";
				VALIDATE_PRODUCT = YES;
			};
			name = Coverage;
		};
		E2DFCF96160B34100045A6C4 /* Coverage */ = {
			isa = XCBuildConfiguration;
			buildSettings = {
				ALWAYS_SEARCH_USER_PATHS = NO;
				CLANG_CXX_LANGUAGE_STANDARD = "gnu++0x";
				CLANG_CXX_LIBRARY = "libc++";
				CLANG_WARN_EMPTY_BODY = YES;
				CLANG_WARN__DUPLICATE_METHOD_MATCH = YES;
				COPY_PHASE_STRIP = NO;
				FRAMEWORK_SEARCH_PATHS = (
					"\"$(SDKROOT)/Developer/Library/Frameworks\"",
					"\"$(DEVELOPER_LIBRARY_DIR)/Frameworks\"",
					"\"$(SRCROOT)/Frameworks\"",
				);
				GCC_C_LANGUAGE_STANDARD = gnu99;
				GCC_DYNAMIC_NO_PIC = NO;
				GCC_OPTIMIZATION_LEVEL = 0;
				GCC_PRECOMPILE_PREFIX_HEADER = YES;
				GCC_PREFIX_HEADER = "UnitTests/UnitTests-Prefix.pch";
				GCC_PREPROCESSOR_DEFINITIONS = (
					"DEBUG=1",
					"$(inherited)",
				);
				GCC_SYMBOLS_PRIVATE_EXTERN = NO;
				GCC_WARN_UNINITIALIZED_AUTOS = YES;
				INFOPLIST_FILE = "UnitTests/UnitTests-Info.plist";
				IPHONEOS_DEPLOYMENT_TARGET = 6.0;
				LIBRARY_SEARCH_PATHS = (
					"$(inherited)",
					"\"$(SRCROOT)/Frameworks\"",
					"\"$(SRCROOT)/Classes/data/ZBarSDK\"",
				);
				PRODUCT_NAME = "$(TARGET_NAME)";
				"TEST_HOST[sdk=*]" = "$(BUNDLE_LOADER)";
				WRAPPER_EXTENSION = octest;
			};
			name = Coverage;
		};
/* End XCBuildConfiguration section */

/* Begin XCConfigurationList section */
		1D6058960D05DD3E006BFB54 /* Build configuration list for PBXNativeTarget "Mixare" */ = {
			isa = XCConfigurationList;
			buildConfigurations = (
				1D6058940D05DD3E006BFB54 /* Debug */,
				E2DFCF95160B34100045A6C4 /* Coverage */,
				1D6058950D05DD3E006BFB54 /* Release */,
			);
			defaultConfigurationIsVisible = 0;
			defaultConfigurationName = Coverage;
		};
		C01FCF4E08A954540054247B /* Build configuration list for PBXProject "Mixare" */ = {
			isa = XCConfigurationList;
			buildConfigurations = (
				C01FCF4F08A954540054247B /* Debug */,
				E2DFCF94160B34100045A6C4 /* Coverage */,
				C01FCF5008A954540054247B /* Release */,
			);
			defaultConfigurationIsVisible = 0;
			defaultConfigurationName = Coverage;
		};
		E2DFCF92160B25470045A6C4 /* Build configuration list for PBXNativeTarget "UnitTests" */ = {
			isa = XCConfigurationList;
			buildConfigurations = (
				E2DFCF90160B25470045A6C4 /* Debug */,
				E2DFCF96160B34100045A6C4 /* Coverage */,
				E2DFCF91160B25470045A6C4 /* Release */,
			);
			defaultConfigurationIsVisible = 0;
			defaultConfigurationName = Coverage;
		};
/* End XCConfigurationList section */
	};
	rootObject = 29B97313FDCFA39411CA2CEA /* Project object */;
}
