// !$*UTF8*$!
{
	archiveVersion = 1;
	classes = {
	};
	objectVersion = 46;
	objects = {

/* Begin PBXBuildFile section */
		1D60589B0D05DD56006BFB54 /* main.m in Sources */ = {isa = PBXBuildFile; fileRef = 29B97316FDCFA39411CA2CEA /* main.m */; };
		1D60589F0D05DD5A006BFB54 /* Foundation.framework in Frameworks */ = {isa = PBXBuildFile; fileRef = 1D30AB110D05D00D00671497 /* Foundation.framework */; };
		1DF5F4E00D08C38300B7A737 /* UIKit.framework in Frameworks */ = {isa = PBXBuildFile; fileRef = 1DF5F4DF0D08C38300B7A737 /* UIKit.framework */; };
		288765080DF74369002DB57D /* CoreGraphics.framework in Frameworks */ = {isa = PBXBuildFile; fileRef = 288765070DF74369002DB57D /* CoreGraphics.framework */; };
		3602A50312B9FE0F00B92585 /* icon_datasource.png in Resources */ = {isa = PBXBuildFile; fileRef = 3602A50212B9FE0F00B92585 /* icon_datasource.png */; };
		3626B93B12840B1600B52201 /* SourceCell.xib in Resources */ = {isa = PBXBuildFile; fileRef = 3626B93A12840B1600B52201 /* SourceCell.xib */; };
		3655C9AD12B0CB1E00AE6540 /* Default.png in Resources */ = {isa = PBXBuildFile; fileRef = 3655C9AC12B0CB1E00AE6540 /* Default.png */; };
		3655C9AF12B0CB2700AE6540 /* Default@2x.png in Resources */ = {isa = PBXBuildFile; fileRef = 3655C9AE12B0CB2700AE6540 /* Default@2x.png */; };
		365B605B12B9F7230014850C /* PhysicalPlace.m in Sources */ = {isa = PBXBuildFile; fileRef = 365B605812B9F7230014850C /* PhysicalPlace.m */; };
		365B605C12B9F7230014850C /* PoiItem.m in Sources */ = {isa = PBXBuildFile; fileRef = 365B605A12B9F7230014850C /* PoiItem.m */; };
		365B607212B9F7740014850C /* DataHandler.m in Sources */ = {isa = PBXBuildFile; fileRef = 365B605F12B9F7740014850C /* DataHandler.m */; };
		365B607312B9F7740014850C /* DataSource.m in Sources */ = {isa = PBXBuildFile; fileRef = 365B606112B9F7740014850C /* DataSource.m */; };
		365B607412B9F7740014850C /* NSObject+SBJSON.m in Sources */ = {isa = PBXBuildFile; fileRef = 365B606512B9F7740014850C /* NSObject+SBJSON.m */; };
		365B607512B9F7740014850C /* NSString+SBJSON.m in Sources */ = {isa = PBXBuildFile; fileRef = 365B606712B9F7740014850C /* NSString+SBJSON.m */; };
		365B607612B9F7740014850C /* SBJsonBase.m in Sources */ = {isa = PBXBuildFile; fileRef = 365B606912B9F7740014850C /* SBJsonBase.m */; };
		365B607712B9F7740014850C /* SBJsonParser.m in Sources */ = {isa = PBXBuildFile; fileRef = 365B606B12B9F7740014850C /* SBJsonParser.m */; };
		365B607812B9F7740014850C /* SBJsonWriter.m in Sources */ = {isa = PBXBuildFile; fileRef = 365B606D12B9F7740014850C /* SBJsonWriter.m */; };
		365B607912B9F7740014850C /* JsonHandler.m in Sources */ = {isa = PBXBuildFile; fileRef = 365B606F12B9F7740014850C /* JsonHandler.m */; };
		365B607A12B9F7740014850C /* XMLHandler.m in Sources */ = {isa = PBXBuildFile; fileRef = 365B607112B9F7740014850C /* XMLHandler.m */; };
		365B609812B9F9100014850C /* MarkerView.m in Sources */ = {isa = PBXBuildFile; fileRef = 365B607D12B9F9100014850C /* MarkerView.m */; };
		365B609912B9F9100014850C /* NotificationViewController.m in Sources */ = {isa = PBXBuildFile; fileRef = 365B607F12B9F9100014850C /* NotificationViewController.m */; };
		365B609A12B9F9100014850C /* Radar.m in Sources */ = {isa = PBXBuildFile; fileRef = 365B608212B9F9100014850C /* Radar.m */; };
		365B609B12B9F9100014850C /* RadarViewPortView.m in Sources */ = {isa = PBXBuildFile; fileRef = 365B608412B9F9100014850C /* RadarViewPortView.m */; };
		365B609C12B9F9100014850C /* AugmentedGeoViewController.m in Sources */ = {isa = PBXBuildFile; fileRef = 365B608812B9F9100014850C /* AugmentedGeoViewController.m */; };
		365B609D12B9F9100014850C /* AugmentedViewController.m in Sources */ = {isa = PBXBuildFile; fileRef = 365B608A12B9F9100014850C /* AugmentedViewController.m */; };
		365B609E12B9F9100014850C /* ListViewController.m in Sources */ = {isa = PBXBuildFile; fileRef = 365B608C12B9F9100014850C /* ListViewController.m */; };
		365B609F12B9F9100014850C /* MapViewController.m in Sources */ = {isa = PBXBuildFile; fileRef = 365B608E12B9F9100014850C /* MapViewController.m */; };
		365B60A012B9F9100014850C /* MoreViewController.m in Sources */ = {isa = PBXBuildFile; fileRef = 365B609012B9F9100014850C /* MoreViewController.m */; };
		365B60A112B9F9100014850C /* SourceTableCell.m in Sources */ = {isa = PBXBuildFile; fileRef = 365B609312B9F9100014850C /* SourceTableCell.m */; };
		365B60A212B9F9100014850C /* SourceViewController.m in Sources */ = {isa = PBXBuildFile; fileRef = 365B609512B9F9100014850C /* SourceViewController.m */; };
		365B60A312B9F9100014850C /* WebViewController.m in Sources */ = {isa = PBXBuildFile; fileRef = 365B609712B9F9100014850C /* WebViewController.m */; };
		365C5C2D12B0FE5B00E2A924 /* mixare-logo_114x114_72_dpi.png in Resources */ = {isa = PBXBuildFile; fileRef = 365C5C2C12B0FE5B00E2A924 /* mixare-logo_114x114_72_dpi.png */; };
		365C5C2F12B0FE6900E2A924 /* mixare-logo_57x57_72_dpi.png in Resources */ = {isa = PBXBuildFile; fileRef = 365C5C2E12B0FE6900E2A924 /* mixare-logo_57x57_72_dpi.png */; };
		365F945E12AE737800286824 /* Localizable.strings in Resources */ = {isa = PBXBuildFile; fileRef = 365F945D12AE737800286824 /* Localizable.strings */; };
		365F947112AE7C7000286824 /* MainWindow.xib in Resources */ = {isa = PBXBuildFile; fileRef = 28AD73870D9D96C1002E5188 /* MainWindow.xib */; };
		3685BA2C1275653F005FF922 /* CoreLocation.framework in Frameworks */ = {isa = PBXBuildFile; fileRef = 3685BA2B1275653F005FF922 /* CoreLocation.framework */; };
		3685BA2E12756566005FF922 /* MapKit.framework in Frameworks */ = {isa = PBXBuildFile; fileRef = 3685BA2D12756566005FF922 /* MapKit.framework */; };
		36876BD4128BFFCC00C416F5 /* QuartzCore.framework in Frameworks */ = {isa = PBXBuildFile; fileRef = 36876BD3128BFFCC00C416F5 /* QuartzCore.framework */; };
		36A31585128D6E15002D1C57 /* WebView.xib in Resources */ = {isa = PBXBuildFile; fileRef = 36A31584128D6E15002D1C57 /* WebView.xib */; };
		36B3DC8312B9FB3500670FCF /* MixareAppDelegate.m in Sources */ = {isa = PBXBuildFile; fileRef = 36B3DC8112B9FB3500670FCF /* MixareAppDelegate.m */; };
		36B3DC9412B9FCF100670FCF /* buzz_logo.png in Resources */ = {isa = PBXBuildFile; fileRef = 36B3DC8512B9FCF100670FCF /* buzz_logo.png */; };
		36B3DC9512B9FCF100670FCF /* buzz_logo_small.png in Resources */ = {isa = PBXBuildFile; fileRef = 36B3DC8612B9FCF100670FCF /* buzz_logo_small.png */; };
		36B3DC9612B9FCF100670FCF /* circle.png in Resources */ = {isa = PBXBuildFile; fileRef = 36B3DC8712B9FCF100670FCF /* circle.png */; };
		36B3DC9712B9FCF100670FCF /* logo_mixare_round.png in Resources */ = {isa = PBXBuildFile; fileRef = 36B3DC8812B9FCF100670FCF /* logo_mixare_round.png */; };
		36B3DC9812B9FCF100670FCF /* mixare_512x512px.png in Resources */ = {isa = PBXBuildFile; fileRef = 36B3DC8912B9FCF100670FCF /* mixare_512x512px.png */; };
		36B3DC9912B9FCF100670FCF /* mixare_button.png in Resources */ = {isa = PBXBuildFile; fileRef = 36B3DC8A12B9FCF100670FCF /* mixare_button.png */; };
		36B3DC9A12B9FCF100670FCF /* camera.png in Resources */ = {isa = PBXBuildFile; fileRef = 36B3DC8C12B9FCF100670FCF /* camera.png */; };
		36B3DC9B12B9FCF100670FCF /* list.png in Resources */ = {isa = PBXBuildFile; fileRef = 36B3DC8D12B9FCF100670FCF /* list.png */; };
		36B3DC9C12B9FCF100670FCF /* map.png in Resources */ = {isa = PBXBuildFile; fileRef = 36B3DC8E12B9FCF100670FCF /* map.png */; };
		36B3DC9D12B9FCF100670FCF /* source.png in Resources */ = {isa = PBXBuildFile; fileRef = 36B3DC8F12B9FCF100670FCF /* source.png */; };
		36B3DC9E12B9FCF100670FCF /* twitter_logo.png in Resources */ = {isa = PBXBuildFile; fileRef = 36B3DC9012B9FCF100670FCF /* twitter_logo.png */; };
		36B3DC9F12B9FCF100670FCF /* twitter_logo_small.png in Resources */ = {isa = PBXBuildFile; fileRef = 36B3DC9112B9FCF100670FCF /* twitter_logo_small.png */; };
		36B3DCA012B9FCF100670FCF /* wikipedia_logo.png in Resources */ = {isa = PBXBuildFile; fileRef = 36B3DC9212B9FCF100670FCF /* wikipedia_logo.png */; };
		36B3DCA112B9FCF100670FCF /* wikipedia_logo_small.png in Resources */ = {isa = PBXBuildFile; fileRef = 36B3DC9312B9FCF100670FCF /* wikipedia_logo_small.png */; };
		E2AB940616071F4C006F8884 /* QuartzCore.framework in Frameworks */ = {isa = PBXBuildFile; fileRef = E2AB940516071F4C006F8884 /* QuartzCore.framework */; };
		E2AB940916071F63006F8884 /* CoreMedia.framework in Frameworks */ = {isa = PBXBuildFile; fileRef = E2AB940816071F63006F8884 /* CoreMedia.framework */; };
		E2AB940B16071F6E006F8884 /* CoreVideo.framework in Frameworks */ = {isa = PBXBuildFile; fileRef = E2AB940A16071F6E006F8884 /* CoreVideo.framework */; };
		E2AB940D16071F7E006F8884 /* AVFoundation.framework in Frameworks */ = {isa = PBXBuildFile; fileRef = E2AB940C16071F7E006F8884 /* AVFoundation.framework */; };
		E2AB940F1607208F006F8884 /* CoreMotion.framework in Frameworks */ = {isa = PBXBuildFile; fileRef = E2AB940E1607208F006F8884 /* CoreMotion.framework */; };
		E2AB94111607268E006F8884 /* libiconv.2.4.0.dylib in Resources */ = {isa = PBXBuildFile; fileRef = E2AB94101607268E006F8884 /* libiconv.2.4.0.dylib */; };
		E2AB9418160726C4006F8884 /* libiconv.2.4.0.dylib in Frameworks */ = {isa = PBXBuildFile; fileRef = E2AB94101607268E006F8884 /* libiconv.2.4.0.dylib */; };
		E2C4956B1600BEBB007FCC44 /* libzbar.a in Frameworks */ = {isa = PBXBuildFile; fileRef = E2C495651600BEBB007FCC44 /* libzbar.a */; };
		E2C4956C1600BEBB007FCC44 /* zbar-back.png in Resources */ = {isa = PBXBuildFile; fileRef = E2C495671600BEBB007FCC44 /* zbar-back.png */; };
		E2C4956D1600BEBB007FCC44 /* zbar-help.html in Resources */ = {isa = PBXBuildFile; fileRef = E2C495681600BEBB007FCC44 /* zbar-help.html */; };
		E2C4956E1600BEBB007FCC44 /* zbar-helpicons.png in Resources */ = {isa = PBXBuildFile; fileRef = E2C495691600BEBB007FCC44 /* zbar-helpicons.png */; };
		E2C4956F1600BEBB007FCC44 /* zbar-samples.png in Resources */ = {isa = PBXBuildFile; fileRef = E2C4956A1600BEBB007FCC44 /* zbar-samples.png */; };
/* End PBXBuildFile section */

/* Begin PBXFileReference section */
		1D30AB110D05D00D00671497 /* Foundation.framework */ = {isa = PBXFileReference; lastKnownFileType = wrapper.framework; name = Foundation.framework; path = System/Library/Frameworks/Foundation.framework; sourceTree = SDKROOT; };
		1D6058910D05DD3D006BFB54 /* Mixare.app */ = {isa = PBXFileReference; explicitFileType = wrapper.application; includeInIndex = 0; path = Mixare.app; sourceTree = BUILT_PRODUCTS_DIR; };
		1DF5F4DF0D08C38300B7A737 /* UIKit.framework */ = {isa = PBXFileReference; lastKnownFileType = wrapper.framework; name = UIKit.framework; path = System/Library/Frameworks/UIKit.framework; sourceTree = SDKROOT; };
		288765070DF74369002DB57D /* CoreGraphics.framework */ = {isa = PBXFileReference; lastKnownFileType = wrapper.framework; name = CoreGraphics.framework; path = System/Library/Frameworks/CoreGraphics.framework; sourceTree = SDKROOT; };
		28A0AB4B0D9B1048005BE974 /* Mixare_Prefix.pch */ = {isa = PBXFileReference; fileEncoding = 4; lastKnownFileType = sourcecode.c.h; path = Mixare_Prefix.pch; sourceTree = "<group>"; };
		28AD73870D9D96C1002E5188 /* MainWindow.xib */ = {isa = PBXFileReference; lastKnownFileType = file.xib; path = MainWindow.xib; sourceTree = "<group>"; };
		29B97316FDCFA39411CA2CEA /* main.m */ = {isa = PBXFileReference; fileEncoding = 4; lastKnownFileType = sourcecode.c.objc; path = main.m; sourceTree = "<group>"; };
		3602A50212B9FE0F00B92585 /* icon_datasource.png */ = {isa = PBXFileReference; lastKnownFileType = image.png; path = icon_datasource.png; sourceTree = "<group>"; };
		3626B93A12840B1600B52201 /* SourceCell.xib */ = {isa = PBXFileReference; fileEncoding = 4; lastKnownFileType = file.xib; path = SourceCell.xib; sourceTree = "<group>"; };
		3655C9AC12B0CB1E00AE6540 /* Default.png */ = {isa = PBXFileReference; lastKnownFileType = image.png; path = Default.png; sourceTree = "<group>"; };
		3655C9AE12B0CB2700AE6540 /* Default@2x.png */ = {isa = PBXFileReference; lastKnownFileType = image.png; path = "Default@2x.png"; sourceTree = "<group>"; };
		365B605712B9F7230014850C /* PhysicalPlace.h */ = {isa = PBXFileReference; fileEncoding = 4; lastKnownFileType = sourcecode.c.h; path = PhysicalPlace.h; sourceTree = "<group>"; };
		365B605812B9F7230014850C /* PhysicalPlace.m */ = {isa = PBXFileReference; fileEncoding = 4; lastKnownFileType = sourcecode.c.objc; path = PhysicalPlace.m; sourceTree = "<group>"; };
		365B605912B9F7230014850C /* PoiItem.h */ = {isa = PBXFileReference; fileEncoding = 4; lastKnownFileType = sourcecode.c.h; path = PoiItem.h; sourceTree = "<group>"; };
		365B605A12B9F7230014850C /* PoiItem.m */ = {isa = PBXFileReference; fileEncoding = 4; lastKnownFileType = sourcecode.c.objc; path = PoiItem.m; sourceTree = "<group>"; };
		365B605E12B9F7740014850C /* DataHandler.h */ = {isa = PBXFileReference; fileEncoding = 4; lastKnownFileType = sourcecode.c.h; path = DataHandler.h; sourceTree = "<group>"; };
		365B605F12B9F7740014850C /* DataHandler.m */ = {isa = PBXFileReference; fileEncoding = 4; lastKnownFileType = sourcecode.c.objc; path = DataHandler.m; sourceTree = "<group>"; };
		365B606012B9F7740014850C /* DataSource.h */ = {isa = PBXFileReference; fileEncoding = 4; lastKnownFileType = sourcecode.c.h; path = DataSource.h; sourceTree = "<group>"; };
		365B606112B9F7740014850C /* DataSource.m */ = {isa = PBXFileReference; fileEncoding = 4; lastKnownFileType = sourcecode.c.objc; path = DataSource.m; sourceTree = "<group>"; };
		365B606312B9F7740014850C /* JSON.h */ = {isa = PBXFileReference; fileEncoding = 4; lastKnownFileType = sourcecode.c.h; path = JSON.h; sourceTree = "<group>"; };
		365B606412B9F7740014850C /* NSObject+SBJSON.h */ = {isa = PBXFileReference; fileEncoding = 4; lastKnownFileType = sourcecode.c.h; path = "NSObject+SBJSON.h"; sourceTree = "<group>"; };
		365B606512B9F7740014850C /* NSObject+SBJSON.m */ = {isa = PBXFileReference; fileEncoding = 4; lastKnownFileType = sourcecode.c.objc; path = "NSObject+SBJSON.m"; sourceTree = "<group>"; };
		365B606612B9F7740014850C /* NSString+SBJSON.h */ = {isa = PBXFileReference; fileEncoding = 4; lastKnownFileType = sourcecode.c.h; path = "NSString+SBJSON.h"; sourceTree = "<group>"; };
		365B606712B9F7740014850C /* NSString+SBJSON.m */ = {isa = PBXFileReference; fileEncoding = 4; lastKnownFileType = sourcecode.c.objc; path = "NSString+SBJSON.m"; sourceTree = "<group>"; };
		365B606812B9F7740014850C /* SBJsonBase.h */ = {isa = PBXFileReference; fileEncoding = 4; lastKnownFileType = sourcecode.c.h; path = SBJsonBase.h; sourceTree = "<group>"; };
		365B606912B9F7740014850C /* SBJsonBase.m */ = {isa = PBXFileReference; fileEncoding = 4; lastKnownFileType = sourcecode.c.objc; path = SBJsonBase.m; sourceTree = "<group>"; };
		365B606A12B9F7740014850C /* SBJsonParser.h */ = {isa = PBXFileReference; fileEncoding = 4; lastKnownFileType = sourcecode.c.h; path = SBJsonParser.h; sourceTree = "<group>"; };
		365B606B12B9F7740014850C /* SBJsonParser.m */ = {isa = PBXFileReference; fileEncoding = 4; lastKnownFileType = sourcecode.c.objc; path = SBJsonParser.m; sourceTree = "<group>"; };
		365B606C12B9F7740014850C /* SBJsonWriter.h */ = {isa = PBXFileReference; fileEncoding = 4; lastKnownFileType = sourcecode.c.h; path = SBJsonWriter.h; sourceTree = "<group>"; };
		365B606D12B9F7740014850C /* SBJsonWriter.m */ = {isa = PBXFileReference; fileEncoding = 4; lastKnownFileType = sourcecode.c.objc; path = SBJsonWriter.m; sourceTree = "<group>"; };
		365B606E12B9F7740014850C /* JsonHandler.h */ = {isa = PBXFileReference; fileEncoding = 4; lastKnownFileType = sourcecode.c.h; path = JsonHandler.h; sourceTree = "<group>"; };
		365B606F12B9F7740014850C /* JsonHandler.m */ = {isa = PBXFileReference; fileEncoding = 4; lastKnownFileType = sourcecode.c.objc; path = JsonHandler.m; sourceTree = "<group>"; };
		365B607012B9F7740014850C /* XMLHandler.h */ = {isa = PBXFileReference; fileEncoding = 4; lastKnownFileType = sourcecode.c.h; path = XMLHandler.h; sourceTree = "<group>"; };
		365B607112B9F7740014850C /* XMLHandler.m */ = {isa = PBXFileReference; fileEncoding = 4; lastKnownFileType = sourcecode.c.objc; path = XMLHandler.m; sourceTree = "<group>"; };
		365B607C12B9F9100014850C /* MarkerView.h */ = {isa = PBXFileReference; fileEncoding = 4; lastKnownFileType = sourcecode.c.h; path = MarkerView.h; sourceTree = "<group>"; };
		365B607D12B9F9100014850C /* MarkerView.m */ = {isa = PBXFileReference; fileEncoding = 4; lastKnownFileType = sourcecode.c.objc; path = MarkerView.m; sourceTree = "<group>"; };
		365B607E12B9F9100014850C /* NotificationViewController.h */ = {isa = PBXFileReference; fileEncoding = 4; lastKnownFileType = sourcecode.c.h; path = NotificationViewController.h; sourceTree = "<group>"; };
		365B607F12B9F9100014850C /* NotificationViewController.m */ = {isa = PBXFileReference; fileEncoding = 4; lastKnownFileType = sourcecode.c.objc; path = NotificationViewController.m; sourceTree = "<group>"; };
		365B608112B9F9100014850C /* Radar.h */ = {isa = PBXFileReference; fileEncoding = 4; lastKnownFileType = sourcecode.c.h; path = Radar.h; sourceTree = "<group>"; };
		365B608212B9F9100014850C /* Radar.m */ = {isa = PBXFileReference; fileEncoding = 4; lastKnownFileType = sourcecode.c.objc; path = Radar.m; sourceTree = "<group>"; };
		365B608312B9F9100014850C /* RadarViewPortView.h */ = {isa = PBXFileReference; fileEncoding = 4; lastKnownFileType = sourcecode.c.h; path = RadarViewPortView.h; sourceTree = "<group>"; };
		365B608412B9F9100014850C /* RadarViewPortView.m */ = {isa = PBXFileReference; fileEncoding = 4; lastKnownFileType = sourcecode.c.objc; path = RadarViewPortView.m; sourceTree = "<group>"; };
		365B608712B9F9100014850C /* AugmentedGeoViewController.h */ = {isa = PBXFileReference; fileEncoding = 4; lastKnownFileType = sourcecode.c.h; path = AugmentedGeoViewController.h; sourceTree = "<group>"; };
		365B608812B9F9100014850C /* AugmentedGeoViewController.m */ = {isa = PBXFileReference; fileEncoding = 4; lastKnownFileType = sourcecode.c.objc; path = AugmentedGeoViewController.m; sourceTree = "<group>"; };
		365B608912B9F9100014850C /* AugmentedViewController.h */ = {isa = PBXFileReference; fileEncoding = 4; lastKnownFileType = sourcecode.c.h; path = AugmentedViewController.h; sourceTree = "<group>"; };
		365B608A12B9F9100014850C /* AugmentedViewController.m */ = {isa = PBXFileReference; fileEncoding = 4; lastKnownFileType = sourcecode.c.objc; path = AugmentedViewController.m; sourceTree = "<group>"; };
		365B608B12B9F9100014850C /* ListViewController.h */ = {isa = PBXFileReference; fileEncoding = 4; lastKnownFileType = sourcecode.c.h; path = ListViewController.h; sourceTree = "<group>"; };
		365B608C12B9F9100014850C /* ListViewController.m */ = {isa = PBXFileReference; fileEncoding = 4; lastKnownFileType = sourcecode.c.objc; path = ListViewController.m; sourceTree = "<group>"; };
		365B608D12B9F9100014850C /* MapViewController.h */ = {isa = PBXFileReference; fileEncoding = 4; lastKnownFileType = sourcecode.c.h; path = MapViewController.h; sourceTree = "<group>"; };
		365B608E12B9F9100014850C /* MapViewController.m */ = {isa = PBXFileReference; fileEncoding = 4; lastKnownFileType = sourcecode.c.objc; path = MapViewController.m; sourceTree = "<group>"; };
		365B608F12B9F9100014850C /* MoreViewController.h */ = {isa = PBXFileReference; fileEncoding = 4; lastKnownFileType = sourcecode.c.h; path = MoreViewController.h; sourceTree = "<group>"; };
		365B609012B9F9100014850C /* MoreViewController.m */ = {isa = PBXFileReference; fileEncoding = 4; lastKnownFileType = sourcecode.c.objc; path = MoreViewController.m; sourceTree = "<group>"; };
		365B609212B9F9100014850C /* SourceTableCell.h */ = {isa = PBXFileReference; fileEncoding = 4; lastKnownFileType = sourcecode.c.h; path = SourceTableCell.h; sourceTree = "<group>"; };
		365B609312B9F9100014850C /* SourceTableCell.m */ = {isa = PBXFileReference; fileEncoding = 4; lastKnownFileType = sourcecode.c.objc; path = SourceTableCell.m; sourceTree = "<group>"; };
		365B609412B9F9100014850C /* SourceViewController.h */ = {isa = PBXFileReference; fileEncoding = 4; lastKnownFileType = sourcecode.c.h; path = SourceViewController.h; sourceTree = "<group>"; };
		365B609512B9F9100014850C /* SourceViewController.m */ = {isa = PBXFileReference; fileEncoding = 4; lastKnownFileType = sourcecode.c.objc; path = SourceViewController.m; sourceTree = "<group>"; };
		365B609612B9F9100014850C /* WebViewController.h */ = {isa = PBXFileReference; fileEncoding = 4; lastKnownFileType = sourcecode.c.h; path = WebViewController.h; sourceTree = "<group>"; };
		365B609712B9F9100014850C /* WebViewController.m */ = {isa = PBXFileReference; fileEncoding = 4; lastKnownFileType = sourcecode.c.objc; path = WebViewController.m; sourceTree = "<group>"; };
		365C5C2C12B0FE5B00E2A924 /* mixare-logo_114x114_72_dpi.png */ = {isa = PBXFileReference; lastKnownFileType = image.png; path = "mixare-logo_114x114_72_dpi.png"; sourceTree = "<group>"; };
		365C5C2E12B0FE6900E2A924 /* mixare-logo_57x57_72_dpi.png */ = {isa = PBXFileReference; lastKnownFileType = image.png; path = "mixare-logo_57x57_72_dpi.png"; sourceTree = "<group>"; };
		365F945A12AE735A00286824 /* English */ = {isa = PBXFileReference; fileEncoding = 10; lastKnownFileType = text.plist.strings; name = English; path = English.lproj/Localizable.strings; sourceTree = "<group>"; };
		365F945F12AE738400286824 /* German */ = {isa = PBXFileReference; lastKnownFileType = text.plist.strings; name = German; path = German.lproj/Localizable.strings; sourceTree = "<group>"; };
		365F946012AE738A00286824 /* Italian */ = {isa = PBXFileReference; lastKnownFileType = text.plist.strings; name = Italian; path = Italian.lproj/Localizable.strings; sourceTree = "<group>"; };
		3685BA2B1275653F005FF922 /* CoreLocation.framework */ = {isa = PBXFileReference; lastKnownFileType = wrapper.framework; name = CoreLocation.framework; path = System/Library/Frameworks/CoreLocation.framework; sourceTree = SDKROOT; };
		3685BA2D12756566005FF922 /* MapKit.framework */ = {isa = PBXFileReference; lastKnownFileType = wrapper.framework; name = MapKit.framework; path = System/Library/Frameworks/MapKit.framework; sourceTree = SDKROOT; };
		36876BD3128BFFCC00C416F5 /* QuartzCore.framework */ = {isa = PBXFileReference; lastKnownFileType = wrapper.framework; name = QuartzCore.framework; path = System/Library/Frameworks/QuartzCore.framework; sourceTree = SDKROOT; };
		36A31584128D6E15002D1C57 /* WebView.xib */ = {isa = PBXFileReference; fileEncoding = 4; lastKnownFileType = file.xib; path = WebView.xib; sourceTree = "<group>"; };
		36B3DC8112B9FB3500670FCF /* MixareAppDelegate.m */ = {isa = PBXFileReference; fileEncoding = 4; lastKnownFileType = sourcecode.c.objc; path = MixareAppDelegate.m; sourceTree = "<group>"; };
		36B3DC8212B9FB3500670FCF /* MixareAppDelegate.h */ = {isa = PBXFileReference; fileEncoding = 4; lastKnownFileType = sourcecode.c.h; path = MixareAppDelegate.h; sourceTree = "<group>"; };
		36B3DC8512B9FCF100670FCF /* buzz_logo.png */ = {isa = PBXFileReference; lastKnownFileType = image.png; path = buzz_logo.png; sourceTree = "<group>"; };
		36B3DC8612B9FCF100670FCF /* buzz_logo_small.png */ = {isa = PBXFileReference; lastKnownFileType = image.png; path = buzz_logo_small.png; sourceTree = "<group>"; };
		36B3DC8712B9FCF100670FCF /* circle.png */ = {isa = PBXFileReference; lastKnownFileType = image.png; path = circle.png; sourceTree = "<group>"; };
		36B3DC8812B9FCF100670FCF /* logo_mixare_round.png */ = {isa = PBXFileReference; lastKnownFileType = image.png; path = logo_mixare_round.png; sourceTree = "<group>"; };
		36B3DC8912B9FCF100670FCF /* mixare_512x512px.png */ = {isa = PBXFileReference; lastKnownFileType = image.png; path = mixare_512x512px.png; sourceTree = "<group>"; };
		36B3DC8A12B9FCF100670FCF /* mixare_button.png */ = {isa = PBXFileReference; lastKnownFileType = image.png; path = mixare_button.png; sourceTree = "<group>"; };
		36B3DC8C12B9FCF100670FCF /* camera.png */ = {isa = PBXFileReference; lastKnownFileType = image.png; path = camera.png; sourceTree = "<group>"; };
		36B3DC8D12B9FCF100670FCF /* list.png */ = {isa = PBXFileReference; lastKnownFileType = image.png; path = list.png; sourceTree = "<group>"; };
		36B3DC8E12B9FCF100670FCF /* map.png */ = {isa = PBXFileReference; lastKnownFileType = image.png; path = map.png; sourceTree = "<group>"; };
		36B3DC8F12B9FCF100670FCF /* source.png */ = {isa = PBXFileReference; lastKnownFileType = image.png; path = source.png; sourceTree = "<group>"; };
		36B3DC9012B9FCF100670FCF /* twitter_logo.png */ = {isa = PBXFileReference; lastKnownFileType = image.png; path = twitter_logo.png; sourceTree = "<group>"; };
		36B3DC9112B9FCF100670FCF /* twitter_logo_small.png */ = {isa = PBXFileReference; lastKnownFileType = image.png; path = twitter_logo_small.png; sourceTree = "<group>"; };
		36B3DC9212B9FCF100670FCF /* wikipedia_logo.png */ = {isa = PBXFileReference; lastKnownFileType = image.png; path = wikipedia_logo.png; sourceTree = "<group>"; };
		36B3DC9312B9FCF100670FCF /* wikipedia_logo_small.png */ = {isa = PBXFileReference; lastKnownFileType = image.png; path = wikipedia_logo_small.png; sourceTree = "<group>"; };
		8D1107310486CEB800E47090 /* Mixare-Info.plist */ = {isa = PBXFileReference; fileEncoding = 4; lastKnownFileType = text.plist.xml; path = "Mixare-Info.plist"; plistStructureDefinitionIdentifier = "com.apple.xcode.plist.structure-definition.iphone.info-plist"; sourceTree = "<group>"; };
		E2AB940516071F4C006F8884 /* QuartzCore.framework */ = {isa = PBXFileReference; lastKnownFileType = wrapper.framework; name = QuartzCore.framework; path = Frameworks/QuartzCore.framework; sourceTree = "<group>"; };
		E2AB940816071F63006F8884 /* CoreMedia.framework */ = {isa = PBXFileReference; lastKnownFileType = wrapper.framework; name = CoreMedia.framework; path = Frameworks/CoreMedia.framework; sourceTree = "<group>"; };
		E2AB940A16071F6E006F8884 /* CoreVideo.framework */ = {isa = PBXFileReference; lastKnownFileType = wrapper.framework; name = CoreVideo.framework; path = Frameworks/CoreVideo.framework; sourceTree = "<group>"; };
		E2AB940C16071F7E006F8884 /* AVFoundation.framework */ = {isa = PBXFileReference; lastKnownFileType = wrapper.framework; name = AVFoundation.framework; path = Frameworks/AVFoundation.framework; sourceTree = "<group>"; };
		E2AB940E1607208F006F8884 /* CoreMotion.framework */ = {isa = PBXFileReference; lastKnownFileType = wrapper.framework; name = CoreMotion.framework; path = System/Library/Frameworks/CoreMotion.framework; sourceTree = SDKROOT; };
		E2AB94101607268E006F8884 /* libiconv.2.4.0.dylib */ = {isa = PBXFileReference; lastKnownFileType = "compiled.mach-o.dylib"; name = libiconv.2.4.0.dylib; path = Frameworks/libiconv.2.4.0.dylib; sourceTree = "<group>"; };
		E2C495511600BEBB007FCC44 /* Decoder.h */ = {isa = PBXFileReference; fileEncoding = 4; lastKnownFileType = sourcecode.c.h; path = Decoder.h; sourceTree = "<group>"; };
		E2C495521600BEBB007FCC44 /* Exception.h */ = {isa = PBXFileReference; fileEncoding = 4; lastKnownFileType = sourcecode.c.h; path = Exception.h; sourceTree = "<group>"; };
		E2C495531600BEBB007FCC44 /* Image.h */ = {isa = PBXFileReference; fileEncoding = 4; lastKnownFileType = sourcecode.c.h; path = Image.h; sourceTree = "<group>"; };
		E2C495541600BEBB007FCC44 /* ImageScanner.h */ = {isa = PBXFileReference; fileEncoding = 4; lastKnownFileType = sourcecode.c.h; path = ImageScanner.h; sourceTree = "<group>"; };
		E2C495551600BEBB007FCC44 /* Processor.h */ = {isa = PBXFileReference; fileEncoding = 4; lastKnownFileType = sourcecode.c.h; path = Processor.h; sourceTree = "<group>"; };
		E2C495561600BEBB007FCC44 /* Scanner.h */ = {isa = PBXFileReference; fileEncoding = 4; lastKnownFileType = sourcecode.c.h; path = Scanner.h; sourceTree = "<group>"; };
		E2C495571600BEBB007FCC44 /* Symbol.h */ = {isa = PBXFileReference; fileEncoding = 4; lastKnownFileType = sourcecode.c.h; path = Symbol.h; sourceTree = "<group>"; };
		E2C495581600BEBB007FCC44 /* Video.h */ = {isa = PBXFileReference; fileEncoding = 4; lastKnownFileType = sourcecode.c.h; path = Video.h; sourceTree = "<group>"; };
		E2C495591600BEBB007FCC44 /* Window.h */ = {isa = PBXFileReference; fileEncoding = 4; lastKnownFileType = sourcecode.c.h; path = Window.h; sourceTree = "<group>"; };
		E2C4955A1600BEBB007FCC44 /* zbar.h */ = {isa = PBXFileReference; fileEncoding = 4; lastKnownFileType = sourcecode.c.h; path = zbar.h; sourceTree = "<group>"; };
		E2C4955B1600BEBB007FCC44 /* ZBarCameraSimulator.h */ = {isa = PBXFileReference; fileEncoding = 4; lastKnownFileType = sourcecode.c.h; path = ZBarCameraSimulator.h; sourceTree = "<group>"; };
		E2C4955C1600BEBB007FCC44 /* ZBarCaptureReader.h */ = {isa = PBXFileReference; fileEncoding = 4; lastKnownFileType = sourcecode.c.h; path = ZBarCaptureReader.h; sourceTree = "<group>"; };
		E2C4955D1600BEBB007FCC44 /* ZBarHelpController.h */ = {isa = PBXFileReference; fileEncoding = 4; lastKnownFileType = sourcecode.c.h; path = ZBarHelpController.h; sourceTree = "<group>"; };
		E2C4955E1600BEBB007FCC44 /* ZBarImage.h */ = {isa = PBXFileReference; fileEncoding = 4; lastKnownFileType = sourcecode.c.h; path = ZBarImage.h; sourceTree = "<group>"; };
		E2C4955F1600BEBB007FCC44 /* ZBarImageScanner.h */ = {isa = PBXFileReference; fileEncoding = 4; lastKnownFileType = sourcecode.c.h; path = ZBarImageScanner.h; sourceTree = "<group>"; };
		E2C495601600BEBB007FCC44 /* ZBarReaderController.h */ = {isa = PBXFileReference; fileEncoding = 4; lastKnownFileType = sourcecode.c.h; path = ZBarReaderController.h; sourceTree = "<group>"; };
		E2C495611600BEBB007FCC44 /* ZBarReaderView.h */ = {isa = PBXFileReference; fileEncoding = 4; lastKnownFileType = sourcecode.c.h; path = ZBarReaderView.h; sourceTree = "<group>"; };
		E2C495621600BEBB007FCC44 /* ZBarReaderViewController.h */ = {isa = PBXFileReference; fileEncoding = 4; lastKnownFileType = sourcecode.c.h; path = ZBarReaderViewController.h; sourceTree = "<group>"; };
		E2C495631600BEBB007FCC44 /* ZBarSDK.h */ = {isa = PBXFileReference; fileEncoding = 4; lastKnownFileType = sourcecode.c.h; path = ZBarSDK.h; sourceTree = "<group>"; };
		E2C495641600BEBB007FCC44 /* ZBarSymbol.h */ = {isa = PBXFileReference; fileEncoding = 4; lastKnownFileType = sourcecode.c.h; path = ZBarSymbol.h; sourceTree = "<group>"; };
		E2C495651600BEBB007FCC44 /* libzbar.a */ = {isa = PBXFileReference; lastKnownFileType = archive.ar; path = libzbar.a; sourceTree = "<group>"; };
		E2C495671600BEBB007FCC44 /* zbar-back.png */ = {isa = PBXFileReference; lastKnownFileType = image.png; path = "zbar-back.png"; sourceTree = "<group>"; };
		E2C495681600BEBB007FCC44 /* zbar-help.html */ = {isa = PBXFileReference; fileEncoding = 4; lastKnownFileType = text.html; path = "zbar-help.html"; sourceTree = "<group>"; };
		E2C495691600BEBB007FCC44 /* zbar-helpicons.png */ = {isa = PBXFileReference; lastKnownFileType = image.png; path = "zbar-helpicons.png"; sourceTree = "<group>"; };
		E2C4956A1600BEBB007FCC44 /* zbar-samples.png */ = {isa = PBXFileReference; lastKnownFileType = image.png; path = "zbar-samples.png"; sourceTree = "<group>"; };
		E2CBF67915F7985800983C98 /* nl */ = {isa = PBXFileReference; lastKnownFileType = text.plist.strings; name = nl; path = nl.lproj/Localizable.strings; sourceTree = "<group>"; };
/* End PBXFileReference section */

/* Begin PBXFrameworksBuildPhase section */
		1D60588F0D05DD3D006BFB54 /* Frameworks */ = {
			isa = PBXFrameworksBuildPhase;
			buildActionMask = 2147483647;
			files = (
				E2AB9418160726C4006F8884 /* libiconv.2.4.0.dylib in Frameworks */,
				E2AB940F1607208F006F8884 /* CoreMotion.framework in Frameworks */,
				36876BD4128BFFCC00C416F5 /* QuartzCore.framework in Frameworks */,
				3685BA2E12756566005FF922 /* MapKit.framework in Frameworks */,
				3685BA2C1275653F005FF922 /* CoreLocation.framework in Frameworks */,
				1D60589F0D05DD5A006BFB54 /* Foundation.framework in Frameworks */,
				1DF5F4E00D08C38300B7A737 /* UIKit.framework in Frameworks */,
				288765080DF74369002DB57D /* CoreGraphics.framework in Frameworks */,
				E2C4956B1600BEBB007FCC44 /* libzbar.a in Frameworks */,
				E2AB940616071F4C006F8884 /* QuartzCore.framework in Frameworks */,
				E2AB940916071F63006F8884 /* CoreMedia.framework in Frameworks */,
				E2AB940B16071F6E006F8884 /* CoreVideo.framework in Frameworks */,
				E2AB940D16071F7E006F8884 /* AVFoundation.framework in Frameworks */,
			);
			runOnlyForDeploymentPostprocessing = 0;
		};
/* End PBXFrameworksBuildPhase section */

/* Begin PBXGroup section */
		080E96DDFE201D6D7F000001 /* Classes */ = {
			isa = PBXGroup;
			children = (
				36B3DC8112B9FB3500670FCF /* MixareAppDelegate.m */,
				36B3DC8212B9FB3500670FCF /* MixareAppDelegate.h */,
				365B607B12B9F9100014850C /* gui */,
				365B605D12B9F7740014850C /* data */,
				365B605612B9F7230014850C /* reality */,
			);
			path = Classes;
			sourceTree = "<group>";
		};
		19C28FACFE9D520D11CA2CBB /* Products */ = {
			isa = PBXGroup;
			children = (
				1D6058910D05DD3D006BFB54 /* Mixare.app */,
			);
			name = Products;
			sourceTree = "<group>";
		};
		29B97314FDCFA39411CA2CEA /* Mixare */ = {
			isa = PBXGroup;
			children = (
				365C5C2E12B0FE6900E2A924 /* mixare-logo_57x57_72_dpi.png */,
				365C5C2C12B0FE5B00E2A924 /* mixare-logo_114x114_72_dpi.png */,
				3655C9AE12B0CB2700AE6540 /* Default@2x.png */,
				3655C9AC12B0CB1E00AE6540 /* Default.png */,
				080E96DDFE201D6D7F000001 /* Classes */,
				29B97315FDCFA39411CA2CEA /* Other Sources */,
				29B97317FDCFA39411CA2CEA /* Resources */,
				29B97323FDCFA39411CA2CEA /* Frameworks */,
				19C28FACFE9D520D11CA2CBB /* Products */,
			);
			name = Mixare;
			sourceTree = "<group>";
		};
		29B97315FDCFA39411CA2CEA /* Other Sources */ = {
			isa = PBXGroup;
			children = (
				36B3DC8412B9FCF100670FCF /* images */,
				28A0AB4B0D9B1048005BE974 /* Mixare_Prefix.pch */,
				29B97316FDCFA39411CA2CEA /* main.m */,
			);
			name = "Other Sources";
			sourceTree = "<group>";
		};
		29B97317FDCFA39411CA2CEA /* Resources */ = {
			isa = PBXGroup;
			children = (
				365F945D12AE737800286824 /* Localizable.strings */,
				3626B93A12840B1600B52201 /* SourceCell.xib */,
				28AD73870D9D96C1002E5188 /* MainWindow.xib */,
				36A31584128D6E15002D1C57 /* WebView.xib */,
				8D1107310486CEB800E47090 /* Mixare-Info.plist */,
			);
			name = Resources;
			sourceTree = "<group>";
		};
		29B97323FDCFA39411CA2CEA /* Frameworks */ = {
			isa = PBXGroup;
			children = (
				E2AB94101607268E006F8884 /* libiconv.2.4.0.dylib */,
				E2AB940E1607208F006F8884 /* CoreMotion.framework */,
				E2AB940C16071F7E006F8884 /* AVFoundation.framework */,
				E2AB940A16071F6E006F8884 /* CoreVideo.framework */,
				E2AB940816071F63006F8884 /* CoreMedia.framework */,
				E2AB940516071F4C006F8884 /* QuartzCore.framework */,
				36876BD3128BFFCC00C416F5 /* QuartzCore.framework */,
				3685BA2D12756566005FF922 /* MapKit.framework */,
				3685BA2B1275653F005FF922 /* CoreLocation.framework */,
				1DF5F4DF0D08C38300B7A737 /* UIKit.framework */,
				1D30AB110D05D00D00671497 /* Foundation.framework */,
				288765070DF74369002DB57D /* CoreGraphics.framework */,
			);
			name = Frameworks;
			sourceTree = "<group>";
		};
		365B605612B9F7230014850C /* reality */ = {
			isa = PBXGroup;
			children = (
				365B605712B9F7230014850C /* PhysicalPlace.h */,
				365B605812B9F7230014850C /* PhysicalPlace.m */,
				365B605912B9F7230014850C /* PoiItem.h */,
				365B605A12B9F7230014850C /* PoiItem.m */,
			);
			path = reality;
			sourceTree = "<group>";
		};
		365B605D12B9F7740014850C /* data */ = {
			isa = PBXGroup;
			children = (
				365B605E12B9F7740014850C /* DataHandler.h */,
				365B605F12B9F7740014850C /* DataHandler.m */,
				365B606012B9F7740014850C /* DataSource.h */,
				365B606112B9F7740014850C /* DataSource.m */,
				365B606212B9F7740014850C /* json */,
				365B606E12B9F7740014850C /* JsonHandler.h */,
				365B606F12B9F7740014850C /* JsonHandler.m */,
				365B607012B9F7740014850C /* XMLHandler.h */,
				365B607112B9F7740014850C /* XMLHandler.m */,
				E2C4954D1600BEBA007FCC44 /* ZBarSDK */,
			);
			path = data;
			sourceTree = "<group>";
		};
		365B606212B9F7740014850C /* json */ = {
			isa = PBXGroup;
			children = (
				365B606312B9F7740014850C /* JSON.h */,
				365B606412B9F7740014850C /* NSObject+SBJSON.h */,
				365B606512B9F7740014850C /* NSObject+SBJSON.m */,
				365B606612B9F7740014850C /* NSString+SBJSON.h */,
				365B606712B9F7740014850C /* NSString+SBJSON.m */,
				365B606812B9F7740014850C /* SBJsonBase.h */,
				365B606912B9F7740014850C /* SBJsonBase.m */,
				365B606A12B9F7740014850C /* SBJsonParser.h */,
				365B606B12B9F7740014850C /* SBJsonParser.m */,
				365B606C12B9F7740014850C /* SBJsonWriter.h */,
				365B606D12B9F7740014850C /* SBJsonWriter.m */,
			);
			path = json;
			sourceTree = "<group>";
		};
		365B607B12B9F9100014850C /* gui */ = {
			isa = PBXGroup;
			children = (
				365B607C12B9F9100014850C /* MarkerView.h */,
				365B607D12B9F9100014850C /* MarkerView.m */,
				365B607E12B9F9100014850C /* NotificationViewController.h */,
				365B607F12B9F9100014850C /* NotificationViewController.m */,
				365B608012B9F9100014850C /* radarView */,
				365B608512B9F9100014850C /* tabbarControllers */,
				365B609612B9F9100014850C /* WebViewController.h */,
				365B609712B9F9100014850C /* WebViewController.m */,
			);
			path = gui;
			sourceTree = "<group>";
		};
		365B608012B9F9100014850C /* radarView */ = {
			isa = PBXGroup;
			children = (
				365B608112B9F9100014850C /* Radar.h */,
				365B608212B9F9100014850C /* Radar.m */,
				365B608312B9F9100014850C /* RadarViewPortView.h */,
				365B608412B9F9100014850C /* RadarViewPortView.m */,
			);
			path = radarView;
			sourceTree = "<group>";
		};
		365B608512B9F9100014850C /* tabbarControllers */ = {
			isa = PBXGroup;
			children = (
				365B608612B9F9100014850C /* augmentedView */,
				365B608B12B9F9100014850C /* ListViewController.h */,
				365B608C12B9F9100014850C /* ListViewController.m */,
				365B608D12B9F9100014850C /* MapViewController.h */,
				365B608E12B9F9100014850C /* MapViewController.m */,
				365B608F12B9F9100014850C /* MoreViewController.h */,
				365B609012B9F9100014850C /* MoreViewController.m */,
				365B609112B9F9100014850C /* sourceView */,
			);
			path = tabbarControllers;
			sourceTree = "<group>";
		};
		365B608612B9F9100014850C /* augmentedView */ = {
			isa = PBXGroup;
			children = (
				365B608712B9F9100014850C /* AugmentedGeoViewController.h */,
				365B608812B9F9100014850C /* AugmentedGeoViewController.m */,
				365B608912B9F9100014850C /* AugmentedViewController.h */,
				365B608A12B9F9100014850C /* AugmentedViewController.m */,
			);
			path = augmentedView;
			sourceTree = "<group>";
		};
		365B609112B9F9100014850C /* sourceView */ = {
			isa = PBXGroup;
			children = (
				365B609212B9F9100014850C /* SourceTableCell.h */,
				365B609312B9F9100014850C /* SourceTableCell.m */,
				365B609412B9F9100014850C /* SourceViewController.h */,
				365B609512B9F9100014850C /* SourceViewController.m */,
			);
			path = sourceView;
			sourceTree = "<group>";
		};
		36B3DC8412B9FCF100670FCF /* images */ = {
			isa = PBXGroup;
			children = (
				36B3DC8512B9FCF100670FCF /* buzz_logo.png */,
				36B3DC8612B9FCF100670FCF /* buzz_logo_small.png */,
				36B3DC8712B9FCF100670FCF /* circle.png */,
				36B3DC8812B9FCF100670FCF /* logo_mixare_round.png */,
				36B3DC8912B9FCF100670FCF /* mixare_512x512px.png */,
				36B3DC8A12B9FCF100670FCF /* mixare_button.png */,
				36B3DC8B12B9FCF100670FCF /* tabbarIcons */,
				36B3DC9012B9FCF100670FCF /* twitter_logo.png */,
				36B3DC9112B9FCF100670FCF /* twitter_logo_small.png */,
				36B3DC9212B9FCF100670FCF /* wikipedia_logo.png */,
				36B3DC9312B9FCF100670FCF /* wikipedia_logo_small.png */,
			);
			path = images;
			sourceTree = "<group>";
		};
		36B3DC8B12B9FCF100670FCF /* tabbarIcons */ = {
			isa = PBXGroup;
			children = (
				3602A50212B9FE0F00B92585 /* icon_datasource.png */,
				36B3DC8C12B9FCF100670FCF /* camera.png */,
				36B3DC8D12B9FCF100670FCF /* list.png */,
				36B3DC8E12B9FCF100670FCF /* map.png */,
				36B3DC8F12B9FCF100670FCF /* source.png */,
			);
			path = tabbarIcons;
			sourceTree = "<group>";
		};
		E2C4954D1600BEBA007FCC44 /* ZBarSDK */ = {
			isa = PBXGroup;
			children = (
				E2C4954E1600BEBB007FCC44 /* Headers */,
				E2C495651600BEBB007FCC44 /* libzbar.a */,
				E2C495661600BEBB007FCC44 /* Resources */,
			);
			path = ZBarSDK;
			sourceTree = "<group>";
		};
		E2C4954E1600BEBB007FCC44 /* Headers */ = {
			isa = PBXGroup;
			children = (
				E2C4954F1600BEBB007FCC44 /* ZBarSDK */,
			);
			path = Headers;
			sourceTree = "<group>";
		};
		E2C4954F1600BEBB007FCC44 /* ZBarSDK */ = {
			isa = PBXGroup;
			children = (
				E2C495501600BEBB007FCC44 /* zbar */,
				E2C4955A1600BEBB007FCC44 /* zbar.h */,
				E2C4955B1600BEBB007FCC44 /* ZBarCameraSimulator.h */,
				E2C4955C1600BEBB007FCC44 /* ZBarCaptureReader.h */,
				E2C4955D1600BEBB007FCC44 /* ZBarHelpController.h */,
				E2C4955E1600BEBB007FCC44 /* ZBarImage.h */,
				E2C4955F1600BEBB007FCC44 /* ZBarImageScanner.h */,
				E2C495601600BEBB007FCC44 /* ZBarReaderController.h */,
				E2C495611600BEBB007FCC44 /* ZBarReaderView.h */,
				E2C495621600BEBB007FCC44 /* ZBarReaderViewController.h */,
				E2C495631600BEBB007FCC44 /* ZBarSDK.h */,
				E2C495641600BEBB007FCC44 /* ZBarSymbol.h */,
			);
			path = ZBarSDK;
			sourceTree = "<group>";
		};
		E2C495501600BEBB007FCC44 /* zbar */ = {
			isa = PBXGroup;
			children = (
				E2C495511600BEBB007FCC44 /* Decoder.h */,
				E2C495521600BEBB007FCC44 /* Exception.h */,
				E2C495531600BEBB007FCC44 /* Image.h */,
				E2C495541600BEBB007FCC44 /* ImageScanner.h */,
				E2C495551600BEBB007FCC44 /* Processor.h */,
				E2C495561600BEBB007FCC44 /* Scanner.h */,
				E2C495571600BEBB007FCC44 /* Symbol.h */,
				E2C495581600BEBB007FCC44 /* Video.h */,
				E2C495591600BEBB007FCC44 /* Window.h */,
			);
			path = zbar;
			sourceTree = "<group>";
		};
		E2C495661600BEBB007FCC44 /* Resources */ = {
			isa = PBXGroup;
			children = (
				E2C495671600BEBB007FCC44 /* zbar-back.png */,
				E2C495681600BEBB007FCC44 /* zbar-help.html */,
				E2C495691600BEBB007FCC44 /* zbar-helpicons.png */,
				E2C4956A1600BEBB007FCC44 /* zbar-samples.png */,
			);
			path = Resources;
			sourceTree = "<group>";
		};
/* End PBXGroup section */

/* Begin PBXNativeTarget section */
		1D6058900D05DD3D006BFB54 /* Mixare */ = {
			isa = PBXNativeTarget;
			buildConfigurationList = 1D6058960D05DD3E006BFB54 /* Build configuration list for PBXNativeTarget "Mixare" */;
			buildPhases = (
				1D60588D0D05DD3D006BFB54 /* Resources */,
				1D60588E0D05DD3D006BFB54 /* Sources */,
				1D60588F0D05DD3D006BFB54 /* Frameworks */,
			);
			buildRules = (
			);
			dependencies = (
			);
			name = Mixare;
			productName = Mixare;
			productReference = 1D6058910D05DD3D006BFB54 /* Mixare.app */;
			productType = "com.apple.product-type.application";
		};
/* End PBXNativeTarget section */

/* Begin PBXProject section */
		29B97313FDCFA39411CA2CEA /* Project object */ = {
			isa = PBXProject;
			attributes = {
				LastUpgradeCheck = 0420;
				ORGANIZATIONNAME = "Peer GmbH";
			};
			buildConfigurationList = C01FCF4E08A954540054247B /* Build configuration list for PBXProject "Mixare" */;
			compatibilityVersion = "Xcode 3.2";
			developmentRegion = English;
			hasScannedForEncodings = 1;
			knownRegions = (
				English,
				Japanese,
				French,
				German,
				Italian,
				it,
				de,
				nl,
			);
			mainGroup = 29B97314FDCFA39411CA2CEA /* Mixare */;
			projectDirPath = "";
			projectRoot = "";
			targets = (
				1D6058900D05DD3D006BFB54 /* Mixare */,
			);
		};
/* End PBXProject section */

/* Begin PBXResourcesBuildPhase section */
		1D60588D0D05DD3D006BFB54 /* Resources */ = {
			isa = PBXResourcesBuildPhase;
			buildActionMask = 2147483647;
			files = (
				365F947112AE7C7000286824 /* MainWindow.xib in Resources */,
				3626B93B12840B1600B52201 /* SourceCell.xib in Resources */,
				36A31585128D6E15002D1C57 /* WebView.xib in Resources */,
				365F945E12AE737800286824 /* Localizable.strings in Resources */,
				3655C9AD12B0CB1E00AE6540 /* Default.png in Resources */,
				3655C9AF12B0CB2700AE6540 /* Default@2x.png in Resources */,
				365C5C2D12B0FE5B00E2A924 /* mixare-logo_114x114_72_dpi.png in Resources */,
				365C5C2F12B0FE6900E2A924 /* mixare-logo_57x57_72_dpi.png in Resources */,
				36B3DC9412B9FCF100670FCF /* buzz_logo.png in Resources */,
				36B3DC9512B9FCF100670FCF /* buzz_logo_small.png in Resources */,
				36B3DC9612B9FCF100670FCF /* circle.png in Resources */,
				36B3DC9712B9FCF100670FCF /* logo_mixare_round.png in Resources */,
				36B3DC9812B9FCF100670FCF /* mixare_512x512px.png in Resources */,
				36B3DC9912B9FCF100670FCF /* mixare_button.png in Resources */,
				36B3DC9A12B9FCF100670FCF /* camera.png in Resources */,
				36B3DC9B12B9FCF100670FCF /* list.png in Resources */,
				36B3DC9C12B9FCF100670FCF /* map.png in Resources */,
				36B3DC9D12B9FCF100670FCF /* source.png in Resources */,
				36B3DC9E12B9FCF100670FCF /* twitter_logo.png in Resources */,
				36B3DC9F12B9FCF100670FCF /* twitter_logo_small.png in Resources */,
				36B3DCA012B9FCF100670FCF /* wikipedia_logo.png in Resources */,
				36B3DCA112B9FCF100670FCF /* wikipedia_logo_small.png in Resources */,
				3602A50312B9FE0F00B92585 /* icon_datasource.png in Resources */,
				E2C4956C1600BEBB007FCC44 /* zbar-back.png in Resources */,
				E2C4956D1600BEBB007FCC44 /* zbar-help.html in Resources */,
				E2C4956E1600BEBB007FCC44 /* zbar-helpicons.png in Resources */,
				E2C4956F1600BEBB007FCC44 /* zbar-samples.png in Resources */,
				E2AB94111607268E006F8884 /* libiconv.2.4.0.dylib in Resources */,
			);
			runOnlyForDeploymentPostprocessing = 0;
		};
/* End PBXResourcesBuildPhase section */

/* Begin PBXSourcesBuildPhase section */
		1D60588E0D05DD3D006BFB54 /* Sources */ = {
			isa = PBXSourcesBuildPhase;
			buildActionMask = 2147483647;
			files = (
				1D60589B0D05DD56006BFB54 /* main.m in Sources */,
				365B605B12B9F7230014850C /* PhysicalPlace.m in Sources */,
				365B605C12B9F7230014850C /* PoiItem.m in Sources */,
				365B607212B9F7740014850C /* DataHandler.m in Sources */,
				365B607312B9F7740014850C /* DataSource.m in Sources */,
				365B607412B9F7740014850C /* NSObject+SBJSON.m in Sources */,
				365B607512B9F7740014850C /* NSString+SBJSON.m in Sources */,
				365B607612B9F7740014850C /* SBJsonBase.m in Sources */,
				365B607712B9F7740014850C /* SBJsonParser.m in Sources */,
				365B607812B9F7740014850C /* SBJsonWriter.m in Sources */,
				365B607912B9F7740014850C /* JsonHandler.m in Sources */,
				365B607A12B9F7740014850C /* XMLHandler.m in Sources */,
				365B609812B9F9100014850C /* MarkerView.m in Sources */,
				365B609912B9F9100014850C /* NotificationViewController.m in Sources */,
				365B609A12B9F9100014850C /* Radar.m in Sources */,
				365B609B12B9F9100014850C /* RadarViewPortView.m in Sources */,
				365B609C12B9F9100014850C /* AugmentedGeoViewController.m in Sources */,
				365B609D12B9F9100014850C /* AugmentedViewController.m in Sources */,
				365B609E12B9F9100014850C /* ListViewController.m in Sources */,
				365B609F12B9F9100014850C /* MapViewController.m in Sources */,
				365B60A012B9F9100014850C /* MoreViewController.m in Sources */,
				365B60A112B9F9100014850C /* SourceTableCell.m in Sources */,
				365B60A212B9F9100014850C /* SourceViewController.m in Sources */,
				365B60A312B9F9100014850C /* WebViewController.m in Sources */,
				36B3DC8312B9FB3500670FCF /* MixareAppDelegate.m in Sources */,
			);
			runOnlyForDeploymentPostprocessing = 0;
		};
/* End PBXSourcesBuildPhase section */

/* Begin PBXVariantGroup section */
		365F945D12AE737800286824 /* Localizable.strings */ = {
			isa = PBXVariantGroup;
			children = (
				365F945A12AE735A00286824 /* English */,
				365F945F12AE738400286824 /* German */,
				365F946012AE738A00286824 /* Italian */,
				E2CBF67915F7985800983C98 /* nl */,
			);
			name = Localizable.strings;
			sourceTree = "<group>";
		};
/* End PBXVariantGroup section */

/* Begin XCBuildConfiguration section */
		1D6058940D05DD3E006BFB54 /* Debug */ = {
			isa = XCBuildConfiguration;
			buildSettings = {
				ALWAYS_SEARCH_USER_PATHS = NO;
				"CODE_SIGN_IDENTITY[sdk=iphoneos*]" = "iPhone Developer: Aswin Ly (3EK88MD753)";
				COPY_PHASE_STRIP = NO;
				FRAMEWORK_SEARCH_PATHS = (
					"$(inherited)",
					"\"$(SRCROOT)\"",
					"\"$(SRCROOT)/Frameworks\"",
				);
				GCC_DYNAMIC_NO_PIC = NO;
				GCC_OPTIMIZATION_LEVEL = 0;
				GCC_PRECOMPILE_PREFIX_HEADER = YES;
				GCC_PREFIX_HEADER = Mixare_Prefix.pch;
				INFOPLIST_FILE = "Mixare-Info.plist";
				IPHONEOS_DEPLOYMENT_TARGET = 5.0;
				LIBRARY_SEARCH_PATHS = (
					"$(inherited)",
					"\"$(SRCROOT)/Classes/data/ZBarSDK\"",
					"\"$(SRCROOT)\"",
					"\"$(SRCROOT)/Frameworks\"",
				);
				PRODUCT_NAME = Mixare;
				"PROVISIONING_PROFILE[sdk=iphoneos*]" = "8769FD00-3E0D-488A-AF04-1D46FB2804DB";
				VALIDATE_PRODUCT = YES;
			};
			name = Debug;
		};
		1D6058950D05DD3E006BFB54 /* Release */ = {
			isa = XCBuildConfiguration;
			buildSettings = {
				ALWAYS_SEARCH_USER_PATHS = NO;
				COPY_PHASE_STRIP = YES;
				FRAMEWORK_SEARCH_PATHS = (
					"$(inherited)",
					"\"$(SRCROOT)\"",
					"\"$(SRCROOT)/Frameworks\"",
				);
				GCC_PRECOMPILE_PREFIX_HEADER = YES;
				GCC_PREFIX_HEADER = Mixare_Prefix.pch;
				INFOPLIST_FILE = "Mixare-Info.plist";
				IPHONEOS_DEPLOYMENT_TARGET = 5.0;
				LIBRARY_SEARCH_PATHS = (
					"$(inherited)",
					"\"$(SRCROOT)/Classes/data/ZBarSDK\"",
					"\"$(SRCROOT)\"",
					"\"$(SRCROOT)/Frameworks\"",
				);
				PRODUCT_NAME = Mixare;
				VALIDATE_PRODUCT = YES;
			};
			name = Release;
		};
		C01FCF4F08A954540054247B /* Debug */ = {
			isa = XCBuildConfiguration;
			buildSettings = {
				ARCHS = "$(ARCHS_STANDARD_32_BIT)";
				"CODE_SIGN_IDENTITY[sdk=iphoneos*]" = "iPhone Developer";
				GCC_C_LANGUAGE_STANDARD = c99;
				GCC_VERSION = "";
				GCC_WARN_ABOUT_RETURN_TYPE = YES;
				GCC_WARN_UNUSED_VARIABLE = YES;
				IPHONEOS_DEPLOYMENT_TARGET = 5.0;
				"PROVISIONING_PROFILE[sdk=iphoneos*]" = "";
				SDKROOT = iphoneos;
				VALID_ARCHS = "armv6 armv7";
			};
			name = Debug;
		};
		C01FCF5008A954540054247B /* Release */ = {
			isa = XCBuildConfiguration;
			buildSettings = {
				ARCHS = "$(ARCHS_STANDARD_32_BIT)";
				"CODE_SIGN_IDENTITY[sdk=iphoneos*]" = "Don't Code Sign";
				GCC_C_LANGUAGE_STANDARD = c99;
				GCC_VERSION = "";
				GCC_WARN_ABOUT_RETURN_TYPE = YES;
				GCC_WARN_UNUSED_VARIABLE = YES;
				IPHONEOS_DEPLOYMENT_TARGET = 5.0;
				OTHER_CFLAGS = "-DNS_BLOCK_ASSERTIONS=1";
				"PROVISIONING_PROFILE[sdk=iphoneos*]" = "";
				SDKROOT = iphoneos;
				VALIDATE_PRODUCT = NO;
				VALID_ARCHS = "armv6 armv7";
			};
			name = Release;
		};
/* End XCBuildConfiguration section */

/* Begin XCConfigurationList section */
		1D6058960D05DD3E006BFB54 /* Build configuration list for PBXNativeTarget "Mixare" */ = {
			isa = XCConfigurationList;
			buildConfigurations = (
				1D6058940D05DD3E006BFB54 /* Debug */,
				1D6058950D05DD3E006BFB54 /* Release */,
			);
			defaultConfigurationIsVisible = 0;
			defaultConfigurationName = Debug;
		};
		C01FCF4E08A954540054247B /* Build configuration list for PBXProject "Mixare" */ = {
			isa = XCConfigurationList;
			buildConfigurations = (
				C01FCF4F08A954540054247B /* Debug */,
				C01FCF5008A954540054247B /* Release */,
			);
			defaultConfigurationIsVisible = 0;
			defaultConfigurationName = Debug;
		};
/* End XCConfigurationList section */
	};
	rootObject = 29B97313FDCFA39411CA2CEA /* Project object */;
}
